// !$*UTF8*$!
{
	archiveVersion = 1;
	classes = {
	};
	objectVersion = 39;
	objects = {
		2E4CB8810BE7526E000BA876 = {
			children = (
				2E4CBBD90BE76CAB000BA876,
				2E4CB9170BE75334000BA876,
				2E4CB9180BE75334000BA876,
				2E4CB9190BE75334000BA876,
				2E4CB91A0BE75334000BA876,
				2E4CB91B0BE75334000BA876,
				2E4CB91C0BE75334000BA876,
				2E4CB91D0BE75334000BA876,
				2E4CB91E0BE75334000BA876,
				2E4CB91F0BE75334000BA876,
				2E4CB9200BE75334000BA876,
				2E4CB9210BE75334000BA876,
				2E4CB9220BE75334000BA876,
				2E4CB9230BE75334000BA876,
				2E4CB9240BE75334000BA876,
				2E4CB9250BE75334000BA876,
				2E4CB9260BE75334000BA876,
				2E4CB9270BE75334000BA876,
				2E4CB9280BE75334000BA876,
				2E4CB9290BE75334000BA876,
				2E4CB92A0BE75334000BA876,
				2E4CB92B0BE75334000BA876,
				2E4CB92C0BE75334000BA876,
				2E4CB92D0BE75334000BA876,
				2E4CB92E0BE75334000BA876,
				2E4CB92F0BE75334000BA876,
				2E4CB9300BE75334000BA876,
				2E4CB9310BE75334000BA876,
				2E4CB9320BE75334000BA876,
				2E4CB9330BE75334000BA876,
				2E4CB9340BE75334000BA876,
				2E4CB9350BE75334000BA876,
				2E4CB9360BE75334000BA876,
				2E4CB9370BE75334000BA876,
				2E4CB8900BE752FF000BA876,
				2E4CB8910BE752FF000BA876,
				2E4CB8920BE752FF000BA876,
				2E4CB8930BE752FF000BA876,
				2E4CB8940BE752FF000BA876,
				2E4CB8950BE752FF000BA876,
				2E4CB8960BE752FF000BA876,
				2E4CB8970BE752FF000BA876,
				2E4CB8980BE752FF000BA876,
				2E4CB8990BE752FF000BA876,
				2E4CB89A0BE752FF000BA876,
				2E4CB89B0BE752FF000BA876,
				2E4CB89C0BE752FF000BA876,
				2E4CB89D0BE752FF000BA876,
				2E4CB89E0BE752FF000BA876,
				2E4CB89F0BE752FF000BA876,
				2E4CB8A00BE752FF000BA876,
				2E4CB8A10BE752FF000BA876,
				2E4CB8A20BE752FF000BA876,
				2E4CB8A30BE752FF000BA876,
				2E4CB8A40BE752FF000BA876,
				2E4CB8A50BE752FF000BA876,
				2E4CB8A60BE752FF000BA876,
				2E4CB8A70BE752FF000BA876,
				2E4CB8A80BE752FF000BA876,
				2E4CB8A90BE752FF000BA876,
				2E4CB8AA0BE752FF000BA876,
				2E4CB8AB0BE752FF000BA876,
				2E4CB8AC0BE752FF000BA876,
				2E4CB8AD0BE752FF000BA876,
				2E4CB8AE0BE752FF000BA876,
				2E4CB8AF0BE752FF000BA876,
				2E4CB8B00BE752FF000BA876,
				2E4CB8B10BE752FF000BA876,
				2E4CB8B20BE752FF000BA876,
				2E4CB8B30BE752FF000BA876,
				2E4CB8B40BE752FF000BA876,
				2E4CB8B50BE752FF000BA876,
				2E4CB8B60BE752FF000BA876,
				2E4CB8B70BE752FF000BA876,
			);
			isa = PBXGroup;
			name = HoeGame;
			refType = 4;
			sourceTree = "<group>";
		};
		2E4CB8880BE7529E000BA876 = {
			buildActionMask = 2147483647;
			files = (
				2E4CB8BA0BE752FF000BA876,
				2E4CB8D90BE752FF000BA876,
				2E4CB8DC0BE752FF000BA876,
				2E4CB8DE0BE752FF000BA876,
				2E4CB9F10BE75601000BA876,
				2E4CB9F20BE75601000BA876,
				2E4CB9F30BE75601000BA876,
				2E4CB9F40BE75601000BA876,
				2E4CB9F50BE75601000BA876,
				2E4CB9F60BE75601000BA876,
				2E4CB9F70BE75601000BA876,
				2E4CB9F80BE75601000BA876,
				2E4CB9F90BE75601000BA876,
				2E4CB9FA0BE75601000BA876,
			);
			isa = PBXHeadersBuildPhase;
			runOnlyForDeploymentPostprocessing = 0;
		};
		2E4CB8890BE7529E000BA876 = {
			buildActionMask = 2147483647;
			files = (
				2E4CB8B80BE752FF000BA876,
				2E4CB8B90BE752FF000BA876,
				2E4CB8BB0BE752FF000BA876,
				2E4CB8BC0BE752FF000BA876,
				2E4CB8BD0BE752FF000BA876,
				2E4CB8BE0BE752FF000BA876,
				2E4CB8BF0BE752FF000BA876,
				2E4CB8C00BE752FF000BA876,
				2E4CB8C10BE752FF000BA876,
				2E4CB8C20BE752FF000BA876,
				2E4CB8C30BE752FF000BA876,
				2E4CB8C40BE752FF000BA876,
				2E4CB8C50BE752FF000BA876,
				2E4CB8C60BE752FF000BA876,
				2E4CB8C70BE752FF000BA876,
				2E4CB8C80BE752FF000BA876,
				2E4CB8C90BE752FF000BA876,
				2E4CB8CB0BE752FF000BA876,
				2E4CB8CC0BE752FF000BA876,
				2E4CB8CD0BE752FF000BA876,
				2E4CB8CE0BE752FF000BA876,
				2E4CB8CF0BE752FF000BA876,
				2E4CB8D00BE752FF000BA876,
				2E4CB8D10BE752FF000BA876,
				2E4CB8D20BE752FF000BA876,
				2E4CB8D30BE752FF000BA876,
				2E4CB8D40BE752FF000BA876,
				2E4CB8D50BE752FF000BA876,
				2E4CB8D60BE752FF000BA876,
				2E4CB8D80BE752FF000BA876,
				2E4CB8DA0BE752FF000BA876,
				2E4CB8DB0BE752FF000BA876,
				2E4CB8DD0BE752FF000BA876,
				2E4CB8DF0BE752FF000BA876,
				2E4CBBDA0BE76CAB000BA876,
			);
			isa = PBXSourcesBuildPhase;
			runOnlyForDeploymentPostprocessing = 0;
		};
		2E4CB88A0BE7529E000BA876 = {
			buildPhases = (
				2E4CB8880BE7529E000BA876,
				2E4CB8890BE7529E000BA876,
			);
			buildRules = (
			);
			buildSettings = {
				GCC_MODEL_TUNING = G4;
				GCC_PREPROCESSOR_DEFINITIONS = _MACOSX;
				GCC_WARN_FOUR_CHARACTER_CONSTANTS = NO;
				GCC_WARN_UNKNOWN_PRAGMAS = NO;
				HEADER_SEARCH_PATHS = ../../Hoe3D/include;
				INSTALL_PATH = /usr/local/lib;
				LIBRARY_STYLE = STATIC;
				OPTIMIZATION_CFLAGS = "";
				OTHER_CFLAGS = "";
				OTHER_LDFLAGS = "";
				OTHER_REZFLAGS = "";
				PRODUCT_NAME = HoeGame;
				SECTORDER_FLAGS = "";
				WARNING_CFLAGS = "-Wmost";
			};
			dependencies = (
				2E4CB9C10BE75529000BA876,
				2E4CB9C30BE75529000BA876,
			);
			isa = PBXNativeTarget;
			name = HoeGame;
			productName = HoeGame;
			productReference = 2E4CB88B0BE7529E000BA876;
			productType = "com.apple.product-type.library.static";
		};
		2E4CB88B0BE7529E000BA876 = {
			explicitFileType = archive.ar;
			includeInIndex = 0;
			isa = PBXFileReference;
			path = libHoeGame.a;
			refType = 3;
			sourceTree = BUILT_PRODUCTS_DIR;
		};
		2E4CB8900BE752FF000BA876 = {
			fileEncoding = 4;
			isa = PBXFileReference;
			lastKnownFileType = sourcecode.lex;
			name = config_parser.l;
			path = ../HoeGame/src/config_parser.l;
			refType = 2;
			sourceTree = SOURCE_ROOT;
		};
		2E4CB8910BE752FF000BA876 = {
			fileEncoding = 4;
			isa = PBXFileReference;
			lastKnownFileType = sourcecode.c.c;
			name = dictionary.c;
			path = ../HoeGame/src/dictionary.c;
			refType = 2;
			sourceTree = SOURCE_ROOT;
		};
		2E4CB8920BE752FF000BA876 = {
			fileEncoding = 4;
			isa = PBXFileReference;
			lastKnownFileType = sourcecode.c.h;
			name = dictionary.h;
			path = ../HoeGame/src/dictionary.h;
			refType = 2;
			sourceTree = SOURCE_ROOT;
		};
		2E4CB8930BE752FF000BA876 = {
			fileEncoding = 4;
			isa = PBXFileReference;
			lastKnownFileType = sourcecode.cpp.cpp;
			name = hoe_adventure.cpp;
			path = ../HoeGame/src/hoe_adventure.cpp;
			refType = 2;
			sourceTree = SOURCE_ROOT;
		};
		2E4CB8940BE752FF000BA876 = {
			fileEncoding = 4;
			isa = PBXFileReference;
			lastKnownFileType = sourcecode.cpp.cpp;
			name = hoe_ai.cpp;
			path = ../HoeGame/src/hoe_ai.cpp;
			refType = 2;
			sourceTree = SOURCE_ROOT;
		};
		2E4CB8950BE752FF000BA876 = {
			fileEncoding = 4;
			isa = PBXFileReference;
			lastKnownFileType = sourcecode.cpp.cpp;
			name = hoe_app.cpp;
			path = ../HoeGame/src/hoe_app.cpp;
			refType = 2;
			sourceTree = SOURCE_ROOT;
		};
		2E4CB8960BE752FF000BA876 = {
			fileEncoding = 4;
			isa = PBXFileReference;
			lastKnownFileType = sourcecode.cpp.cpp;
			name = hoe_baseapp.cpp;
			path = ../HoeGame/src/hoe_baseapp.cpp;
			refType = 2;
			sourceTree = SOURCE_ROOT;
		};
		2E4CB8970BE752FF000BA876 = {
			fileEncoding = 4;
			isa = PBXFileReference;
			lastKnownFileType = sourcecode.cpp.cpp;
			name = hoe_benchmark.cpp;
			path = ../HoeGame/src/hoe_benchmark.cpp;
			refType = 2;
			sourceTree = SOURCE_ROOT;
		};
		2E4CB8980BE752FF000BA876 = {
			fileEncoding = 4;
			isa = PBXFileReference;
			lastKnownFileType = sourcecode.cpp.cpp;
			name = hoe_config.cpp;
			path = ../HoeGame/src/hoe_config.cpp;
			refType = 2;
			sourceTree = SOURCE_ROOT;
		};
		2E4CB8990BE752FF000BA876 = {
			fileEncoding = 4;
			isa = PBXFileReference;
			lastKnownFileType = sourcecode.cpp.cpp;
			name = hoe_console.cpp;
			path = ../HoeGame/src/hoe_console.cpp;
			refType = 2;
			sourceTree = SOURCE_ROOT;
		};
		2E4CB89A0BE752FF000BA876 = {
			fileEncoding = 4;
			isa = PBXFileReference;
			lastKnownFileType = sourcecode.cpp.cpp;
			name = hoe_engine.cpp;
			path = ../HoeGame/src/hoe_engine.cpp;
			refType = 2;
			sourceTree = SOURCE_ROOT;
		};
		2E4CB89B0BE752FF000BA876 = {
			fileEncoding = 4;
			isa = PBXFileReference;
			lastKnownFileType = sourcecode.cpp.cpp;
			name = hoe_figure2d.cpp;
			path = ../HoeGame/src/hoe_figure2d.cpp;
			refType = 2;
			sourceTree = SOURCE_ROOT;
		};
		2E4CB89C0BE752FF000BA876 = {
			fileEncoding = 4;
			isa = PBXFileReference;
			lastKnownFileType = sourcecode.cpp.cpp;
			name = hoe_fs.cpp;
			path = ../HoeGame/src/hoe_fs.cpp;
			refType = 2;
			sourceTree = SOURCE_ROOT;
		};
		2E4CB89D0BE752FF000BA876 = {
			fileEncoding = 4;
			isa = PBXFileReference;
			lastKnownFileType = sourcecode.cpp.cpp;
			name = hoe_gui.cpp;
			path = ../HoeGame/src/hoe_gui.cpp;
			refType = 2;
			sourceTree = SOURCE_ROOT;
		};
		2E4CB89E0BE752FF000BA876 = {
			fileEncoding = 4;
			isa = PBXFileReference;
			lastKnownFileType = sourcecode.cpp.cpp;
			name = hoe_input.cpp;
			path = ../HoeGame/src/hoe_input.cpp;
			refType = 2;
			sourceTree = SOURCE_ROOT;
		};
		2E4CB89F0BE752FF000BA876 = {
			fileEncoding = 4;
			isa = PBXFileReference;
			lastKnownFileType = sourcecode.cpp.cpp;
			name = hoe_inputkeys.cpp;
			path = ../HoeGame/src/hoe_inputkeys.cpp;
			refType = 2;
			sourceTree = SOURCE_ROOT;
		};
		2E4CB8A00BE752FF000BA876 = {
			fileEncoding = 4;
			isa = PBXFileReference;
			lastKnownFileType = sourcecode.cpp.cpp;
			name = hoe_land.cpp;
			path = ../HoeGame/src/hoe_land.cpp;
			refType = 2;
			sourceTree = SOURCE_ROOT;
		};
		2E4CB8A10BE752FF000BA876 = {
			fileEncoding = 4;
			isa = PBXFileReference;
			lastKnownFileType = sourcecode.cpp.cpp;
			name = hoe_lang.cpp;
			path = ../HoeGame/src/hoe_lang.cpp;
			refType = 2;
			sourceTree = SOURCE_ROOT;
		};
		2E4CB8A20BE752FF000BA876 = {
			fileEncoding = 4;
			isa = PBXFileReference;
			lastKnownFileType = sourcecode.cpp.cpp;
			name = hoe_linux.cpp;
			path = ../HoeGame/src/hoe_linux.cpp;
			refType = 2;
			sourceTree = SOURCE_ROOT;
		};
		2E4CB8A30BE752FF000BA876 = {
			fileEncoding = 4;
			isa = PBXFileReference;
			lastKnownFileType = sourcecode.cpp.cpp;
			name = hoe_mem.cpp;
			path = ../HoeGame/src/hoe_mem.cpp;
			refType = 2;
			sourceTree = SOURCE_ROOT;
		};
		2E4CB8A40BE752FF000BA876 = {
			fileEncoding = 4;
			isa = PBXFileReference;
			lastKnownFileType = sourcecode.cpp.cpp;
			name = hoe_music.cpp;
			path = ../HoeGame/src/hoe_music.cpp;
			refType = 2;
			sourceTree = SOURCE_ROOT;
		};
		2E4CB8A50BE752FF000BA876 = {
			fileEncoding = 4;
			isa = PBXFileReference;
			lastKnownFileType = sourcecode.cpp.cpp;
			name = hoe_resource_mgr.cpp;
			path = ../HoeGame/src/hoe_resource_mgr.cpp;
			refType = 2;
			sourceTree = SOURCE_ROOT;
		};
		2E4CB8A60BE752FF000BA876 = {
			fileEncoding = 4;
			isa = PBXFileReference;
			lastKnownFileType = sourcecode.cpp.cpp;
			name = hoe_scene.cpp;
			path = ../HoeGame/src/hoe_scene.cpp;
			refType = 2;
			sourceTree = SOURCE_ROOT;
		};
		2E4CB8A70BE752FF000BA876 = {
			fileEncoding = 4;
			isa = PBXFileReference;
			lastKnownFileType = sourcecode.cpp.cpp;
			name = hoe_settings.cpp;
			path = ../HoeGame/src/hoe_settings.cpp;
			refType = 2;
			sourceTree = SOURCE_ROOT;
		};
		2E4CB8A80BE752FF000BA876 = {
			fileEncoding = 4;
			isa = PBXFileReference;
			lastKnownFileType = sourcecode.cpp.cpp;
			name = hoe_strategy.cpp;
			path = ../HoeGame/src/hoe_strategy.cpp;
			refType = 2;
			sourceTree = SOURCE_ROOT;
		};
		2E4CB8A90BE752FF000BA876 = {
			fileEncoding = 4;
			isa = PBXFileReference;
			lastKnownFileType = sourcecode.cpp.cpp;
			name = hoe_stratmap.cpp;
			path = ../HoeGame/src/hoe_stratmap.cpp;
			refType = 2;
			sourceTree = SOURCE_ROOT;
		};
		2E4CB8AA0BE752FF000BA876 = {
			fileEncoding = 4;
			isa = PBXFileReference;
			lastKnownFileType = sourcecode.cpp.cpp;
			name = hoe_structfile.cpp;
			path = ../HoeGame/src/hoe_structfile.cpp;
			refType = 2;
			sourceTree = SOURCE_ROOT;
		};
		2E4CB8AB0BE752FF000BA876 = {
			fileEncoding = 4;
			isa = PBXFileReference;
			lastKnownFileType = sourcecode.cpp.cpp;
			name = hoe_timer.cpp;
			path = ../HoeGame/src/hoe_timer.cpp;
			refType = 2;
			sourceTree = SOURCE_ROOT;
		};
		2E4CB8AC0BE752FF000BA876 = {
			fileEncoding = 4;
			isa = PBXFileReference;
			lastKnownFileType = sourcecode.cpp.cpp;
			name = hoe_utils.cpp;
			path = ../HoeGame/src/hoe_utils.cpp;
			refType = 2;
			sourceTree = SOURCE_ROOT;
		};
		2E4CB8AD0BE752FF000BA876 = {
			fileEncoding = 4;
			isa = PBXFileReference;
			lastKnownFileType = sourcecode.cpp.cpp;
			name = hoe_vars.cpp;
			path = ../HoeGame/src/hoe_vars.cpp;
			refType = 2;
			sourceTree = SOURCE_ROOT;
		};
		2E4CB8AE0BE752FF000BA876 = {
			fileEncoding = 4;
			isa = PBXFileReference;
			lastKnownFileType = sourcecode.cpp.cpp;
			name = hoe_view.cpp;
			path = ../HoeGame/src/hoe_view.cpp;
			refType = 2;
			sourceTree = SOURCE_ROOT;
		};
		2E4CB8AF0BE752FF000BA876 = {
			fileEncoding = 4;
			isa = PBXFileReference;
			lastKnownFileType = sourcecode.cpp.cpp;
			name = hoe_win32.cpp;
			path = ../HoeGame/src/hoe_win32.cpp;
			refType = 2;
			sourceTree = SOURCE_ROOT;
		};
		2E4CB8B00BE752FF000BA876 = {
			fileEncoding = 4;
			isa = PBXFileReference;
			lastKnownFileType = sourcecode.c.c;
			name = iniparser.c;
			path = ../HoeGame/src/iniparser.c;
			refType = 2;
			sourceTree = SOURCE_ROOT;
		};
		2E4CB8B10BE752FF000BA876 = {
			fileEncoding = 4;
			isa = PBXFileReference;
			lastKnownFileType = sourcecode.c.h;
			name = iniparser.h;
			path = ../HoeGame/src/iniparser.h;
			refType = 2;
			sourceTree = SOURCE_ROOT;
		};
		2E4CB8B20BE752FF000BA876 = {
			fileEncoding = 4;
			isa = PBXFileReference;
			lastKnownFileType = sourcecode.lex;
			name = lang_parser.l;
			path = ../HoeGame/src/lang_parser.l;
			refType = 2;
			sourceTree = SOURCE_ROOT;
		};
		2E4CB8B30BE752FF000BA876 = {
			fileEncoding = 4;
			isa = PBXFileReference;
			lastKnownFileType = sourcecode.cpp.cpp;
			name = lua_script.cpp;
			path = ../HoeGame/src/lua_script.cpp;
			refType = 2;
			sourceTree = SOURCE_ROOT;
		};
		2E4CB8B40BE752FF000BA876 = {
			fileEncoding = 4;
			isa = PBXFileReference;
			lastKnownFileType = sourcecode.c.h;
			name = StdAfx.h;
			path = ../HoeGame/src/StdAfx.h;
			refType = 2;
			sourceTree = SOURCE_ROOT;
		};
		2E4CB8B50BE752FF000BA876 = {
			fileEncoding = 4;
			isa = PBXFileReference;
			lastKnownFileType = sourcecode.c.c;
			name = strlib.c;
			path = ../HoeGame/src/strlib.c;
			refType = 2;
			sourceTree = SOURCE_ROOT;
		};
		2E4CB8B60BE752FF000BA876 = {
			fileEncoding = 4;
			isa = PBXFileReference;
			lastKnownFileType = sourcecode.c.h;
			name = strlib.h;
			path = ../HoeGame/src/strlib.h;
			refType = 2;
			sourceTree = SOURCE_ROOT;
		};
		2E4CB8B70BE752FF000BA876 = {
			fileEncoding = 4;
			isa = PBXFileReference;
			lastKnownFileType = sourcecode.lex;
			name = structfile_parser.l;
			path = ../HoeGame/src/structfile_parser.l;
			refType = 2;
			sourceTree = SOURCE_ROOT;
		};
		2E4CB8B80BE752FF000BA876 = {
			fileRef = 2E4CB8900BE752FF000BA876;
			isa = PBXBuildFile;
			settings = {
			};
		};
		2E4CB8B90BE752FF000BA876 = {
			fileRef = 2E4CB8910BE752FF000BA876;
			isa = PBXBuildFile;
			settings = {
			};
		};
		2E4CB8BA0BE752FF000BA876 = {
			fileRef = 2E4CB8920BE752FF000BA876;
			isa = PBXBuildFile;
			settings = {
			};
		};
		2E4CB8BB0BE752FF000BA876 = {
			fileRef = 2E4CB8930BE752FF000BA876;
			isa = PBXBuildFile;
			settings = {
			};
		};
		2E4CB8BC0BE752FF000BA876 = {
			fileRef = 2E4CB8940BE752FF000BA876;
			isa = PBXBuildFile;
			settings = {
			};
		};
		2E4CB8BD0BE752FF000BA876 = {
			fileRef = 2E4CB8950BE752FF000BA876;
			isa = PBXBuildFile;
			settings = {
			};
		};
		2E4CB8BE0BE752FF000BA876 = {
			fileRef = 2E4CB8960BE752FF000BA876;
			isa = PBXBuildFile;
			settings = {
			};
		};
		2E4CB8BF0BE752FF000BA876 = {
			fileRef = 2E4CB8970BE752FF000BA876;
			isa = PBXBuildFile;
			settings = {
			};
		};
		2E4CB8C00BE752FF000BA876 = {
			fileRef = 2E4CB8980BE752FF000BA876;
			isa = PBXBuildFile;
			settings = {
			};
		};
		2E4CB8C10BE752FF000BA876 = {
			fileRef = 2E4CB8990BE752FF000BA876;
			isa = PBXBuildFile;
			settings = {
			};
		};
		2E4CB8C20BE752FF000BA876 = {
			fileRef = 2E4CB89A0BE752FF000BA876;
			isa = PBXBuildFile;
			settings = {
			};
		};
		2E4CB8C30BE752FF000BA876 = {
			fileRef = 2E4CB89B0BE752FF000BA876;
			isa = PBXBuildFile;
			settings = {
			};
		};
		2E4CB8C40BE752FF000BA876 = {
			fileRef = 2E4CB89C0BE752FF000BA876;
			isa = PBXBuildFile;
			settings = {
			};
		};
		2E4CB8C50BE752FF000BA876 = {
			fileRef = 2E4CB89D0BE752FF000BA876;
			isa = PBXBuildFile;
			settings = {
			};
		};
		2E4CB8C60BE752FF000BA876 = {
			fileRef = 2E4CB89E0BE752FF000BA876;
			isa = PBXBuildFile;
			settings = {
			};
		};
		2E4CB8C70BE752FF000BA876 = {
			fileRef = 2E4CB89F0BE752FF000BA876;
			isa = PBXBuildFile;
			settings = {
			};
		};
		2E4CB8C80BE752FF000BA876 = {
			fileRef = 2E4CB8A00BE752FF000BA876;
			isa = PBXBuildFile;
			settings = {
			};
		};
		2E4CB8C90BE752FF000BA876 = {
			fileRef = 2E4CB8A10BE752FF000BA876;
			isa = PBXBuildFile;
			settings = {
			};
		};
		2E4CB8CB0BE752FF000BA876 = {
			fileRef = 2E4CB8A30BE752FF000BA876;
			isa = PBXBuildFile;
			settings = {
			};
		};
		2E4CB8CC0BE752FF000BA876 = {
			fileRef = 2E4CB8A40BE752FF000BA876;
			isa = PBXBuildFile;
			settings = {
			};
		};
		2E4CB8CD0BE752FF000BA876 = {
			fileRef = 2E4CB8A50BE752FF000BA876;
			isa = PBXBuildFile;
			settings = {
			};
		};
		2E4CB8CE0BE752FF000BA876 = {
			fileRef = 2E4CB8A60BE752FF000BA876;
			isa = PBXBuildFile;
			settings = {
			};
		};
		2E4CB8CF0BE752FF000BA876 = {
			fileRef = 2E4CB8A70BE752FF000BA876;
			isa = PBXBuildFile;
			settings = {
			};
		};
		2E4CB8D00BE752FF000BA876 = {
			fileRef = 2E4CB8A80BE752FF000BA876;
			isa = PBXBuildFile;
			settings = {
			};
		};
		2E4CB8D10BE752FF000BA876 = {
			fileRef = 2E4CB8A90BE752FF000BA876;
			isa = PBXBuildFile;
			settings = {
			};
		};
		2E4CB8D20BE752FF000BA876 = {
			fileRef = 2E4CB8AA0BE752FF000BA876;
			isa = PBXBuildFile;
			settings = {
			};
		};
		2E4CB8D30BE752FF000BA876 = {
			fileRef = 2E4CB8AB0BE752FF000BA876;
			isa = PBXBuildFile;
			settings = {
			};
		};
		2E4CB8D40BE752FF000BA876 = {
			fileRef = 2E4CB8AC0BE752FF000BA876;
			isa = PBXBuildFile;
			settings = {
			};
		};
		2E4CB8D50BE752FF000BA876 = {
			fileRef = 2E4CB8AD0BE752FF000BA876;
			isa = PBXBuildFile;
			settings = {
			};
		};
		2E4CB8D60BE752FF000BA876 = {
			fileRef = 2E4CB8AE0BE752FF000BA876;
			isa = PBXBuildFile;
			settings = {
			};
		};
		2E4CB8D80BE752FF000BA876 = {
			fileRef = 2E4CB8B00BE752FF000BA876;
			isa = PBXBuildFile;
			settings = {
			};
		};
		2E4CB8D90BE752FF000BA876 = {
			fileRef = 2E4CB8B10BE752FF000BA876;
			isa = PBXBuildFile;
			settings = {
			};
		};
		2E4CB8DA0BE752FF000BA876 = {
			fileRef = 2E4CB8B20BE752FF000BA876;
			isa = PBXBuildFile;
			settings = {
			};
		};
		2E4CB8DB0BE752FF000BA876 = {
			fileRef = 2E4CB8B30BE752FF000BA876;
			isa = PBXBuildFile;
			settings = {
			};
		};
		2E4CB8DC0BE752FF000BA876 = {
			fileRef = 2E4CB8B40BE752FF000BA876;
			isa = PBXBuildFile;
			settings = {
			};
		};
		2E4CB8DD0BE752FF000BA876 = {
			fileRef = 2E4CB8B50BE752FF000BA876;
			isa = PBXBuildFile;
			settings = {
			};
		};
		2E4CB8DE0BE752FF000BA876 = {
			fileRef = 2E4CB8B60BE752FF000BA876;
			isa = PBXBuildFile;
			settings = {
			};
		};
		2E4CB8DF0BE752FF000BA876 = {
			fileRef = 2E4CB8B70BE752FF000BA876;
			isa = PBXBuildFile;
			settings = {
			};
		};
		2E4CB9170BE75334000BA876 = {
			fileEncoding = 4;
			isa = PBXFileReference;
			lastKnownFileType = sourcecode.c.h;
			name = bassmod.h;
			path = ../HoeGame/include/bassmod.h;
			refType = 2;
			sourceTree = SOURCE_ROOT;
		};
		2E4CB9180BE75334000BA876 = {
			fileEncoding = 4;
			isa = PBXFileReference;
			lastKnownFileType = sourcecode.c.h;
			name = hoe_adventure.h;
			path = ../HoeGame/include/hoe_adventure.h;
			refType = 2;
			sourceTree = SOURCE_ROOT;
		};
		2E4CB9190BE75334000BA876 = {
			fileEncoding = 4;
			isa = PBXFileReference;
			lastKnownFileType = sourcecode.c.h;
			name = hoe_ai.h;
			path = ../HoeGame/include/hoe_ai.h;
			refType = 2;
			sourceTree = SOURCE_ROOT;
		};
		2E4CB91A0BE75334000BA876 = {
			fileEncoding = 4;
			isa = PBXFileReference;
			lastKnownFileType = sourcecode.c.h;
			name = hoe_app.h;
			path = ../HoeGame/include/hoe_app.h;
			refType = 2;
			sourceTree = SOURCE_ROOT;
		};
		2E4CB91B0BE75334000BA876 = {
			fileEncoding = 4;
			isa = PBXFileReference;
			lastKnownFileType = sourcecode.c.h;
			name = hoe_baseapp.h;
			path = ../HoeGame/include/hoe_baseapp.h;
			refType = 2;
			sourceTree = SOURCE_ROOT;
		};
		2E4CB91C0BE75334000BA876 = {
			fileEncoding = 4;
			isa = PBXFileReference;
			lastKnownFileType = sourcecode.c.h;
			name = hoe_benchmark.h;
			path = ../HoeGame/include/hoe_benchmark.h;
			refType = 2;
			sourceTree = SOURCE_ROOT;
		};
		2E4CB91D0BE75334000BA876 = {
			fileEncoding = 4;
			isa = PBXFileReference;
			lastKnownFileType = sourcecode.c.h;
			name = hoe_config.h;
			path = ../HoeGame/include/hoe_config.h;
			refType = 2;
			sourceTree = SOURCE_ROOT;
		};
		2E4CB91E0BE75334000BA876 = {
			fileEncoding = 4;
			isa = PBXFileReference;
			lastKnownFileType = sourcecode.c.h;
			name = hoe_console.h;
			path = ../HoeGame/include/hoe_console.h;
			refType = 2;
			sourceTree = SOURCE_ROOT;
		};
		2E4CB91F0BE75334000BA876 = {
			fileEncoding = 4;
			isa = PBXFileReference;
			lastKnownFileType = sourcecode.c.h;
			name = hoe_engine.h;
			path = ../HoeGame/include/hoe_engine.h;
			refType = 2;
			sourceTree = SOURCE_ROOT;
		};
		2E4CB9200BE75334000BA876 = {
			fileEncoding = 4;
			isa = PBXFileReference;
			lastKnownFileType = sourcecode.c.h;
			name = hoe_figure2d.h;
			path = ../HoeGame/include/hoe_figure2d.h;
			refType = 2;
			sourceTree = SOURCE_ROOT;
		};
		2E4CB9210BE75334000BA876 = {
			fileEncoding = 4;
			isa = PBXFileReference;
			lastKnownFileType = sourcecode.c.h;
			name = hoe_fs.h;
			path = ../HoeGame/include/hoe_fs.h;
			refType = 2;
			sourceTree = SOURCE_ROOT;
		};
		2E4CB9220BE75334000BA876 = {
			fileEncoding = 4;
			isa = PBXFileReference;
			lastKnownFileType = sourcecode.c.h;
			name = hoe_game.h;
			path = ../HoeGame/include/hoe_game.h;
			refType = 2;
			sourceTree = SOURCE_ROOT;
		};
		2E4CB9230BE75334000BA876 = {
			fileEncoding = 4;
			isa = PBXFileReference;
			lastKnownFileType = sourcecode.c.h;
			name = hoe_gui.h;
			path = ../HoeGame/include/hoe_gui.h;
			refType = 2;
			sourceTree = SOURCE_ROOT;
		};
		2E4CB9240BE75334000BA876 = {
			fileEncoding = 4;
			isa = PBXFileReference;
			lastKnownFileType = sourcecode.c.h;
			name = hoe_input.h;
			path = ../HoeGame/include/hoe_input.h;
			refType = 2;
			sourceTree = SOURCE_ROOT;
		};
		2E4CB9250BE75334000BA876 = {
			fileEncoding = 4;
			isa = PBXFileReference;
			lastKnownFileType = sourcecode.c.h;
			name = hoe_inputkeys.h;
			path = ../HoeGame/include/hoe_inputkeys.h;
			refType = 2;
			sourceTree = SOURCE_ROOT;
		};
		2E4CB9260BE75334000BA876 = {
			fileEncoding = 4;
			isa = PBXFileReference;
			lastKnownFileType = sourcecode.c.h;
			name = hoe_land.h;
			path = ../HoeGame/include/hoe_land.h;
			refType = 2;
			sourceTree = SOURCE_ROOT;
		};
		2E4CB9270BE75334000BA876 = {
			fileEncoding = 4;
			isa = PBXFileReference;
			lastKnownFileType = sourcecode.c.h;
			name = hoe_lang.h;
			path = ../HoeGame/include/hoe_lang.h;
			refType = 2;
			sourceTree = SOURCE_ROOT;
		};
		2E4CB9280BE75334000BA876 = {
			fileEncoding = 4;
			isa = PBXFileReference;
			lastKnownFileType = sourcecode.c.h;
			name = hoe_linux.h;
			path = ../HoeGame/include/hoe_linux.h;
			refType = 2;
			sourceTree = SOURCE_ROOT;
		};
		2E4CB9290BE75334000BA876 = {
			fileEncoding = 4;
			isa = PBXFileReference;
			lastKnownFileType = sourcecode.c.h;
			name = hoe_mem.h;
			path = ../HoeGame/include/hoe_mem.h;
			refType = 2;
			sourceTree = SOURCE_ROOT;
		};
		2E4CB92A0BE75334000BA876 = {
			fileEncoding = 4;
			isa = PBXFileReference;
			lastKnownFileType = sourcecode.c.h;
			name = hoe_music.h;
			path = ../HoeGame/include/hoe_music.h;
			refType = 2;
			sourceTree = SOURCE_ROOT;
		};
		2E4CB92B0BE75334000BA876 = {
			fileEncoding = 4;
			isa = PBXFileReference;
			lastKnownFileType = sourcecode.c.h;
			name = hoe_object.h;
			path = ../HoeGame/include/hoe_object.h;
			refType = 2;
			sourceTree = SOURCE_ROOT;
		};
		2E4CB92C0BE75334000BA876 = {
			fileEncoding = 4;
			isa = PBXFileReference;
			lastKnownFileType = sourcecode.c.h;
			name = hoe_resource_mgr.h;
			path = ../HoeGame/include/hoe_resource_mgr.h;
			refType = 2;
			sourceTree = SOURCE_ROOT;
		};
		2E4CB92D0BE75334000BA876 = {
			fileEncoding = 4;
			isa = PBXFileReference;
			lastKnownFileType = sourcecode.c.h;
			name = hoe_scene.h;
			path = ../HoeGame/include/hoe_scene.h;
			refType = 2;
			sourceTree = SOURCE_ROOT;
		};
		2E4CB92E0BE75334000BA876 = {
			fileEncoding = 4;
			isa = PBXFileReference;
			lastKnownFileType = sourcecode.c.h;
			name = hoe_settings.h;
			path = ../HoeGame/include/hoe_settings.h;
			refType = 2;
			sourceTree = SOURCE_ROOT;
		};
		2E4CB92F0BE75334000BA876 = {
			fileEncoding = 4;
			isa = PBXFileReference;
			lastKnownFileType = sourcecode.c.h;
			name = hoe_strategy.h;
			path = ../HoeGame/include/hoe_strategy.h;
			refType = 2;
			sourceTree = SOURCE_ROOT;
		};
		2E4CB9300BE75334000BA876 = {
			fileEncoding = 4;
			isa = PBXFileReference;
			lastKnownFileType = sourcecode.c.h;
			name = hoe_stratmap.h;
			path = ../HoeGame/include/hoe_stratmap.h;
			refType = 2;
			sourceTree = SOURCE_ROOT;
		};
		2E4CB9310BE75334000BA876 = {
			fileEncoding = 4;
			isa = PBXFileReference;
			lastKnownFileType = sourcecode.c.h;
			name = hoe_structfile.h;
			path = ../HoeGame/include/hoe_structfile.h;
			refType = 2;
			sourceTree = SOURCE_ROOT;
		};
		2E4CB9320BE75334000BA876 = {
			fileEncoding = 4;
			isa = PBXFileReference;
			lastKnownFileType = sourcecode.c.h;
			name = hoe_timer.h;
			path = ../HoeGame/include/hoe_timer.h;
			refType = 2;
			sourceTree = SOURCE_ROOT;
		};
		2E4CB9330BE75334000BA876 = {
			fileEncoding = 4;
			isa = PBXFileReference;
			lastKnownFileType = sourcecode.c.h;
			name = hoe_utils.h;
			path = ../HoeGame/include/hoe_utils.h;
			refType = 2;
			sourceTree = SOURCE_ROOT;
		};
		2E4CB9340BE75334000BA876 = {
			fileEncoding = 4;
			isa = PBXFileReference;
			lastKnownFileType = sourcecode.c.h;
			name = hoe_vars.h;
			path = ../HoeGame/include/hoe_vars.h;
			refType = 2;
			sourceTree = SOURCE_ROOT;
		};
		2E4CB9350BE75334000BA876 = {
			fileEncoding = 4;
			isa = PBXFileReference;
			lastKnownFileType = sourcecode.c.h;
			name = hoe_view.h;
			path = ../HoeGame/include/hoe_view.h;
			refType = 2;
			sourceTree = SOURCE_ROOT;
		};
		2E4CB9360BE75334000BA876 = {
			fileEncoding = 4;
			isa = PBXFileReference;
			lastKnownFileType = sourcecode.c.h;
			name = hoe_win32.h;
			path = ../HoeGame/include/hoe_win32.h;
			refType = 2;
			sourceTree = SOURCE_ROOT;
		};
		2E4CB9370BE75334000BA876 = {
			fileEncoding = 4;
			isa = PBXFileReference;
			lastKnownFileType = sourcecode.c.h;
			name = lua_script.h;
			path = ../HoeGame/include/lua_script.h;
			refType = 2;
			sourceTree = SOURCE_ROOT;
		};
		2E4CB9C00BE75529000BA876 = {
			containerPortal = 2E84D24B0BE68A3400DA51A1;
			isa = PBXContainerItemProxy;
			proxyType = 1;
			remoteGlobalIDString = 2E84D2670BE68B8400DA51A1;
			remoteInfo = HoeCore;
		};
		2E4CB9C10BE75529000BA876 = {
			isa = PBXTargetDependency;
			target = 2E84D2670BE68B8400DA51A1;
			targetProxy = 2E4CB9C00BE75529000BA876;
		};
		2E4CB9C20BE75529000BA876 = {
			containerPortal = 2E84D24B0BE68A3400DA51A1;
			isa = PBXContainerItemProxy;
			proxyType = 1;
			remoteGlobalIDString = 2E7E50830BE6ABDE0035D983;
			remoteInfo = Hoe3D;
		};
		2E4CB9C30BE75529000BA876 = {
			isa = PBXTargetDependency;
			target = 2E7E50830BE6ABDE0035D983;
			targetProxy = 2E4CB9C20BE75529000BA876;
		};
		2E4CB9C50BE75551000BA876 = {
			containerPortal = 2E84D24B0BE68A3400DA51A1;
			isa = PBXContainerItemProxy;
			proxyType = 1;
			remoteGlobalIDString = 2E84D2670BE68B8400DA51A1;
			remoteInfo = HoeCore;
		};
		2E4CB9C60BE75551000BA876 = {
			isa = PBXTargetDependency;
			target = 2E84D2670BE68B8400DA51A1;
			targetProxy = 2E4CB9C50BE75551000BA876;
		};
		2E4CB9E30BE755E2000BA876 = {
			children = (
				2E4CB9E70BE75601000BA876,
				2E4CB9E80BE75601000BA876,
				2E4CB9E90BE75601000BA876,
				2E4CB9EA0BE75601000BA876,
				2E4CB9EB0BE75601000BA876,
				2E4CB9EC0BE75601000BA876,
				2E4CB9ED0BE75601000BA876,
				2E4CB9EE0BE75601000BA876,
				2E4CB9EF0BE75601000BA876,
				2E4CB9F00BE75601000BA876,
			);
			isa = PBXGroup;
			name = Interface;
			refType = 4;
			sourceTree = "<group>";
		};
		2E4CB9E70BE75601000BA876 = {
			fileEncoding = 4;
			isa = PBXFileReference;
			lastKnownFileType = sourcecode.c.h;
			name = hoe3d.h;
			path = ../Hoe3D/include/hoe3d.h;
			refType = 2;
			sourceTree = SOURCE_ROOT;
		};
		2E4CB9E80BE75601000BA876 = {
			fileEncoding = 4;
			isa = PBXFileReference;
			lastKnownFileType = sourcecode.c.h;
			name = hoeelements.h;
			path = ../Hoe3D/include/hoeelements.h;
			refType = 2;
			sourceTree = SOURCE_ROOT;
		};
		2E4CB9E90BE75601000BA876 = {
			fileEncoding = 4;
			isa = PBXFileReference;
			lastKnownFileType = sourcecode.c.h;
			name = hoefs.h;
			path = ../Hoe3D/include/hoefs.h;
			refType = 2;
			sourceTree = SOURCE_ROOT;
		};
		2E4CB9EA0BE75601000BA876 = {
			fileEncoding = 4;
			isa = PBXFileReference;
			lastKnownFileType = sourcecode.c.h;
			name = hoeinput.h;
			path = ../Hoe3D/include/hoeinput.h;
			refType = 2;
			sourceTree = SOURCE_ROOT;
		};
		2E4CB9EB0BE75601000BA876 = {
			fileEncoding = 4;
			isa = PBXFileReference;
			lastKnownFileType = sourcecode.c.h;
			name = hoeinputkeys.h;
			path = ../Hoe3D/include/hoeinputkeys.h;
			refType = 2;
			sourceTree = SOURCE_ROOT;
		};
		2E4CB9EC0BE75601000BA876 = {
			fileEncoding = 4;
			isa = PBXFileReference;
			lastKnownFileType = sourcecode.c.h;
			name = hoeinterfaces.h;
			path = ../Hoe3D/include/hoeinterfaces.h;
			refType = 2;
			sourceTree = SOURCE_ROOT;
		};
		2E4CB9ED0BE75601000BA876 = {
			fileEncoding = 4;
			isa = PBXFileReference;
			lastKnownFileType = sourcecode.c.h;
			name = hoeobject.h;
			path = ../Hoe3D/include/hoeobject.h;
			refType = 2;
			sourceTree = SOURCE_ROOT;
		};
		2E4CB9EE0BE75601000BA876 = {
			fileEncoding = 4;
			isa = PBXFileReference;
			lastKnownFileType = sourcecode.c.h;
			name = hoeresources.h;
			path = ../Hoe3D/include/hoeresources.h;
			refType = 2;
			sourceTree = SOURCE_ROOT;
		};
		2E4CB9EF0BE75601000BA876 = {
			fileEncoding = 4;
			isa = PBXFileReference;
			lastKnownFileType = sourcecode.c.h;
			name = hoescene.h;
			path = ../Hoe3D/include/hoescene.h;
			refType = 2;
			sourceTree = SOURCE_ROOT;
		};
		2E4CB9F00BE75601000BA876 = {
			fileEncoding = 4;
			isa = PBXFileReference;
			lastKnownFileType = sourcecode.c.h;
			name = hoesystems.h;
			path = ../Hoe3D/include/hoesystems.h;
			refType = 2;
			sourceTree = SOURCE_ROOT;
		};
		2E4CB9F10BE75601000BA876 = {
			fileRef = 2E4CB9E70BE75601000BA876;
			isa = PBXBuildFile;
			settings = {
			};
		};
		2E4CB9F20BE75601000BA876 = {
			fileRef = 2E4CB9E80BE75601000BA876;
			isa = PBXBuildFile;
			settings = {
			};
		};
		2E4CB9F30BE75601000BA876 = {
			fileRef = 2E4CB9E90BE75601000BA876;
			isa = PBXBuildFile;
			settings = {
			};
		};
		2E4CB9F40BE75601000BA876 = {
			fileRef = 2E4CB9EA0BE75601000BA876;
			isa = PBXBuildFile;
			settings = {
			};
		};
		2E4CB9F50BE75601000BA876 = {
			fileRef = 2E4CB9EB0BE75601000BA876;
			isa = PBXBuildFile;
			settings = {
			};
		};
		2E4CB9F60BE75601000BA876 = {
			fileRef = 2E4CB9EC0BE75601000BA876;
			isa = PBXBuildFile;
			settings = {
			};
		};
		2E4CB9F70BE75601000BA876 = {
			fileRef = 2E4CB9ED0BE75601000BA876;
			isa = PBXBuildFile;
			settings = {
			};
		};
		2E4CB9F80BE75601000BA876 = {
			fileRef = 2E4CB9EE0BE75601000BA876;
			isa = PBXBuildFile;
			settings = {
			};
		};
		2E4CB9F90BE75601000BA876 = {
			fileRef = 2E4CB9EF0BE75601000BA876;
			isa = PBXBuildFile;
			settings = {
			};
		};
		2E4CB9FA0BE75601000BA876 = {
			fileRef = 2E4CB9F00BE75601000BA876;
			isa = PBXBuildFile;
			settings = {
			};
		};
		2E4CBBD90BE76CAB000BA876 = {
			fileEncoding = 4;
			isa = PBXFileReference;
			lastKnownFileType = sourcecode.cpp.cpp;
			name = hoe_macosx.cpp;
			path = ../HoeGame/src/hoe_macosx.cpp;
			refType = 2;
			sourceTree = SOURCE_ROOT;
		};
		2E4CBBDA0BE76CAB000BA876 = {
			fileRef = 2E4CBBD90BE76CAB000BA876;
			isa = PBXBuildFile;
			settings = {
			};
		};
		2E7E50810BE6ABDE0035D983 = {
			buildActionMask = 2147483647;
			files = (
			);
			isa = PBXHeadersBuildPhase;
			runOnlyForDeploymentPostprocessing = 0;
		};
		2E7E50820BE6ABDE0035D983 = {
			buildActionMask = 2147483647;
			files = (
				2E7E51230BE6ACF00035D983,
				2E7E51240BE6ACF00035D983,
				2E7E51250BE6ACF00035D983,
				2E7E51260BE6ACF00035D983,
				2E7E51270BE6ACF00035D983,
				2E7E51280BE6ACF00035D983,
				2E7E51290BE6ACF00035D983,
				2E7E512C0BE6ACF00035D983,
				2E7E512D0BE6ACF00035D983,
				2E7E512E0BE6ACF00035D983,
				2E7E512F0BE6ACF00035D983,
				2E7E51300BE6ACF00035D983,
				2E7E51310BE6ACF00035D983,
				2E7E51320BE6ACF00035D983,
				2E7E51330BE6ACF00035D983,
				2E7E51340BE6ACF00035D983,
				2E7E51350BE6ACF00035D983,
				2E7E51360BE6ACF00035D983,
				2E7E51370BE6ACF00035D983,
				2E7E51380BE6ACF00035D983,
				2E7E51390BE6ACF00035D983,
				2E7E513A0BE6ACF00035D983,
				2E7E513B0BE6ACF00035D983,
				2E7E513C0BE6ACF00035D983,
				2E7E513D0BE6ACF00035D983,
				2E7E513E0BE6ACF00035D983,
				2E7E513F0BE6ACF00035D983,
				2E7E51400BE6ACF00035D983,
				2E7E51410BE6ACF00035D983,
				2E7E51420BE6ACF00035D983,
				2E7E51430BE6ACF00035D983,
				2E7E51440BE6ACF00035D983,
				2E7E51450BE6ACF00035D983,
				2E7E51460BE6ACF00035D983,
				2E7E51470BE6ACF00035D983,
				2E7E51480BE6ACF00035D983,
				2E7E51490BE6ACF00035D983,
				2E7E514A0BE6ACF00035D983,
				2E7E51500BE6ACF00035D983,
				2E7E51510BE6ACF00035D983,
				2E7E51520BE6ACF00035D983,
				2E7E51530BE6ACF00035D983,
				2E7E51540BE6ACF00035D983,
				2E7E51550BE6ACF10035D983,
				2E7E51560BE6ACF10035D983,
				2E7E51570BE6ACF10035D983,
				2E7E51580BE6ACF10035D983,
				2E7E51590BE6ACF10035D983,
				2E7E515A0BE6ACF10035D983,
				2E7E515B0BE6ACF10035D983,
				2E7E515C0BE6ACF10035D983,
				2E7E515D0BE6ACF10035D983,
				2E7E515E0BE6ACF10035D983,
				2E7E515F0BE6ACF10035D983,
				2E7E51600BE6ACF10035D983,
				2E7E51610BE6ACF10035D983,
				2E7E51620BE6ACF10035D983,
				2E7E51630BE6ACF10035D983,
				2E7E51640BE6ACF10035D983,
				2E7E51650BE6ACF10035D983,
				2E7E51660BE6ACF10035D983,
				2E7E51670BE6ACF10035D983,
				2E7E51680BE6ACF10035D983,
				2E7E51690BE6ACF10035D983,
				2E7E516A0BE6ACF10035D983,
				2E7E516B0BE6ACF10035D983,
				2E7E516C0BE6ACF10035D983,
				2E7E516D0BE6ACF10035D983,
				2E7E516E0BE6ACF10035D983,
				2E7E516F0BE6ACF10035D983,
				2E7E51700BE6ACF10035D983,
				2E7E51710BE6ACF10035D983,
				2E7E51720BE6ACF10035D983,
				2E7E51730BE6ACF10035D983,
				2E7E51740BE6ACF10035D983,
				2E7E51770BE6ACF10035D983,
				2E7E51780BE6ACF10035D983,
				2E7E51790BE6ACF10035D983,
				2E7E517A0BE6ACF10035D983,
				2E7E517D0BE6ACF10035D983,
				2E7E517E0BE6ACF10035D983,
				2E7E517F0BE6ACF10035D983,
				2E7E51800BE6ACF10035D983,
				2E7E51880BE6ACF10035D983,
				2E7E51890BE6ACF10035D983,
				2E7E518A0BE6ACF10035D983,
				2E7E518B0BE6ACF10035D983,
				2E7E518C0BE6ACF10035D983,
				2E7E518D0BE6ACF10035D983,
				2E7E518E0BE6ACF10035D983,
				2E7E518F0BE6ACF10035D983,
				2E7E51900BE6ACF10035D983,
				2E7E51910BE6ACF10035D983,
				2E7E51920BE6ACF10035D983,
				2E7E51930BE6ACF10035D983,
				2E7E51940BE6ACF10035D983,
				2E7E51950BE6ACF10035D983,
				2E7E51960BE6ACF10035D983,
				2E7E51970BE6ACF10035D983,
				2E7E51980BE6ACF10035D983,
				2E7E51990BE6ACF10035D983,
				2E7E519A0BE6ACF10035D983,
				2E7E519B0BE6ACF10035D983,
				2E7E519C0BE6ACF10035D983,
				2E7E519D0BE6ACF10035D983,
				2E7E519E0BE6ACF10035D983,
				2E7E519F0BE6ACF10035D983,
				2E7E51A00BE6ACF10035D983,
				2E7E51A30BE6ACF10035D983,
				2E7E51A40BE6ACF10035D983,
				2E7E51A50BE6ACF10035D983,
				2E7E51A60BE6ACF10035D983,
				2E7E51A90BE6ACF10035D983,
				2E7E51AA0BE6ACF10035D983,
				2E7E51AB0BE6ACF10035D983,
				2E7E51AF0BE6ACF10035D983,
				2E7E51B00BE6ACF10035D983,
				2E7E51B10BE6ACF10035D983,
				2E7E51B20BE6ACF10035D983,
				2E7E51B30BE6ACF10035D983,
				2E7E51B40BE6ACF10035D983,
				2E7E51B50BE6ACF10035D983,
				2E7E51B60BE6ACF10035D983,
				2E7E51B70BE6ACF10035D983,
				2E7E51B80BE6ACF10035D983,
				2E7E51B90BE6ACF10035D983,
				2E7E51BA0BE6ACF10035D983,
			);
			isa = PBXSourcesBuildPhase;
			runOnlyForDeploymentPostprocessing = 0;
		};
		2E7E50830BE6ABDE0035D983 = {
			buildPhases = (
				2E7E50810BE6ABDE0035D983,
				2E7E50820BE6ABDE0035D983,
			);
			buildRules = (
			);
			buildSettings = {
				GCC_PREPROCESSOR_DEFINITIONS = _MACOSX;
				GCC_WARN_FOUR_CHARACTER_CONSTANTS = NO;
				GCC_WARN_UNKNOWN_PRAGMAS = NO;
				INSTALL_PATH = /usr/local/lib;
				LIBRARY_STYLE = STATIC;
				OTHER_CFLAGS = "";
				OTHER_LDFLAGS = "";
				OTHER_REZFLAGS = "";
				PRODUCT_NAME = Hoe3D;
				SECTORDER_FLAGS = "";
				WARNING_CFLAGS = "-Wmost";
			};
			dependencies = (
				2E4CB9C60BE75551000BA876,
			);
			isa = PBXNativeTarget;
			name = Hoe3D;
			productName = Hoe3D;
			productReference = 2E7E50840BE6ABDE0035D983;
			productType = "com.apple.product-type.library.static";
		};
		2E7E50840BE6ABDE0035D983 = {
			explicitFileType = archive.ar;
			includeInIndex = 0;
			isa = PBXFileReference;
			path = libHoe3D.a;
			refType = 3;
			sourceTree = BUILT_PRODUCTS_DIR;
		};
		2E7E50870BE6AC2A0035D983 = {
			children = (
				2E4CB9E30BE755E2000BA876,
				2E7E508A0BE6AC7F0035D983,
				2E7E508B0BE6AC7F0035D983,
				2E7E508C0BE6AC7F0035D983,
				2E7E508D0BE6AC7F0035D983,
				2E7E508E0BE6AC7F0035D983,
				2E7E508F0BE6AC7F0035D983,
				2E7E50900BE6AC7F0035D983,
				2E7E50910BE6AC7F0035D983,
				2E7E50920BE6AC7F0035D983,
				2E7E50930BE6AC7F0035D983,
				2E7E50940BE6AC7F0035D983,
				2E7E50950BE6AC7F0035D983,
				2E7E50960BE6AC7F0035D983,
				2E7E50970BE6AC800035D983,
				2E7E50980BE6AC800035D983,
				2E7E50990BE6AC800035D983,
				2E7E509A0BE6AC800035D983,
				2E7E509B0BE6AC800035D983,
				2E7E509C0BE6AC800035D983,
				2E7E509D0BE6AC800035D983,
				2E7E509E0BE6AC800035D983,
				2E7E509F0BE6AC800035D983,
				2E7E50A00BE6AC800035D983,
				2E7E50A10BE6AC800035D983,
				2E7E50A20BE6AC800035D983,
				2E7E50A30BE6AC800035D983,
				2E7E50A40BE6AC800035D983,
				2E7E50A50BE6AC800035D983,
				2E7E50A60BE6AC800035D983,
				2E7E50A70BE6AC800035D983,
				2E7E50A80BE6AC800035D983,
				2E7E50A90BE6AC800035D983,
				2E7E50AA0BE6AC800035D983,
				2E7E50AB0BE6AC800035D983,
				2E7E50AC0BE6AC800035D983,
				2E7E50AD0BE6AC800035D983,
				2E7E50B30BE6AC800035D983,
				2E7E50B40BE6AC800035D983,
				2E7E50B50BE6AC800035D983,
				2E7E50B60BE6AC800035D983,
				2E7E50B70BE6AC800035D983,
				2E7E50B80BE6AC800035D983,
				2E7E50B90BE6AC800035D983,
				2E7E50BA0BE6AC800035D983,
				2E7E50BB0BE6AC800035D983,
				2E7E50BC0BE6AC800035D983,
				2E7E50BD0BE6AC800035D983,
				2E7E50BE0BE6AC800035D983,
				2E7E50BF0BE6AC800035D983,
				2E7E50C00BE6AC800035D983,
				2E7E50C10BE6AC800035D983,
				2E7E50C20BE6AC800035D983,
				2E7E50C30BE6AC800035D983,
				2E7E50C40BE6AC800035D983,
				2E7E50C50BE6AC800035D983,
				2E7E50C60BE6AC800035D983,
				2E7E50C70BE6AC800035D983,
				2E7E50C80BE6AC800035D983,
				2E7E50C90BE6AC800035D983,
				2E7E50CA0BE6AC800035D983,
				2E7E50CB0BE6AC800035D983,
				2E7E50CC0BE6AC800035D983,
				2E7E50CD0BE6AC800035D983,
				2E7E50CE0BE6AC800035D983,
				2E7E50CF0BE6AC800035D983,
				2E7E50D00BE6AC800035D983,
				2E7E50D10BE6AC800035D983,
				2E7E50D20BE6AC800035D983,
				2E7E50D30BE6AC800035D983,
				2E7E50D40BE6AC800035D983,
				2E7E50D50BE6AC800035D983,
				2E7E50D60BE6AC800035D983,
				2E7E50D70BE6AC800035D983,
				2E7E50D80BE6AC800035D983,
				2E7E50D90BE6AC800035D983,
				2E7E50DA0BE6AC800035D983,
				2E7E50DB0BE6AC800035D983,
				2E7E50DE0BE6AC800035D983,
				2E7E50DF0BE6AC800035D983,
				2E7E50E00BE6AC800035D983,
				2E7E50E10BE6AC800035D983,
				2E7E50E40BE6AC800035D983,
				2E7E50E50BE6AC800035D983,
				2E7E50E60BE6AC800035D983,
				2E7E50E70BE6AC800035D983,
				2E7E50E80BE6AC800035D983,
				2E7E50E90BE6AC800035D983,
				2E7E50EA0BE6AC800035D983,
				2E7E50EB0BE6AC800035D983,
				2E7E50EC0BE6AC800035D983,
				2E7E50ED0BE6AC800035D983,
				2E7E50EE0BE6AC800035D983,
				2E7E50EF0BE6AC800035D983,
				2E7E50F00BE6AC800035D983,
				2E7E50F10BE6AC800035D983,
				2E7E50F20BE6AC800035D983,
				2E7E50F30BE6AC800035D983,
				2E7E50F40BE6AC800035D983,
				2E7E50F50BE6AC800035D983,
				2E7E50F60BE6AC800035D983,
				2E7E50F70BE6AC800035D983,
				2E7E50F80BE6AC800035D983,
				2E7E50F90BE6AC800035D983,
				2E7E50FA0BE6AC800035D983,
				2E7E50FB0BE6AC800035D983,
				2E7E50FC0BE6AC800035D983,
				2E7E50FD0BE6AC800035D983,
				2E7E50FE0BE6AC800035D983,
				2E7E50FF0BE6AC800035D983,
				2E7E51000BE6AC800035D983,
				2E7E51010BE6AC800035D983,
				2E7E51020BE6AC800035D983,
				2E7E51030BE6AC800035D983,
				2E7E51040BE6AC800035D983,
				2E7E51050BE6AC800035D983,
				2E7E51060BE6AC800035D983,
				2E7E51070BE6AC800035D983,
				2E7E510A0BE6AC800035D983,
				2E7E510B0BE6AC800035D983,
				2E7E510C0BE6AC800035D983,
				2E7E510D0BE6AC800035D983,
				2E7E510E0BE6AC800035D983,
				2E7E510F0BE6AC800035D983,
				2E7E51100BE6AC800035D983,
				2E7E51110BE6AC800035D983,
				2E7E51120BE6AC800035D983,
				2E7E51130BE6AC800035D983,
				2E7E51140BE6AC800035D983,
				2E7E51150BE6AC800035D983,
				2E7E51160BE6AC800035D983,
				2E7E51170BE6AC800035D983,
				2E7E51180BE6AC800035D983,
				2E7E51190BE6AC800035D983,
				2E7E511A0BE6AC800035D983,
				2E7E511B0BE6AC800035D983,
				2E7E511C0BE6AC800035D983,
				2E7E511D0BE6AC800035D983,
				2E7E511E0BE6AC800035D983,
				2E7E511F0BE6AC800035D983,
				2E7E51200BE6AC800035D983,
				2E7E51210BE6AC800035D983,
			);
			isa = PBXGroup;
			name = Hoe3D;
			refType = 4;
			sourceTree = "<group>";
		};
		2E7E508A0BE6AC7F0035D983 = {
			fileEncoding = 4;
			isa = PBXFileReference;
			lastKnownFileType = sourcecode.cpp.cpp;
			name = camera.cpp;
			path = ../Hoe3D/src/camera.cpp;
			refType = 2;
			sourceTree = SOURCE_ROOT;
		};
		2E7E508B0BE6AC7F0035D983 = {
			fileEncoding = 4;
			isa = PBXFileReference;
			lastKnownFileType = sourcecode.c.h;
			name = camera.h;
			path = ../Hoe3D/src/camera.h;
			refType = 2;
			sourceTree = SOURCE_ROOT;
		};
		2E7E508C0BE6AC7F0035D983 = {
			fileEncoding = 4;
			isa = PBXFileReference;
			lastKnownFileType = sourcecode.cpp.cpp;
			name = cmdexec.cpp;
			path = ../Hoe3D/src/cmdexec.cpp;
			refType = 2;
			sourceTree = SOURCE_ROOT;
		};
		2E7E508D0BE6AC7F0035D983 = {
			fileEncoding = 4;
			isa = PBXFileReference;
			lastKnownFileType = sourcecode.c.h;
			name = cmdexec.h;
			path = ../Hoe3D/src/cmdexec.h;
			refType = 2;
			sourceTree = SOURCE_ROOT;
		};
		2E7E508E0BE6AC7F0035D983 = {
			fileEncoding = 4;
			isa = PBXFileReference;
			lastKnownFileType = sourcecode.asm;
			name = config_asm.asm;
			path = ../Hoe3D/src/config_asm.asm;
			refType = 2;
			sourceTree = SOURCE_ROOT;
		};
		2E7E508F0BE6AC7F0035D983 = {
			fileEncoding = 4;
			isa = PBXFileReference;
			lastKnownFileType = sourcecode.cpp.cpp;
			name = config.cpp;
			path = ../Hoe3D/src/config.cpp;
			refType = 2;
			sourceTree = SOURCE_ROOT;
		};
		2E7E50900BE6AC7F0035D983 = {
			fileEncoding = 4;
			isa = PBXFileReference;
			lastKnownFileType = sourcecode.c.h;
			name = config.h;
			path = ../Hoe3D/src/config.h;
			refType = 2;
			sourceTree = SOURCE_ROOT;
		};
		2E7E50910BE6AC7F0035D983 = {
			fileEncoding = 4;
			isa = PBXFileReference;
			lastKnownFileType = sourcecode.cpp.cpp;
			name = cursor.cpp;
			path = ../Hoe3D/src/cursor.cpp;
			refType = 2;
			sourceTree = SOURCE_ROOT;
		};
		2E7E50920BE6AC7F0035D983 = {
			fileEncoding = 4;
			isa = PBXFileReference;
			lastKnownFileType = sourcecode.c.h;
			name = cursor.h;
			path = ../Hoe3D/src/cursor.h;
			refType = 2;
			sourceTree = SOURCE_ROOT;
		};
		2E7E50930BE6AC7F0035D983 = {
			fileEncoding = 4;
			isa = PBXFileReference;
			lastKnownFileType = sourcecode.cpp.cpp;
			name = filesystem.cpp;
			path = ../Hoe3D/src/filesystem.cpp;
			refType = 2;
			sourceTree = SOURCE_ROOT;
		};
		2E7E50940BE6AC7F0035D983 = {
			fileEncoding = 4;
			isa = PBXFileReference;
			lastKnownFileType = sourcecode.c.h;
			name = filesystem.h;
			path = ../Hoe3D/src/filesystem.h;
			refType = 2;
			sourceTree = SOURCE_ROOT;
		};
		2E7E50950BE6AC7F0035D983 = {
			fileEncoding = 4;
			isa = PBXFileReference;
			lastKnownFileType = sourcecode.cpp.cpp;
			name = freetype.cpp;
			path = ../Hoe3D/src/freetype.cpp;
			refType = 2;
			sourceTree = SOURCE_ROOT;
		};
		2E7E50960BE6AC7F0035D983 = {
			fileEncoding = 4;
			isa = PBXFileReference;
			lastKnownFileType = sourcecode.c.h;
			name = freetype.h;
			path = ../Hoe3D/src/freetype.h;
			refType = 2;
			sourceTree = SOURCE_ROOT;
		};
		2E7E50970BE6AC800035D983 = {
			fileEncoding = 4;
			isa = PBXFileReference;
			lastKnownFileType = sourcecode.c.h;
			name = glext.h;
			path = ../Hoe3D/src/glext.h;
			refType = 2;
			sourceTree = SOURCE_ROOT;
		};
		2E7E50980BE6AC800035D983 = {
			fileEncoding = 4;
			isa = PBXFileReference;
			lastKnownFileType = sourcecode.cpp.cpp;
			name = gridsurface.cpp;
			path = ../Hoe3D/src/gridsurface.cpp;
			refType = 2;
			sourceTree = SOURCE_ROOT;
		};
		2E7E50990BE6AC800035D983 = {
			fileEncoding = 4;
			isa = PBXFileReference;
			lastKnownFileType = sourcecode.c.h;
			name = gridsurface.h;
			path = ../Hoe3D/src/gridsurface.h;
			refType = 2;
			sourceTree = SOURCE_ROOT;
		};
		2E7E509A0BE6AC800035D983 = {
			fileEncoding = 4;
			isa = PBXFileReference;
			lastKnownFileType = sourcecode.cpp.cpp;
			name = heightmap.cpp;
			path = ../Hoe3D/src/heightmap.cpp;
			refType = 2;
			sourceTree = SOURCE_ROOT;
		};
		2E7E509B0BE6AC800035D983 = {
			fileEncoding = 4;
			isa = PBXFileReference;
			lastKnownFileType = sourcecode.c.h;
			name = heightmap.h;
			path = ../Hoe3D/src/heightmap.h;
			refType = 2;
			sourceTree = SOURCE_ROOT;
		};
		2E7E509C0BE6AC800035D983 = {
			fileEncoding = 4;
			isa = PBXFileReference;
			lastKnownFileType = sourcecode.cpp.cpp;
			name = hoe_font.cpp;
			path = ../Hoe3D/src/hoe_font.cpp;
			refType = 2;
			sourceTree = SOURCE_ROOT;
		};
		2E7E509D0BE6AC800035D983 = {
			fileEncoding = 4;
			isa = PBXFileReference;
			lastKnownFileType = sourcecode.c.h;
			name = hoe_font.h;
			path = ../Hoe3D/src/hoe_font.h;
			refType = 2;
			sourceTree = SOURCE_ROOT;
		};
		2E7E509E0BE6AC800035D983 = {
			fileEncoding = 4;
			isa = PBXFileReference;
			lastKnownFileType = sourcecode.cpp.cpp;
			name = hoe_format.cpp;
			path = ../Hoe3D/src/hoe_format.cpp;
			refType = 2;
			sourceTree = SOURCE_ROOT;
		};
		2E7E509F0BE6AC800035D983 = {
			fileEncoding = 4;
			isa = PBXFileReference;
			lastKnownFileType = sourcecode.c.h;
			name = hoe_format.h;
			path = ../Hoe3D/src/hoe_format.h;
			refType = 2;
			sourceTree = SOURCE_ROOT;
		};
		2E7E50A00BE6AC800035D983 = {
			fileEncoding = 4;
			isa = PBXFileReference;
			lastKnownFileType = sourcecode.cpp.cpp;
			name = hoe_index.cpp;
			path = ../Hoe3D/src/hoe_index.cpp;
			refType = 2;
			sourceTree = SOURCE_ROOT;
		};
		2E7E50A10BE6AC800035D983 = {
			fileEncoding = 4;
			isa = PBXFileReference;
			lastKnownFileType = sourcecode.c.h;
			name = hoe_index.h;
			path = ../Hoe3D/src/hoe_index.h;
			refType = 2;
			sourceTree = SOURCE_ROOT;
		};
		2E7E50A20BE6AC800035D983 = {
			fileEncoding = 4;
			isa = PBXFileReference;
			lastKnownFileType = sourcecode.cpp.cpp;
			name = hoe_info.cpp;
			path = ../Hoe3D/src/hoe_info.cpp;
			refType = 2;
			sourceTree = SOURCE_ROOT;
		};
		2E7E50A30BE6AC800035D983 = {
			fileEncoding = 4;
			isa = PBXFileReference;
			lastKnownFileType = sourcecode.c.h;
			name = hoe_info.h;
			path = ../Hoe3D/src/hoe_info.h;
			refType = 2;
			sourceTree = SOURCE_ROOT;
		};
		2E7E50A40BE6AC800035D983 = {
			fileEncoding = 4;
			isa = PBXFileReference;
			lastKnownFileType = sourcecode.cpp.cpp;
			name = hoe_input_di.cpp;
			path = ../Hoe3D/src/hoe_input_di.cpp;
			refType = 2;
			sourceTree = SOURCE_ROOT;
		};
		2E7E50A50BE6AC800035D983 = {
			fileEncoding = 4;
			isa = PBXFileReference;
			lastKnownFileType = sourcecode.c.h;
			name = hoe_input_di.h;
			path = ../Hoe3D/src/hoe_input_di.h;
			refType = 2;
			sourceTree = SOURCE_ROOT;
		};
		2E7E50A60BE6AC800035D983 = {
			fileEncoding = 4;
			isa = PBXFileReference;
			lastKnownFileType = sourcecode.c.h;
			name = hoe_input_keymap.h;
			path = ../Hoe3D/src/hoe_input_keymap.h;
			refType = 2;
			sourceTree = SOURCE_ROOT;
		};
		2E7E50A70BE6AC800035D983 = {
			fileEncoding = 4;
			isa = PBXFileReference;
			lastKnownFileType = sourcecode.cpp.cpp;
			name = hoe_input_winapi.cpp;
			path = ../Hoe3D/src/hoe_input_winapi.cpp;
			refType = 2;
			sourceTree = SOURCE_ROOT;
		};
		2E7E50A80BE6AC800035D983 = {
			fileEncoding = 4;
			isa = PBXFileReference;
			lastKnownFileType = sourcecode.c.h;
			name = hoe_input_winapi.h;
			path = ../Hoe3D/src/hoe_input_winapi.h;
			refType = 2;
			sourceTree = SOURCE_ROOT;
		};
		2E7E50A90BE6AC800035D983 = {
			fileEncoding = 4;
			isa = PBXFileReference;
			lastKnownFileType = sourcecode.cpp.cpp;
			name = hoe_input_xwin.cpp;
			path = ../Hoe3D/src/hoe_input_xwin.cpp;
			refType = 2;
			sourceTree = SOURCE_ROOT;
		};
		2E7E50AA0BE6AC800035D983 = {
			fileEncoding = 4;
			isa = PBXFileReference;
			lastKnownFileType = sourcecode.c.h;
			name = hoe_input_xwin.h;
			path = ../Hoe3D/src/hoe_input_xwin.h;
			refType = 2;
			sourceTree = SOURCE_ROOT;
		};
		2E7E50AB0BE6AC800035D983 = {
			fileEncoding = 4;
			isa = PBXFileReference;
			lastKnownFileType = sourcecode.cpp.cpp;
			name = hoe_input.cpp;
			path = ../Hoe3D/src/hoe_input.cpp;
			refType = 2;
			sourceTree = SOURCE_ROOT;
		};
		2E7E50AC0BE6AC800035D983 = {
			fileEncoding = 4;
			isa = PBXFileReference;
			lastKnownFileType = sourcecode.c.h;
			name = hoe_input.h;
			path = ../Hoe3D/src/hoe_input.h;
			refType = 2;
			sourceTree = SOURCE_ROOT;
		};
		2E7E50AD0BE6AC800035D983 = {
			fileEncoding = 4;
			isa = PBXFileReference;
			lastKnownFileType = sourcecode.cpp.cpp;
			name = hoe_main.cpp;
			path = ../Hoe3D/src/hoe_main.cpp;
			refType = 2;
			sourceTree = SOURCE_ROOT;
		};
		2E7E50B30BE6AC800035D983 = {
			fileEncoding = 4;
			isa = PBXFileReference;
			lastKnownFileType = sourcecode.cpp.cpp;
			name = hoe_material.cpp;
			path = ../Hoe3D/src/hoe_material.cpp;
			refType = 2;
			sourceTree = SOURCE_ROOT;
		};
		2E7E50B40BE6AC800035D983 = {
			fileEncoding = 4;
			isa = PBXFileReference;
			lastKnownFileType = sourcecode.c.h;
			name = hoe_material.h;
			path = ../Hoe3D/src/hoe_material.h;
			refType = 2;
			sourceTree = SOURCE_ROOT;
		};
		2E7E50B50BE6AC800035D983 = {
			fileEncoding = 4;
			isa = PBXFileReference;
			lastKnownFileType = sourcecode.cpp.cpp;
			name = hoe_model.cpp;
			path = ../Hoe3D/src/hoe_model.cpp;
			refType = 2;
			sourceTree = SOURCE_ROOT;
		};
		2E7E50B60BE6AC800035D983 = {
			fileEncoding = 4;
			isa = PBXFileReference;
			lastKnownFileType = sourcecode.c.h;
			name = hoe_model.h;
			path = ../Hoe3D/src/hoe_model.h;
			refType = 2;
			sourceTree = SOURCE_ROOT;
		};
		2E7E50B70BE6AC800035D983 = {
			fileEncoding = 4;
			isa = PBXFileReference;
			lastKnownFileType = sourcecode.cpp.cpp;
			name = hoe_picture.cpp;
			path = ../Hoe3D/src/hoe_picture.cpp;
			refType = 2;
			sourceTree = SOURCE_ROOT;
		};
		2E7E50B80BE6AC800035D983 = {
			fileEncoding = 4;
			isa = PBXFileReference;
			lastKnownFileType = sourcecode.c.h;
			name = hoe_picture.h;
			path = ../Hoe3D/src/hoe_picture.h;
			refType = 2;
			sourceTree = SOURCE_ROOT;
		};
		2E7E50B90BE6AC800035D983 = {
			fileEncoding = 4;
			isa = PBXFileReference;
			lastKnownFileType = sourcecode.cpp.cpp;
			name = hoe_stream.cpp;
			path = ../Hoe3D/src/hoe_stream.cpp;
			refType = 2;
			sourceTree = SOURCE_ROOT;
		};
		2E7E50BA0BE6AC800035D983 = {
			fileEncoding = 4;
			isa = PBXFileReference;
			lastKnownFileType = sourcecode.c.h;
			name = hoe_stream.h;
			path = ../Hoe3D/src/hoe_stream.h;
			refType = 2;
			sourceTree = SOURCE_ROOT;
		};
		2E7E50BB0BE6AC800035D983 = {
			fileEncoding = 4;
			isa = PBXFileReference;
			lastKnownFileType = sourcecode.cpp.cpp;
			name = hoe_texture.cpp;
			path = ../Hoe3D/src/hoe_texture.cpp;
			refType = 2;
			sourceTree = SOURCE_ROOT;
		};
		2E7E50BC0BE6AC800035D983 = {
			fileEncoding = 4;
			isa = PBXFileReference;
			lastKnownFileType = sourcecode.c.h;
			name = hoe_texture.h;
			path = ../Hoe3D/src/hoe_texture.h;
			refType = 2;
			sourceTree = SOURCE_ROOT;
		};
		2E7E50BD0BE6AC800035D983 = {
			fileEncoding = 4;
			isa = PBXFileReference;
			lastKnownFileType = sourcecode.cpp.cpp;
			name = hoe_time.cpp;
			path = ../Hoe3D/src/hoe_time.cpp;
			refType = 2;
			sourceTree = SOURCE_ROOT;
		};
		2E7E50BE0BE6AC800035D983 = {
			fileEncoding = 4;
			isa = PBXFileReference;
			lastKnownFileType = sourcecode.c.h;
			name = hoe_time.h;
			path = ../Hoe3D/src/hoe_time.h;
			refType = 2;
			sourceTree = SOURCE_ROOT;
		};
		2E7E50BF0BE6AC800035D983 = {
			fileEncoding = 4;
			isa = PBXFileReference;
			lastKnownFileType = sourcecode.c.h;
			name = hoe_tokens.h;
			path = ../Hoe3D/src/hoe_tokens.h;
			refType = 2;
			sourceTree = SOURCE_ROOT;
		};
		2E7E50C00BE6AC800035D983 = {
			fileEncoding = 4;
			isa = PBXFileReference;
			lastKnownFileType = sourcecode.cpp.cpp;
			name = hoe.cpp;
			path = ../Hoe3D/src/hoe.cpp;
			refType = 2;
			sourceTree = SOURCE_ROOT;
		};
		2E7E50C10BE6AC800035D983 = {
			fileEncoding = 4;
			isa = PBXFileReference;
			lastKnownFileType = sourcecode.c.h;
			name = hoe.h;
			path = ../Hoe3D/src/hoe.h;
			refType = 2;
			sourceTree = SOURCE_ROOT;
		};
		2E7E50C20BE6AC800035D983 = {
			fileEncoding = 4;
			isa = PBXFileReference;
			lastKnownFileType = sourcecode.cpp.cpp;
			name = hoe2d.cpp;
			path = ../Hoe3D/src/hoe2d.cpp;
			refType = 2;
			sourceTree = SOURCE_ROOT;
		};
		2E7E50C30BE6AC800035D983 = {
			fileEncoding = 4;
			isa = PBXFileReference;
			lastKnownFileType = sourcecode.c.h;
			name = hoe2d.h;
			path = ../Hoe3D/src/hoe2d.h;
			refType = 2;
			sourceTree = SOURCE_ROOT;
		};
		2E7E50C40BE6AC800035D983 = {
			fileEncoding = 4;
			isa = PBXFileReference;
			lastKnownFileType = sourcecode.cpp.cpp;
			name = hoefile.cpp;
			path = ../Hoe3D/src/hoefile.cpp;
			refType = 2;
			sourceTree = SOURCE_ROOT;
		};
		2E7E50C50BE6AC800035D983 = {
			fileEncoding = 4;
			isa = PBXFileReference;
			lastKnownFileType = sourcecode.c.h;
			name = hoefile.h;
			path = ../Hoe3D/src/hoefile.h;
			refType = 2;
			sourceTree = SOURCE_ROOT;
		};
		2E7E50C60BE6AC800035D983 = {
			fileEncoding = 4;
			isa = PBXFileReference;
			lastKnownFileType = sourcecode.lex;
			name = icreate_parser.l;
			path = ../Hoe3D/src/icreate_parser.l;
			refType = 2;
			sourceTree = SOURCE_ROOT;
		};
		2E7E50C70BE6AC800035D983 = {
			fileEncoding = 4;
			isa = PBXFileReference;
			lastKnownFileType = sourcecode.cpp.cpp;
			name = icreate.cpp;
			path = ../Hoe3D/src/icreate.cpp;
			refType = 2;
			sourceTree = SOURCE_ROOT;
		};
		2E7E50C80BE6AC800035D983 = {
			fileEncoding = 4;
			isa = PBXFileReference;
			lastKnownFileType = sourcecode.cpp.cpp;
			name = iget.cpp;
			path = ../Hoe3D/src/iget.cpp;
			refType = 2;
			sourceTree = SOURCE_ROOT;
		};
		2E7E50C90BE6AC800035D983 = {
			fileEncoding = 4;
			isa = PBXFileReference;
			lastKnownFileType = sourcecode.cpp.cpp;
			name = light_system.cpp;
			path = ../Hoe3D/src/light_system.cpp;
			refType = 2;
			sourceTree = SOURCE_ROOT;
		};
		2E7E50CA0BE6AC800035D983 = {
			fileEncoding = 4;
			isa = PBXFileReference;
			lastKnownFileType = sourcecode.c.h;
			name = light_system.h;
			path = ../Hoe3D/src/light_system.h;
			refType = 2;
			sourceTree = SOURCE_ROOT;
		};
		2E7E50CB0BE6AC800035D983 = {
			fileEncoding = 4;
			isa = PBXFileReference;
			lastKnownFileType = sourcecode.cpp.cpp;
			name = light.cpp;
			path = ../Hoe3D/src/light.cpp;
			refType = 2;
			sourceTree = SOURCE_ROOT;
		};
		2E7E50CC0BE6AC800035D983 = {
			fileEncoding = 4;
			isa = PBXFileReference;
			lastKnownFileType = sourcecode.c.h;
			name = light.h;
			path = ../Hoe3D/src/light.h;
			refType = 2;
			sourceTree = SOURCE_ROOT;
		};
		2E7E50CD0BE6AC800035D983 = {
			fileEncoding = 4;
			isa = PBXFileReference;
			lastKnownFileType = sourcecode.cpp.cpp;
			name = map_utils.cpp;
			path = ../Hoe3D/src/map_utils.cpp;
			refType = 2;
			sourceTree = SOURCE_ROOT;
		};
		2E7E50CE0BE6AC800035D983 = {
			fileEncoding = 4;
			isa = PBXFileReference;
			lastKnownFileType = sourcecode.c.h;
			name = map_utils.h;
			path = ../Hoe3D/src/map_utils.h;
			refType = 2;
			sourceTree = SOURCE_ROOT;
		};
		2E7E50CF0BE6AC800035D983 = {
			fileEncoding = 4;
			isa = PBXFileReference;
			lastKnownFileType = sourcecode.c.h;
			name = material_parser.h;
			path = ../Hoe3D/src/material_parser.h;
			refType = 2;
			sourceTree = SOURCE_ROOT;
		};
		2E7E50D00BE6AC800035D983 = {
			fileEncoding = 4;
			isa = PBXFileReference;
			lastKnownFileType = sourcecode.lex;
			name = material_parser.l;
			path = ../Hoe3D/src/material_parser.l;
			refType = 2;
			sourceTree = SOURCE_ROOT;
		};
		2E7E50D10BE6AC800035D983 = {
			fileEncoding = 4;
			isa = PBXFileReference;
			lastKnownFileType = sourcecode.cpp.cpp;
			name = material_system.cpp;
			path = ../Hoe3D/src/material_system.cpp;
			refType = 2;
			sourceTree = SOURCE_ROOT;
		};
		2E7E50D20BE6AC800035D983 = {
			fileEncoding = 4;
			isa = PBXFileReference;
			lastKnownFileType = sourcecode.c.h;
			name = material_system.h;
			path = ../Hoe3D/src/material_system.h;
			refType = 2;
			sourceTree = SOURCE_ROOT;
		};
		2E7E50D30BE6AC800035D983 = {
			fileEncoding = 4;
			isa = PBXFileReference;
			lastKnownFileType = sourcecode.cpp.cpp;
			name = model_generator.cpp;
			path = ../Hoe3D/src/model_generator.cpp;
			refType = 2;
			sourceTree = SOURCE_ROOT;
		};
		2E7E50D40BE6AC800035D983 = {
			fileEncoding = 4;
			isa = PBXFileReference;
			lastKnownFileType = sourcecode.c.h;
			name = model_generator.h;
			path = ../Hoe3D/src/model_generator.h;
			refType = 2;
			sourceTree = SOURCE_ROOT;
		};
		2E7E50D50BE6AC800035D983 = {
			fileEncoding = 4;
			isa = PBXFileReference;
			lastKnownFileType = sourcecode.cpp.cpp;
			name = model_loader.cpp;
			path = ../Hoe3D/src/model_loader.cpp;
			refType = 2;
			sourceTree = SOURCE_ROOT;
		};
		2E7E50D60BE6AC800035D983 = {
			fileEncoding = 4;
			isa = PBXFileReference;
			lastKnownFileType = sourcecode.c.h;
			name = model_loader.h;
			path = ../Hoe3D/src/model_loader.h;
			refType = 2;
			sourceTree = SOURCE_ROOT;
		};
		2E7E50D70BE6AC800035D983 = {
			fileEncoding = 4;
			isa = PBXFileReference;
			lastKnownFileType = sourcecode.c.h;
			name = model_shader.h;
			path = ../Hoe3D/src/model_shader.h;
			refType = 2;
			sourceTree = SOURCE_ROOT;
		};
		2E7E50D80BE6AC800035D983 = {
			fileEncoding = 4;
			isa = PBXFileReference;
			lastKnownFileType = sourcecode.cpp.cpp;
			name = object_controller.cpp;
			path = ../Hoe3D/src/object_controller.cpp;
			refType = 2;
			sourceTree = SOURCE_ROOT;
		};
		2E7E50D90BE6AC800035D983 = {
			fileEncoding = 4;
			isa = PBXFileReference;
			lastKnownFileType = sourcecode.c.h;
			name = object_controller.h;
			path = ../Hoe3D/src/object_controller.h;
			refType = 2;
			sourceTree = SOURCE_ROOT;
		};
		2E7E50DA0BE6AC800035D983 = {
			fileEncoding = 4;
			isa = PBXFileReference;
			lastKnownFileType = sourcecode.cpp.cpp;
			name = object_inspector.cpp;
			path = ../Hoe3D/src/object_inspector.cpp;
			refType = 2;
			sourceTree = SOURCE_ROOT;
		};
		2E7E50DB0BE6AC800035D983 = {
			fileEncoding = 4;
			isa = PBXFileReference;
			lastKnownFileType = sourcecode.c.h;
			name = object_inspector.h;
			path = ../Hoe3D/src/object_inspector.h;
			refType = 2;
			sourceTree = SOURCE_ROOT;
		};
		2E7E50DE0BE6AC800035D983 = {
			fileEncoding = 4;
			isa = PBXFileReference;
			lastKnownFileType = sourcecode.cpp.cpp;
			name = particle_emitor.cpp;
			path = ../Hoe3D/src/particle_emitor.cpp;
			refType = 2;
			sourceTree = SOURCE_ROOT;
		};
		2E7E50DF0BE6AC800035D983 = {
			fileEncoding = 4;
			isa = PBXFileReference;
			lastKnownFileType = sourcecode.c.h;
			name = particle_emitor.h;
			path = ../Hoe3D/src/particle_emitor.h;
			refType = 2;
			sourceTree = SOURCE_ROOT;
		};
		2E7E50E00BE6AC800035D983 = {
			fileEncoding = 4;
			isa = PBXFileReference;
			lastKnownFileType = sourcecode.cpp.cpp;
			name = physics.cpp;
			path = ../Hoe3D/src/physics.cpp;
			refType = 2;
			sourceTree = SOURCE_ROOT;
		};
		2E7E50E10BE6AC800035D983 = {
			fileEncoding = 4;
			isa = PBXFileReference;
			lastKnownFileType = sourcecode.c.h;
			name = physics.h;
			path = ../Hoe3D/src/physics.h;
			refType = 2;
			sourceTree = SOURCE_ROOT;
		};
		2E7E50E40BE6AC800035D983 = {
			fileEncoding = 4;
			isa = PBXFileReference;
			lastKnownFileType = sourcecode.cpp.cpp;
			name = ref_base.cpp;
			path = ../Hoe3D/src/ref_base.cpp;
			refType = 2;
			sourceTree = SOURCE_ROOT;
		};
		2E7E50E50BE6AC800035D983 = {
			fileEncoding = 4;
			isa = PBXFileReference;
			lastKnownFileType = sourcecode.c.h;
			name = ref_base.h;
			path = ../Hoe3D/src/ref_base.h;
			refType = 2;
			sourceTree = SOURCE_ROOT;
		};
		2E7E50E60BE6AC800035D983 = {
			fileEncoding = 4;
			isa = PBXFileReference;
			lastKnownFileType = sourcecode.cpp.cpp;
			name = ref_d3d8.cpp;
			path = ../Hoe3D/src/ref_d3d8.cpp;
			refType = 2;
			sourceTree = SOURCE_ROOT;
		};
		2E7E50E70BE6AC800035D983 = {
			fileEncoding = 4;
			isa = PBXFileReference;
			lastKnownFileType = sourcecode.c.h;
			name = ref_d3d8.h;
			path = ../Hoe3D/src/ref_d3d8.h;
			refType = 2;
			sourceTree = SOURCE_ROOT;
		};
		2E7E50E80BE6AC800035D983 = {
			fileEncoding = 4;
			isa = PBXFileReference;
			lastKnownFileType = text;
			name = ref_d3d8.inl;
			path = ../Hoe3D/src/ref_d3d8.inl;
			refType = 2;
			sourceTree = SOURCE_ROOT;
		};
		2E7E50E90BE6AC800035D983 = {
			fileEncoding = 4;
			isa = PBXFileReference;
			lastKnownFileType = sourcecode.cpp.cpp;
			name = ref_d3d9_debug.cpp;
			path = ../Hoe3D/src/ref_d3d9_debug.cpp;
			refType = 2;
			sourceTree = SOURCE_ROOT;
		};
		2E7E50EA0BE6AC800035D983 = {
			fileEncoding = 4;
			isa = PBXFileReference;
			lastKnownFileType = sourcecode.cpp.cpp;
			name = ref_d3d9.cpp;
			path = ../Hoe3D/src/ref_d3d9.cpp;
			refType = 2;
			sourceTree = SOURCE_ROOT;
		};
		2E7E50EB0BE6AC800035D983 = {
			fileEncoding = 4;
			isa = PBXFileReference;
			lastKnownFileType = sourcecode.c.h;
			name = ref_d3d9.h;
			path = ../Hoe3D/src/ref_d3d9.h;
			refType = 2;
			sourceTree = SOURCE_ROOT;
		};
		2E7E50EC0BE6AC800035D983 = {
			fileEncoding = 4;
			isa = PBXFileReference;
			lastKnownFileType = text;
			name = ref_d3d9.inl;
			path = ../Hoe3D/src/ref_d3d9.inl;
			refType = 2;
			sourceTree = SOURCE_ROOT;
		};
		2E7E50ED0BE6AC800035D983 = {
			fileEncoding = 4;
			isa = PBXFileReference;
			lastKnownFileType = sourcecode.cpp.cpp;
			name = ref_opengl_ext.cpp;
			path = ../Hoe3D/src/ref_opengl_ext.cpp;
			refType = 2;
			sourceTree = SOURCE_ROOT;
		};
		2E7E50EE0BE6AC800035D983 = {
			fileEncoding = 4;
			isa = PBXFileReference;
			lastKnownFileType = sourcecode.c.h;
			name = ref_opengl_ext.h;
			path = ../Hoe3D/src/ref_opengl_ext.h;
			refType = 2;
			sourceTree = SOURCE_ROOT;
		};
		2E7E50EF0BE6AC800035D983 = {
			fileEncoding = 4;
			isa = PBXFileReference;
			lastKnownFileType = sourcecode.cpp.cpp;
			name = ref_opengl.cpp;
			path = ../Hoe3D/src/ref_opengl.cpp;
			refType = 2;
			sourceTree = SOURCE_ROOT;
		};
		2E7E50F00BE6AC800035D983 = {
			fileEncoding = 4;
			isa = PBXFileReference;
			lastKnownFileType = sourcecode.c.h;
			name = ref_opengl.h;
			path = ../Hoe3D/src/ref_opengl.h;
			refType = 2;
			sourceTree = SOURCE_ROOT;
		};
		2E7E50F10BE6AC800035D983 = {
			fileEncoding = 4;
			isa = PBXFileReference;
			lastKnownFileType = text;
			name = ref_opengl.inl;
			path = ../Hoe3D/src/ref_opengl.inl;
			refType = 2;
			sourceTree = SOURCE_ROOT;
		};
		2E7E50F20BE6AC800035D983 = {
			fileEncoding = 4;
			isa = PBXFileReference;
			lastKnownFileType = sourcecode.cpp.cpp;
			name = ref_utils.cpp;
			path = ../Hoe3D/src/ref_utils.cpp;
			refType = 2;
			sourceTree = SOURCE_ROOT;
		};
		2E7E50F30BE6AC800035D983 = {
			fileEncoding = 4;
			isa = PBXFileReference;
			lastKnownFileType = sourcecode.c.h;
			name = ref_utils.h;
			path = ../Hoe3D/src/ref_utils.h;
			refType = 2;
			sourceTree = SOURCE_ROOT;
		};
		2E7E50F40BE6AC800035D983 = {
			fileEncoding = 4;
			isa = PBXFileReference;
			lastKnownFileType = sourcecode.cpp.cpp;
			name = ref.cpp;
			path = ../Hoe3D/src/ref.cpp;
			refType = 2;
			sourceTree = SOURCE_ROOT;
		};
		2E7E50F50BE6AC800035D983 = {
			fileEncoding = 4;
			isa = PBXFileReference;
			lastKnownFileType = sourcecode.c.h;
			name = ref.h;
			path = ../Hoe3D/src/ref.h;
			refType = 2;
			sourceTree = SOURCE_ROOT;
		};
		2E7E50F60BE6AC800035D983 = {
			fileEncoding = 4;
			isa = PBXFileReference;
			lastKnownFileType = sourcecode.cpp.cpp;
			name = render_target.cpp;
			path = ../Hoe3D/src/render_target.cpp;
			refType = 2;
			sourceTree = SOURCE_ROOT;
		};
		2E7E50F70BE6AC800035D983 = {
			fileEncoding = 4;
			isa = PBXFileReference;
			lastKnownFileType = sourcecode.c.h;
			name = render_target.h;
			path = ../Hoe3D/src/render_target.h;
			refType = 2;
			sourceTree = SOURCE_ROOT;
		};
		2E7E50F80BE6AC800035D983 = {
			fileEncoding = 4;
			isa = PBXFileReference;
			lastKnownFileType = sourcecode.cpp.cpp;
			name = resmgr.cpp;
			path = ../Hoe3D/src/resmgr.cpp;
			refType = 2;
			sourceTree = SOURCE_ROOT;
		};
		2E7E50F90BE6AC800035D983 = {
			fileEncoding = 4;
			isa = PBXFileReference;
			lastKnownFileType = sourcecode.c.h;
			name = resmgr.h;
			path = ../Hoe3D/src/resmgr.h;
			refType = 2;
			sourceTree = SOURCE_ROOT;
		};
		2E7E50FA0BE6AC800035D983 = {
			fileEncoding = 4;
			isa = PBXFileReference;
			lastKnownFileType = sourcecode.cpp.cpp;
			name = scene_base.cpp;
			path = ../Hoe3D/src/scene_base.cpp;
			refType = 2;
			sourceTree = SOURCE_ROOT;
		};
		2E7E50FB0BE6AC800035D983 = {
			fileEncoding = 4;
			isa = PBXFileReference;
			lastKnownFileType = sourcecode.c.h;
			name = scene_base.h;
			path = ../Hoe3D/src/scene_base.h;
			refType = 2;
			sourceTree = SOURCE_ROOT;
		};
		2E7E50FC0BE6AC800035D983 = {
			fileEncoding = 4;
			isa = PBXFileReference;
			lastKnownFileType = sourcecode.cpp.cpp;
			name = scene_env.cpp;
			path = ../Hoe3D/src/scene_env.cpp;
			refType = 2;
			sourceTree = SOURCE_ROOT;
		};
		2E7E50FD0BE6AC800035D983 = {
			fileEncoding = 4;
			isa = PBXFileReference;
			lastKnownFileType = sourcecode.c.h;
			name = scene_env.h;
			path = ../Hoe3D/src/scene_env.h;
			refType = 2;
			sourceTree = SOURCE_ROOT;
		};
		2E7E50FE0BE6AC800035D983 = {
			fileEncoding = 4;
			isa = PBXFileReference;
			lastKnownFileType = sourcecode.cpp.cpp;
			name = scene_graph.cpp;
			path = ../Hoe3D/src/scene_graph.cpp;
			refType = 2;
			sourceTree = SOURCE_ROOT;
		};
		2E7E50FF0BE6AC800035D983 = {
			fileEncoding = 4;
			isa = PBXFileReference;
			lastKnownFileType = sourcecode.c.h;
			name = scene_graph.h;
			path = ../Hoe3D/src/scene_graph.h;
			refType = 2;
			sourceTree = SOURCE_ROOT;
		};
		2E7E51000BE6AC800035D983 = {
			fileEncoding = 4;
			isa = PBXFileReference;
			lastKnownFileType = sourcecode.cpp.cpp;
			name = scene_part.cpp;
			path = ../Hoe3D/src/scene_part.cpp;
			refType = 2;
			sourceTree = SOURCE_ROOT;
		};
		2E7E51010BE6AC800035D983 = {
			fileEncoding = 4;
			isa = PBXFileReference;
			lastKnownFileType = sourcecode.c.h;
			name = scene_part.h;
			path = ../Hoe3D/src/scene_part.h;
			refType = 2;
			sourceTree = SOURCE_ROOT;
		};
		2E7E51020BE6AC800035D983 = {
			fileEncoding = 4;
			isa = PBXFileReference;
			lastKnownFileType = sourcecode.cpp.cpp;
			name = scene.cpp;
			path = ../Hoe3D/src/scene.cpp;
			refType = 2;
			sourceTree = SOURCE_ROOT;
		};
		2E7E51030BE6AC800035D983 = {
			fileEncoding = 4;
			isa = PBXFileReference;
			lastKnownFileType = sourcecode.c.h;
			name = scene.h;
			path = ../Hoe3D/src/scene.h;
			refType = 2;
			sourceTree = SOURCE_ROOT;
		};
		2E7E51040BE6AC800035D983 = {
			fileEncoding = 4;
			isa = PBXFileReference;
			lastKnownFileType = sourcecode.cpp.cpp;
			name = shader_vertex.cpp;
			path = ../Hoe3D/src/shader_vertex.cpp;
			refType = 2;
			sourceTree = SOURCE_ROOT;
		};
		2E7E51050BE6AC800035D983 = {
			fileEncoding = 4;
			isa = PBXFileReference;
			lastKnownFileType = sourcecode.c.h;
			name = shader_vertex.h;
			path = ../Hoe3D/src/shader_vertex.h;
			refType = 2;
			sourceTree = SOURCE_ROOT;
		};
		2E7E51060BE6AC800035D983 = {
			fileEncoding = 4;
			isa = PBXFileReference;
			lastKnownFileType = sourcecode.cpp.cpp;
			name = shared.cpp;
			path = ../Hoe3D/src/shared.cpp;
			refType = 2;
			sourceTree = SOURCE_ROOT;
		};
		2E7E51070BE6AC800035D983 = {
			fileEncoding = 4;
			isa = PBXFileReference;
			lastKnownFileType = sourcecode.c.h;
			name = shared.h;
			path = ../Hoe3D/src/shared.h;
			refType = 2;
			sourceTree = SOURCE_ROOT;
		};
		2E7E510A0BE6AC800035D983 = {
			fileEncoding = 4;
			isa = PBXFileReference;
			lastKnownFileType = sourcecode.cpp.cpp;
			name = sound_al.cpp;
			path = ../Hoe3D/src/sound_al.cpp;
			refType = 2;
			sourceTree = SOURCE_ROOT;
		};
		2E7E510B0BE6AC800035D983 = {
			fileEncoding = 4;
			isa = PBXFileReference;
			lastKnownFileType = sourcecode.c.h;
			name = sound_al.h;
			path = ../Hoe3D/src/sound_al.h;
			refType = 2;
			sourceTree = SOURCE_ROOT;
		};
		2E7E510C0BE6AC800035D983 = {
			fileEncoding = 4;
			isa = PBXFileReference;
			lastKnownFileType = sourcecode.cpp.cpp;
			name = sound_ds.cpp;
			path = ../Hoe3D/src/sound_ds.cpp;
			refType = 2;
			sourceTree = SOURCE_ROOT;
		};
		2E7E510D0BE6AC800035D983 = {
			fileEncoding = 4;
			isa = PBXFileReference;
			lastKnownFileType = sourcecode.c.h;
			name = sound_ds.h;
			path = ../Hoe3D/src/sound_ds.h;
			refType = 2;
			sourceTree = SOURCE_ROOT;
		};
		2E7E510E0BE6AC800035D983 = {
			fileEncoding = 4;
			isa = PBXFileReference;
			lastKnownFileType = sourcecode.cpp.cpp;
			name = sound.cpp;
			path = ../Hoe3D/src/sound.cpp;
			refType = 2;
			sourceTree = SOURCE_ROOT;
		};
		2E7E510F0BE6AC800035D983 = {
			fileEncoding = 4;
			isa = PBXFileReference;
			lastKnownFileType = sourcecode.c.h;
			name = sound.h;
			path = ../Hoe3D/src/sound.h;
			refType = 2;
			sourceTree = SOURCE_ROOT;
		};
		2E7E51100BE6AC800035D983 = {
			fileEncoding = 4;
			isa = PBXFileReference;
			lastKnownFileType = sourcecode.cpp.cpp;
			name = states.cpp;
			path = ../Hoe3D/src/states.cpp;
			refType = 2;
			sourceTree = SOURCE_ROOT;
		};
		2E7E51110BE6AC800035D983 = {
			fileEncoding = 4;
			isa = PBXFileReference;
			lastKnownFileType = sourcecode.c.h;
			name = states.h;
			path = ../Hoe3D/src/states.h;
			refType = 2;
			sourceTree = SOURCE_ROOT;
		};
		2E7E51120BE6AC800035D983 = {
			fileEncoding = 4;
			isa = PBXFileReference;
			lastKnownFileType = sourcecode.c.h;
			name = StdAfx.h;
			path = ../Hoe3D/src/StdAfx.h;
			refType = 2;
			sourceTree = SOURCE_ROOT;
		};
		2E7E51130BE6AC800035D983 = {
			fileEncoding = 4;
			isa = PBXFileReference;
			lastKnownFileType = sourcecode.cpp.cpp;
			name = structures.cpp;
			path = ../Hoe3D/src/structures.cpp;
			refType = 2;
			sourceTree = SOURCE_ROOT;
		};
		2E7E51140BE6AC800035D983 = {
			fileEncoding = 4;
			isa = PBXFileReference;
			lastKnownFileType = sourcecode.cpp.cpp;
			name = Surface.cpp;
			path = ../Hoe3D/src/Surface.cpp;
			refType = 2;
			sourceTree = SOURCE_ROOT;
		};
		2E7E51150BE6AC800035D983 = {
			fileEncoding = 4;
			isa = PBXFileReference;
			lastKnownFileType = sourcecode.c.h;
			name = Surface.h;
			path = ../Hoe3D/src/Surface.h;
			refType = 2;
			sourceTree = SOURCE_ROOT;
		};
		2E7E51160BE6AC800035D983 = {
			fileEncoding = 4;
			isa = PBXFileReference;
			lastKnownFileType = sourcecode.cpp.cpp;
			name = texture_converter.cpp;
			path = ../Hoe3D/src/texture_converter.cpp;
			refType = 2;
			sourceTree = SOURCE_ROOT;
		};
		2E7E51170BE6AC800035D983 = {
			fileEncoding = 4;
			isa = PBXFileReference;
			lastKnownFileType = sourcecode.c.h;
			name = texture_converter.h;
			path = ../Hoe3D/src/texture_converter.h;
			refType = 2;
			sourceTree = SOURCE_ROOT;
		};
		2E7E51180BE6AC800035D983 = {
			fileEncoding = 4;
			isa = PBXFileReference;
			lastKnownFileType = sourcecode.cpp.cpp;
			name = texture_convjpg.cpp;
			path = ../Hoe3D/src/texture_convjpg.cpp;
			refType = 2;
			sourceTree = SOURCE_ROOT;
		};
		2E7E51190BE6AC800035D983 = {
			fileEncoding = 4;
			isa = PBXFileReference;
			lastKnownFileType = sourcecode.cpp.cpp;
			name = texture_convpng.cpp;
			path = ../Hoe3D/src/texture_convpng.cpp;
			refType = 2;
			sourceTree = SOURCE_ROOT;
		};
		2E7E511A0BE6AC800035D983 = {
			fileEncoding = 4;
			isa = PBXFileReference;
			lastKnownFileType = sourcecode.cpp.cpp;
			name = texture_loader.cpp;
			path = ../Hoe3D/src/texture_loader.cpp;
			refType = 2;
			sourceTree = SOURCE_ROOT;
		};
		2E7E511B0BE6AC800035D983 = {
			fileEncoding = 4;
			isa = PBXFileReference;
			lastKnownFileType = sourcecode.c.h;
			name = texture_loader.h;
			path = ../Hoe3D/src/texture_loader.h;
			refType = 2;
			sourceTree = SOURCE_ROOT;
		};
		2E7E511C0BE6AC800035D983 = {
			fileEncoding = 4;
			isa = PBXFileReference;
			lastKnownFileType = sourcecode.cpp.cpp;
			name = texture_system.cpp;
			path = ../Hoe3D/src/texture_system.cpp;
			refType = 2;
			sourceTree = SOURCE_ROOT;
		};
		2E7E511D0BE6AC800035D983 = {
			fileEncoding = 4;
			isa = PBXFileReference;
			lastKnownFileType = sourcecode.c.h;
			name = texture_system.h;
			path = ../Hoe3D/src/texture_system.h;
			refType = 2;
			sourceTree = SOURCE_ROOT;
		};
		2E7E511E0BE6AC800035D983 = {
			fileEncoding = 4;
			isa = PBXFileReference;
			lastKnownFileType = sourcecode.cpp.cpp;
			name = unicode.cpp;
			path = ../Hoe3D/src/unicode.cpp;
			refType = 2;
			sourceTree = SOURCE_ROOT;
		};
		2E7E511F0BE6AC800035D983 = {
			fileEncoding = 4;
			isa = PBXFileReference;
			lastKnownFileType = sourcecode.c.h;
			name = unicode.h;
			path = ../Hoe3D/src/unicode.h;
			refType = 2;
			sourceTree = SOURCE_ROOT;
		};
		2E7E51200BE6AC800035D983 = {
			fileEncoding = 4;
			isa = PBXFileReference;
			lastKnownFileType = sourcecode.cpp.cpp;
			name = utils.cpp;
			path = ../Hoe3D/src/utils.cpp;
			refType = 2;
			sourceTree = SOURCE_ROOT;
		};
		2E7E51210BE6AC800035D983 = {
			fileEncoding = 4;
			isa = PBXFileReference;
			lastKnownFileType = sourcecode.c.h;
			name = utils.h;
			path = ../Hoe3D/src/utils.h;
			refType = 2;
			sourceTree = SOURCE_ROOT;
		};
		2E7E51230BE6ACF00035D983 = {
			fileRef = 2E7E508A0BE6AC7F0035D983;
			isa = PBXBuildFile;
			settings = {
			};
		};
		2E7E51240BE6ACF00035D983 = {
			fileRef = 2E7E508B0BE6AC7F0035D983;
			isa = PBXBuildFile;
			settings = {
			};
		};
		2E7E51250BE6ACF00035D983 = {
			fileRef = 2E7E508C0BE6AC7F0035D983;
			isa = PBXBuildFile;
			settings = {
			};
		};
		2E7E51260BE6ACF00035D983 = {
			fileRef = 2E7E508D0BE6AC7F0035D983;
			isa = PBXBuildFile;
			settings = {
			};
		};
		2E7E51270BE6ACF00035D983 = {
			fileRef = 2E7E508F0BE6AC7F0035D983;
			isa = PBXBuildFile;
			settings = {
			};
		};
		2E7E51280BE6ACF00035D983 = {
			fileRef = 2E7E50900BE6AC7F0035D983;
			isa = PBXBuildFile;
			settings = {
			};
		};
		2E7E51290BE6ACF00035D983 = {
			fileRef = 2E7E508E0BE6AC7F0035D983;
			isa = PBXBuildFile;
			settings = {
			};
		};
		2E7E512C0BE6ACF00035D983 = {
			fileRef = 2E7E50930BE6AC7F0035D983;
			isa = PBXBuildFile;
			settings = {
			};
		};
		2E7E512D0BE6ACF00035D983 = {
			fileRef = 2E7E50940BE6AC7F0035D983;
			isa = PBXBuildFile;
			settings = {
			};
		};
		2E7E512E0BE6ACF00035D983 = {
			fileRef = 2E7E50950BE6AC7F0035D983;
			isa = PBXBuildFile;
			settings = {
			};
		};
		2E7E512F0BE6ACF00035D983 = {
			fileRef = 2E7E50960BE6AC7F0035D983;
			isa = PBXBuildFile;
			settings = {
			};
		};
		2E7E51300BE6ACF00035D983 = {
			fileRef = 2E7E50970BE6AC800035D983;
			isa = PBXBuildFile;
			settings = {
			};
		};
		2E7E51310BE6ACF00035D983 = {
			fileRef = 2E7E50980BE6AC800035D983;
			isa = PBXBuildFile;
			settings = {
			};
		};
		2E7E51320BE6ACF00035D983 = {
			fileRef = 2E7E50990BE6AC800035D983;
			isa = PBXBuildFile;
			settings = {
			};
		};
		2E7E51330BE6ACF00035D983 = {
			fileRef = 2E7E509A0BE6AC800035D983;
			isa = PBXBuildFile;
			settings = {
			};
		};
		2E7E51340BE6ACF00035D983 = {
			fileRef = 2E7E509B0BE6AC800035D983;
			isa = PBXBuildFile;
			settings = {
			};
		};
		2E7E51350BE6ACF00035D983 = {
			fileRef = 2E7E50C00BE6AC800035D983;
			isa = PBXBuildFile;
			settings = {
			};
		};
		2E7E51360BE6ACF00035D983 = {
			fileRef = 2E7E50C10BE6AC800035D983;
			isa = PBXBuildFile;
			settings = {
			};
		};
		2E7E51370BE6ACF00035D983 = {
			fileRef = 2E7E50C20BE6AC800035D983;
			isa = PBXBuildFile;
			settings = {
			};
		};
		2E7E51380BE6ACF00035D983 = {
			fileRef = 2E7E50C30BE6AC800035D983;
			isa = PBXBuildFile;
			settings = {
			};
		};
		2E7E51390BE6ACF00035D983 = {
			fileRef = 2E7E509C0BE6AC800035D983;
			isa = PBXBuildFile;
			settings = {
			};
		};
		2E7E513A0BE6ACF00035D983 = {
			fileRef = 2E7E509D0BE6AC800035D983;
			isa = PBXBuildFile;
			settings = {
			};
		};
		2E7E513B0BE6ACF00035D983 = {
			fileRef = 2E7E509E0BE6AC800035D983;
			isa = PBXBuildFile;
			settings = {
			};
		};
		2E7E513C0BE6ACF00035D983 = {
			fileRef = 2E7E509F0BE6AC800035D983;
			isa = PBXBuildFile;
			settings = {
			};
		};
		2E7E513D0BE6ACF00035D983 = {
			fileRef = 2E7E50A00BE6AC800035D983;
			isa = PBXBuildFile;
			settings = {
			};
		};
		2E7E513E0BE6ACF00035D983 = {
			fileRef = 2E7E50A10BE6AC800035D983;
			isa = PBXBuildFile;
			settings = {
			};
		};
		2E7E513F0BE6ACF00035D983 = {
			fileRef = 2E7E50A20BE6AC800035D983;
			isa = PBXBuildFile;
			settings = {
			};
		};
		2E7E51400BE6ACF00035D983 = {
			fileRef = 2E7E50A30BE6AC800035D983;
			isa = PBXBuildFile;
			settings = {
			};
		};
		2E7E51410BE6ACF00035D983 = {
			fileRef = 2E7E50AB0BE6AC800035D983;
			isa = PBXBuildFile;
			settings = {
			};
		};
		2E7E51420BE6ACF00035D983 = {
			fileRef = 2E7E50AC0BE6AC800035D983;
			isa = PBXBuildFile;
			settings = {
			};
		};
		2E7E51430BE6ACF00035D983 = {
			fileRef = 2E7E50A40BE6AC800035D983;
			isa = PBXBuildFile;
			settings = {
			};
		};
		2E7E51440BE6ACF00035D983 = {
			fileRef = 2E7E50A50BE6AC800035D983;
			isa = PBXBuildFile;
			settings = {
			};
		};
		2E7E51450BE6ACF00035D983 = {
			fileRef = 2E7E50A60BE6AC800035D983;
			isa = PBXBuildFile;
			settings = {
			};
		};
		2E7E51460BE6ACF00035D983 = {
			fileRef = 2E7E50A70BE6AC800035D983;
			isa = PBXBuildFile;
			settings = {
			};
		};
		2E7E51470BE6ACF00035D983 = {
			fileRef = 2E7E50A80BE6AC800035D983;
			isa = PBXBuildFile;
			settings = {
			};
		};
		2E7E51480BE6ACF00035D983 = {
			fileRef = 2E7E50A90BE6AC800035D983;
			isa = PBXBuildFile;
			settings = {
			};
		};
		2E7E51490BE6ACF00035D983 = {
			fileRef = 2E7E50AA0BE6AC800035D983;
			isa = PBXBuildFile;
			settings = {
			};
		};
		2E7E514A0BE6ACF00035D983 = {
			fileRef = 2E7E50AD0BE6AC800035D983;
			isa = PBXBuildFile;
			settings = {
			};
		};
		2E7E51500BE6ACF00035D983 = {
			fileRef = 2E7E50B30BE6AC800035D983;
			isa = PBXBuildFile;
			settings = {
			};
		};
		2E7E51510BE6ACF00035D983 = {
			fileRef = 2E7E50B40BE6AC800035D983;
			isa = PBXBuildFile;
			settings = {
			};
		};
		2E7E51520BE6ACF00035D983 = {
			fileRef = 2E7E50B50BE6AC800035D983;
			isa = PBXBuildFile;
			settings = {
			};
		};
		2E7E51530BE6ACF00035D983 = {
			fileRef = 2E7E50B60BE6AC800035D983;
			isa = PBXBuildFile;
			settings = {
			};
		};
		2E7E51540BE6ACF00035D983 = {
			fileRef = 2E7E50B70BE6AC800035D983;
			isa = PBXBuildFile;
			settings = {
			};
		};
		2E7E51550BE6ACF10035D983 = {
			fileRef = 2E7E50B80BE6AC800035D983;
			isa = PBXBuildFile;
			settings = {
			};
		};
		2E7E51560BE6ACF10035D983 = {
			fileRef = 2E7E50B90BE6AC800035D983;
			isa = PBXBuildFile;
			settings = {
			};
		};
		2E7E51570BE6ACF10035D983 = {
			fileRef = 2E7E50BA0BE6AC800035D983;
			isa = PBXBuildFile;
			settings = {
			};
		};
		2E7E51580BE6ACF10035D983 = {
			fileRef = 2E7E50BB0BE6AC800035D983;
			isa = PBXBuildFile;
			settings = {
			};
		};
		2E7E51590BE6ACF10035D983 = {
			fileRef = 2E7E50BC0BE6AC800035D983;
			isa = PBXBuildFile;
			settings = {
			};
		};
		2E7E515A0BE6ACF10035D983 = {
			fileRef = 2E7E50BD0BE6AC800035D983;
			isa = PBXBuildFile;
			settings = {
			};
		};
		2E7E515B0BE6ACF10035D983 = {
			fileRef = 2E7E50BE0BE6AC800035D983;
			isa = PBXBuildFile;
			settings = {
			};
		};
		2E7E515C0BE6ACF10035D983 = {
			fileRef = 2E7E50BF0BE6AC800035D983;
			isa = PBXBuildFile;
			settings = {
			};
		};
		2E7E515D0BE6ACF10035D983 = {
			fileRef = 2E7E50C40BE6AC800035D983;
			isa = PBXBuildFile;
			settings = {
			};
		};
		2E7E515E0BE6ACF10035D983 = {
			fileRef = 2E7E50C50BE6AC800035D983;
			isa = PBXBuildFile;
			settings = {
			};
		};
		2E7E515F0BE6ACF10035D983 = {
			fileRef = 2E7E50C70BE6AC800035D983;
			isa = PBXBuildFile;
			settings = {
			};
		};
		2E7E51600BE6ACF10035D983 = {
			fileRef = 2E7E50C60BE6AC800035D983;
			isa = PBXBuildFile;
			settings = {
			};
		};
		2E7E51610BE6ACF10035D983 = {
			fileRef = 2E7E50C80BE6AC800035D983;
			isa = PBXBuildFile;
			settings = {
			};
		};
		2E7E51620BE6ACF10035D983 = {
			fileRef = 2E7E50CB0BE6AC800035D983;
			isa = PBXBuildFile;
			settings = {
			};
		};
		2E7E51630BE6ACF10035D983 = {
			fileRef = 2E7E50CC0BE6AC800035D983;
			isa = PBXBuildFile;
			settings = {
			};
		};
		2E7E51640BE6ACF10035D983 = {
			fileRef = 2E7E50C90BE6AC800035D983;
			isa = PBXBuildFile;
			settings = {
			};
		};
		2E7E51650BE6ACF10035D983 = {
			fileRef = 2E7E50CA0BE6AC800035D983;
			isa = PBXBuildFile;
			settings = {
			};
		};
		2E7E51660BE6ACF10035D983 = {
			fileRef = 2E7E50CD0BE6AC800035D983;
			isa = PBXBuildFile;
			settings = {
			};
		};
		2E7E51670BE6ACF10035D983 = {
			fileRef = 2E7E50CE0BE6AC800035D983;
			isa = PBXBuildFile;
			settings = {
			};
		};
		2E7E51680BE6ACF10035D983 = {
			fileRef = 2E7E50CF0BE6AC800035D983;
			isa = PBXBuildFile;
			settings = {
			};
		};
		2E7E51690BE6ACF10035D983 = {
			fileRef = 2E7E50D00BE6AC800035D983;
			isa = PBXBuildFile;
			settings = {
			};
		};
		2E7E516A0BE6ACF10035D983 = {
			fileRef = 2E7E50D10BE6AC800035D983;
			isa = PBXBuildFile;
			settings = {
			};
		};
		2E7E516B0BE6ACF10035D983 = {
			fileRef = 2E7E50D20BE6AC800035D983;
			isa = PBXBuildFile;
			settings = {
			};
		};
		2E7E516C0BE6ACF10035D983 = {
			fileRef = 2E7E50D30BE6AC800035D983;
			isa = PBXBuildFile;
			settings = {
			};
		};
		2E7E516D0BE6ACF10035D983 = {
			fileRef = 2E7E50D40BE6AC800035D983;
			isa = PBXBuildFile;
			settings = {
			};
		};
		2E7E516E0BE6ACF10035D983 = {
			fileRef = 2E7E50D50BE6AC800035D983;
			isa = PBXBuildFile;
			settings = {
			};
		};
		2E7E516F0BE6ACF10035D983 = {
			fileRef = 2E7E50D60BE6AC800035D983;
			isa = PBXBuildFile;
			settings = {
			};
		};
		2E7E51700BE6ACF10035D983 = {
			fileRef = 2E7E50D70BE6AC800035D983;
			isa = PBXBuildFile;
			settings = {
			};
		};
		2E7E51710BE6ACF10035D983 = {
			fileRef = 2E7E50D80BE6AC800035D983;
			isa = PBXBuildFile;
			settings = {
			};
		};
		2E7E51720BE6ACF10035D983 = {
			fileRef = 2E7E50D90BE6AC800035D983;
			isa = PBXBuildFile;
			settings = {
			};
		};
		2E7E51730BE6ACF10035D983 = {
			fileRef = 2E7E50DA0BE6AC800035D983;
			isa = PBXBuildFile;
			settings = {
			};
		};
		2E7E51740BE6ACF10035D983 = {
			fileRef = 2E7E50DB0BE6AC800035D983;
			isa = PBXBuildFile;
			settings = {
			};
		};
		2E7E51770BE6ACF10035D983 = {
			fileRef = 2E7E50DE0BE6AC800035D983;
			isa = PBXBuildFile;
			settings = {
			};
		};
		2E7E51780BE6ACF10035D983 = {
			fileRef = 2E7E50DF0BE6AC800035D983;
			isa = PBXBuildFile;
			settings = {
			};
		};
		2E7E51790BE6ACF10035D983 = {
			fileRef = 2E7E50E00BE6AC800035D983;
			isa = PBXBuildFile;
			settings = {
			};
		};
		2E7E517A0BE6ACF10035D983 = {
			fileRef = 2E7E50E10BE6AC800035D983;
			isa = PBXBuildFile;
			settings = {
			};
		};
		2E7E517D0BE6ACF10035D983 = {
			fileRef = 2E7E50F40BE6AC800035D983;
			isa = PBXBuildFile;
			settings = {
			};
		};
		2E7E517E0BE6ACF10035D983 = {
			fileRef = 2E7E50F50BE6AC800035D983;
			isa = PBXBuildFile;
			settings = {
			};
		};
		2E7E517F0BE6ACF10035D983 = {
			fileRef = 2E7E50E40BE6AC800035D983;
			isa = PBXBuildFile;
			settings = {
			};
		};
		2E7E51800BE6ACF10035D983 = {
			fileRef = 2E7E50E50BE6AC800035D983;
			isa = PBXBuildFile;
			settings = {
			};
		};
		2E7E51880BE6ACF10035D983 = {
			fileRef = 2E7E50EF0BE6AC800035D983;
			isa = PBXBuildFile;
			settings = {
			};
		};
		2E7E51890BE6ACF10035D983 = {
			fileRef = 2E7E50F00BE6AC800035D983;
			isa = PBXBuildFile;
			settings = {
			};
		};
		2E7E518A0BE6ACF10035D983 = {
			fileRef = 2E7E50F10BE6AC800035D983;
			isa = PBXBuildFile;
			settings = {
			};
		};
		2E7E518B0BE6ACF10035D983 = {
			fileRef = 2E7E50ED0BE6AC800035D983;
			isa = PBXBuildFile;
			settings = {
			};
		};
		2E7E518C0BE6ACF10035D983 = {
			fileRef = 2E7E50EE0BE6AC800035D983;
			isa = PBXBuildFile;
			settings = {
			};
		};
		2E7E518D0BE6ACF10035D983 = {
			fileRef = 2E7E50F20BE6AC800035D983;
			isa = PBXBuildFile;
			settings = {
			};
		};
		2E7E518E0BE6ACF10035D983 = {
			fileRef = 2E7E50F30BE6AC800035D983;
			isa = PBXBuildFile;
			settings = {
			};
		};
		2E7E518F0BE6ACF10035D983 = {
			fileRef = 2E7E50F60BE6AC800035D983;
			isa = PBXBuildFile;
			settings = {
			};
		};
		2E7E51900BE6ACF10035D983 = {
			fileRef = 2E7E50F70BE6AC800035D983;
			isa = PBXBuildFile;
			settings = {
			};
		};
		2E7E51910BE6ACF10035D983 = {
			fileRef = 2E7E50F80BE6AC800035D983;
			isa = PBXBuildFile;
			settings = {
			};
		};
		2E7E51920BE6ACF10035D983 = {
			fileRef = 2E7E50F90BE6AC800035D983;
			isa = PBXBuildFile;
			settings = {
			};
		};
		2E7E51930BE6ACF10035D983 = {
			fileRef = 2E7E51020BE6AC800035D983;
			isa = PBXBuildFile;
			settings = {
			};
		};
		2E7E51940BE6ACF10035D983 = {
			fileRef = 2E7E51030BE6AC800035D983;
			isa = PBXBuildFile;
			settings = {
			};
		};
		2E7E51950BE6ACF10035D983 = {
			fileRef = 2E7E50FA0BE6AC800035D983;
			isa = PBXBuildFile;
			settings = {
			};
		};
		2E7E51960BE6ACF10035D983 = {
			fileRef = 2E7E50FB0BE6AC800035D983;
			isa = PBXBuildFile;
			settings = {
			};
		};
		2E7E51970BE6ACF10035D983 = {
			fileRef = 2E7E50FC0BE6AC800035D983;
			isa = PBXBuildFile;
			settings = {
			};
		};
		2E7E51980BE6ACF10035D983 = {
			fileRef = 2E7E50FD0BE6AC800035D983;
			isa = PBXBuildFile;
			settings = {
			};
		};
		2E7E51990BE6ACF10035D983 = {
			fileRef = 2E7E50FE0BE6AC800035D983;
			isa = PBXBuildFile;
			settings = {
			};
		};
		2E7E519A0BE6ACF10035D983 = {
			fileRef = 2E7E50FF0BE6AC800035D983;
			isa = PBXBuildFile;
			settings = {
			};
		};
		2E7E519B0BE6ACF10035D983 = {
			fileRef = 2E7E51000BE6AC800035D983;
			isa = PBXBuildFile;
			settings = {
			};
		};
		2E7E519C0BE6ACF10035D983 = {
			fileRef = 2E7E51010BE6AC800035D983;
			isa = PBXBuildFile;
			settings = {
			};
		};
		2E7E519D0BE6ACF10035D983 = {
			fileRef = 2E7E51040BE6AC800035D983;
			isa = PBXBuildFile;
			settings = {
			};
		};
		2E7E519E0BE6ACF10035D983 = {
			fileRef = 2E7E51050BE6AC800035D983;
			isa = PBXBuildFile;
			settings = {
			};
		};
		2E7E519F0BE6ACF10035D983 = {
			fileRef = 2E7E51060BE6AC800035D983;
			isa = PBXBuildFile;
			settings = {
			};
		};
		2E7E51A00BE6ACF10035D983 = {
			fileRef = 2E7E51070BE6AC800035D983;
			isa = PBXBuildFile;
			settings = {
			};
		};
		2E7E51A30BE6ACF10035D983 = {
			fileRef = 2E7E510E0BE6AC800035D983;
			isa = PBXBuildFile;
			settings = {
			};
		};
		2E7E51A40BE6ACF10035D983 = {
			fileRef = 2E7E510F0BE6AC800035D983;
			isa = PBXBuildFile;
			settings = {
			};
		};
		2E7E51A50BE6ACF10035D983 = {
			fileRef = 2E7E510A0BE6AC800035D983;
			isa = PBXBuildFile;
			settings = {
			};
		};
		2E7E51A60BE6ACF10035D983 = {
			fileRef = 2E7E510B0BE6AC800035D983;
			isa = PBXBuildFile;
			settings = {
			};
		};
		2E7E51A90BE6ACF10035D983 = {
			fileRef = 2E7E51100BE6AC800035D983;
			isa = PBXBuildFile;
			settings = {
			};
		};
		2E7E51AA0BE6ACF10035D983 = {
			fileRef = 2E7E51110BE6AC800035D983;
			isa = PBXBuildFile;
			settings = {
			};
		};
		2E7E51AB0BE6ACF10035D983 = {
			fileRef = 2E7E51120BE6AC800035D983;
			isa = PBXBuildFile;
			settings = {
			};
		};
		2E7E51AF0BE6ACF10035D983 = {
			fileRef = 2E7E51160BE6AC800035D983;
			isa = PBXBuildFile;
			settings = {
			};
		};
		2E7E51B00BE6ACF10035D983 = {
			fileRef = 2E7E51170BE6AC800035D983;
			isa = PBXBuildFile;
			settings = {
			};
		};
		2E7E51B10BE6ACF10035D983 = {
			fileRef = 2E7E51180BE6AC800035D983;
			isa = PBXBuildFile;
			settings = {
			};
		};
		2E7E51B20BE6ACF10035D983 = {
			fileRef = 2E7E51190BE6AC800035D983;
			isa = PBXBuildFile;
			settings = {
			};
		};
		2E7E51B30BE6ACF10035D983 = {
			fileRef = 2E7E511A0BE6AC800035D983;
			isa = PBXBuildFile;
			settings = {
			};
		};
		2E7E51B40BE6ACF10035D983 = {
			fileRef = 2E7E511B0BE6AC800035D983;
			isa = PBXBuildFile;
			settings = {
			};
		};
		2E7E51B50BE6ACF10035D983 = {
			fileRef = 2E7E511C0BE6AC800035D983;
			isa = PBXBuildFile;
			settings = {
			};
		};
		2E7E51B60BE6ACF10035D983 = {
			fileRef = 2E7E511D0BE6AC800035D983;
			isa = PBXBuildFile;
			settings = {
			};
		};
		2E7E51B70BE6ACF10035D983 = {
			fileRef = 2E7E511E0BE6AC800035D983;
			isa = PBXBuildFile;
			settings = {
			};
		};
		2E7E51B80BE6ACF10035D983 = {
			fileRef = 2E7E511F0BE6AC800035D983;
			isa = PBXBuildFile;
			settings = {
			};
		};
		2E7E51B90BE6ACF10035D983 = {
			fileRef = 2E7E51200BE6AC800035D983;
			isa = PBXBuildFile;
			settings = {
			};
		};
		2E7E51BA0BE6ACF10035D983 = {
			fileRef = 2E7E51210BE6AC800035D983;
			isa = PBXBuildFile;
			settings = {
			};
		};
		2E84D2470BE68A3400DA51A1 = {
			children = (
				2E4CB8810BE7526E000BA876,
				2E7E50870BE6AC2A0035D983,
				2E84D25A0BE68B1B00DA51A1,
				2E84D2690BE68B8400DA51A1,
			);
			isa = PBXGroup;
			refType = 4;
			sourceTree = "<group>";
		};
		2E84D2490BE68A3400DA51A1 = {
			buildRules = (
			);
			buildSettings = {
				COPY_PHASE_STRIP = NO;
			};
			isa = PBXBuildStyle;
			name = Development;
		};
		2E84D24A0BE68A3400DA51A1 = {
			buildRules = (
			);
			buildSettings = {
				COPY_PHASE_STRIP = YES;
			};
			isa = PBXBuildStyle;
			name = Deployment;
		};
		2E84D24B0BE68A3400DA51A1 = {
			buildSettings = {
			};
			buildStyles = (
				2E84D2490BE68A3400DA51A1,
				2E84D24A0BE68A3400DA51A1,
			);
			hasScannedForEncodings = 1;
			isa = PBXProject;
			mainGroup = 2E84D2470BE68A3400DA51A1;
			productRefGroup = 2E84D2690BE68B8400DA51A1;
			projectDirPath = "";
			targets = (
				2E84D2670BE68B8400DA51A1,
				2E7E50830BE6ABDE0035D983,
				2E4CB88A0BE7529E000BA876,
			);
		};
		2E84D2540BE68B0F00DA51A1 = {
			fileEncoding = 4;
			isa = PBXFileReference;
			lastKnownFileType = sourcecode.cpp.cpp;
			name = hoe_core.cpp;
			path = ../HoeCore/src/hoe_core.cpp;
			refType = 2;
			sourceTree = SOURCE_ROOT;
		};
		2E84D2550BE68B0F00DA51A1 = {
			fileEncoding = 4;
			isa = PBXFileReference;
			lastKnownFileType = sourcecode.cpp.cpp;
			name = hoe_log.cpp;
			path = ../HoeCore/src/hoe_log.cpp;
			refType = 2;
			sourceTree = SOURCE_ROOT;
		};
		2E84D2560BE68B0F00DA51A1 = {
			fileEncoding = 4;
			isa = PBXFileReference;
			lastKnownFileType = sourcecode.cpp.cpp;
			name = hoe_math.cpp;
			path = ../HoeCore/src/hoe_math.cpp;
			refType = 2;
			sourceTree = SOURCE_ROOT;
		};
		2E84D2570BE68B0F00DA51A1 = {
			fileEncoding = 4;
			isa = PBXFileReference;
			lastKnownFileType = sourcecode.cpp.cpp;
			name = hoe_string.cpp;
			path = ../HoeCore/src/hoe_string.cpp;
			refType = 2;
			sourceTree = SOURCE_ROOT;
		};
		2E84D2580BE68B0F00DA51A1 = {
			fileEncoding = 4;
			isa = PBXFileReference;
			lastKnownFileType = sourcecode.cpp.cpp;
			name = hoe_universal.cpp;
			path = ../HoeCore/src/hoe_universal.cpp;
			refType = 2;
			sourceTree = SOURCE_ROOT;
		};
		2E84D2590BE68B0F00DA51A1 = {
			fileEncoding = 4;
			isa = PBXFileReference;
			lastKnownFileType = sourcecode.c.h;
			name = StdAfx.h;
			path = ../HoeCore/src/StdAfx.h;
			refType = 2;
			sourceTree = SOURCE_ROOT;
		};
		2E84D25A0BE68B1B00DA51A1 = {
			children = (
				2E84D25B0BE68B5700DA51A1,
				2E84D25C0BE68B5700DA51A1,
				2E84D25D0BE68B5700DA51A1,
				2E84D25E0BE68B5700DA51A1,
				2E84D25F0BE68B5700DA51A1,
				2E84D2600BE68B5700DA51A1,
				2E84D2610BE68B5700DA51A1,
				2E84D2620BE68B5700DA51A1,
				2E84D2630BE68B5700DA51A1,
				2E84D2640BE68B5700DA51A1,
				2E84D2540BE68B0F00DA51A1,
				2E84D2550BE68B0F00DA51A1,
				2E84D2560BE68B0F00DA51A1,
				2E84D2570BE68B0F00DA51A1,
				2E84D2580BE68B0F00DA51A1,
				2E84D2590BE68B0F00DA51A1,
			);
			isa = PBXGroup;
			name = HoeCore;
			refType = 4;
			sourceTree = "<group>";
		};
		2E84D25B0BE68B5700DA51A1 = {
			fileEncoding = 4;
			isa = PBXFileReference;
			lastKnownFileType = sourcecode.c.h;
			name = hoe_core.h;
			path = ../HoeCore/include/hoe_core.h;
			refType = 2;
			sourceTree = SOURCE_ROOT;
		};
		2E84D25C0BE68B5700DA51A1 = {
			fileEncoding = 4;
			isa = PBXFileReference;
			lastKnownFileType = sourcecode.c.h;
			name = hoe_log.h;
			path = ../HoeCore/include/hoe_log.h;
			refType = 2;
			sourceTree = SOURCE_ROOT;
		};
		2E84D25D0BE68B5700DA51A1 = {
			fileEncoding = 4;
			isa = PBXFileReference;
			lastKnownFileType = sourcecode.c.h;
			name = hoe_math_def.h;
			path = ../HoeCore/include/hoe_math_def.h;
			refType = 2;
			sourceTree = SOURCE_ROOT;
		};
		2E84D25E0BE68B5700DA51A1 = {
			fileEncoding = 4;
			isa = PBXFileReference;
			lastKnownFileType = sourcecode.c.h;
			name = hoe_math_ext.h;
			path = ../HoeCore/include/hoe_math_ext.h;
			refType = 2;
			sourceTree = SOURCE_ROOT;
		};
		2E84D25F0BE68B5700DA51A1 = {
			fileEncoding = 4;
			isa = PBXFileReference;
			lastKnownFileType = sourcecode.c.h;
			name = hoe_math.h;
			path = ../HoeCore/include/hoe_math.h;
			refType = 2;
			sourceTree = SOURCE_ROOT;
		};
		2E84D2600BE68B5700DA51A1 = {
			fileEncoding = 4;
			isa = PBXFileReference;
			lastKnownFileType = text;
			name = hoe_math.inl;
			path = ../HoeCore/include/hoe_math.inl;
			refType = 2;
			sourceTree = SOURCE_ROOT;
		};
		2E84D2610BE68B5700DA51A1 = {
			fileEncoding = 4;
			isa = PBXFileReference;
			lastKnownFileType = sourcecode.c.h;
			name = hoe_string.h;
			path = ../HoeCore/include/hoe_string.h;
			refType = 2;
			sourceTree = SOURCE_ROOT;
		};
		2E84D2620BE68B5700DA51A1 = {
			fileEncoding = 4;
			isa = PBXFileReference;
			lastKnownFileType = sourcecode.c.h;
			name = hoe_structures.h;
			path = ../HoeCore/include/hoe_structures.h;
			refType = 2;
			sourceTree = SOURCE_ROOT;
		};
		2E84D2630BE68B5700DA51A1 = {
			fileEncoding = 4;
			isa = PBXFileReference;
			lastKnownFileType = sourcecode.c.h;
			name = hoe_types.h;
			path = ../HoeCore/include/hoe_types.h;
			refType = 2;
			sourceTree = SOURCE_ROOT;
		};
		2E84D2640BE68B5700DA51A1 = {
			fileEncoding = 4;
			isa = PBXFileReference;
			lastKnownFileType = sourcecode.c.h;
			name = hoe_universal.h;
			path = ../HoeCore/include/hoe_universal.h;
			refType = 2;
			sourceTree = SOURCE_ROOT;
		};
		2E84D2650BE68B8400DA51A1 = {
			buildActionMask = 2147483647;
			files = (
			);
			isa = PBXHeadersBuildPhase;
			runOnlyForDeploymentPostprocessing = 0;
		};
		2E84D2660BE68B8400DA51A1 = {
			buildActionMask = 2147483647;
			files = (
				2E84D26C0BE68BBA00DA51A1,
				2E84D26D0BE68BBA00DA51A1,
				2E84D26E0BE68BBA00DA51A1,
				2E84D26F0BE68BBA00DA51A1,
				2E84D2700BE68BBA00DA51A1,
				2E84D2710BE68BBA00DA51A1,
				2E84D2720BE68BBA00DA51A1,
				2E84D2730BE68BBA00DA51A1,
				2E84D2740BE68BBA00DA51A1,
				2E84D2750BE68BBA00DA51A1,
				2E84D2760BE68BBA00DA51A1,
				2E84D2770BE68BBA00DA51A1,
				2E84D2780BE68BBA00DA51A1,
				2E84D2790BE68BBA00DA51A1,
				2E84D27A0BE68BBA00DA51A1,
				2E84D27B0BE68BBA00DA51A1,
			);
			isa = PBXSourcesBuildPhase;
			runOnlyForDeploymentPostprocessing = 0;
		};
		2E84D2670BE68B8400DA51A1 = {
			buildPhases = (
				2E84D2650BE68B8400DA51A1,
				2E84D2660BE68B8400DA51A1,
			);
			buildRules = (
			);
			buildSettings = {
				GCC_PREPROCESSOR_DEFINITIONS = _MACOSX;
				GCC_WARN_FOUR_CHARACTER_CONSTANTS = NO;
				GCC_WARN_UNKNOWN_PRAGMAS = NO;
				INSTALL_PATH = /usr/local/lib;
				LIBRARY_STYLE = STATIC;
				OTHER_LDFLAGS = "";
				OTHER_REZFLAGS = "";
				PRODUCT_NAME = HoeCore;
				SECTORDER_FLAGS = "";
				WARNING_CFLAGS = "-Wmost";
			};
			dependencies = (
			);
			isa = PBXNativeTarget;
			name = HoeCore;
			productName = HoeCore;
			productReference = 2E84D2680BE68B8400DA51A1;
			productType = "com.apple.product-type.library.static";
		};
		2E84D2680BE68B8400DA51A1 = {
			explicitFileType = archive.ar;
			includeInIndex = 0;
			isa = PBXFileReference;
			path = libHoeCore.a;
			refType = 3;
			sourceTree = BUILT_PRODUCTS_DIR;
		};
		2E84D2690BE68B8400DA51A1 = {
			children = (
				2E84D2680BE68B8400DA51A1,
				2E7E50840BE6ABDE0035D983,
				2E4CB88B0BE7529E000BA876,
			);
			isa = PBXGroup;
			name = Products;
			refType = 4;
			sourceTree = "<group>";
		};
		2E84D26C0BE68BBA00DA51A1 = {
			fileRef = 2E84D2540BE68B0F00DA51A1;
			isa = PBXBuildFile;
			settings = {
			};
		};
		2E84D26D0BE68BBA00DA51A1 = {
			fileRef = 2E84D25B0BE68B5700DA51A1;
			isa = PBXBuildFile;
			settings = {
			};
		};
		2E84D26E0BE68BBA00DA51A1 = {
			fileRef = 2E84D2550BE68B0F00DA51A1;
			isa = PBXBuildFile;
			settings = {
			};
		};
		2E84D26F0BE68BBA00DA51A1 = {
			fileRef = 2E84D25C0BE68B5700DA51A1;
			isa = PBXBuildFile;
			settings = {
			};
		};
		2E84D2700BE68BBA00DA51A1 = {
			fileRef = 2E84D2560BE68B0F00DA51A1;
			isa = PBXBuildFile;
			settings = {
			};
		};
		2E84D2710BE68BBA00DA51A1 = {
			fileRef = 2E84D25F0BE68B5700DA51A1;
			isa = PBXBuildFile;
			settings = {
			};
		};
		2E84D2720BE68BBA00DA51A1 = {
			fileRef = 2E84D2600BE68B5700DA51A1;
			isa = PBXBuildFile;
			settings = {
			};
		};
		2E84D2730BE68BBA00DA51A1 = {
			fileRef = 2E84D25D0BE68B5700DA51A1;
			isa = PBXBuildFile;
			settings = {
			};
		};
		2E84D2740BE68BBA00DA51A1 = {
			fileRef = 2E84D25E0BE68B5700DA51A1;
			isa = PBXBuildFile;
			settings = {
			};
		};
		2E84D2750BE68BBA00DA51A1 = {
			fileRef = 2E84D2570BE68B0F00DA51A1;
			isa = PBXBuildFile;
			settings = {
			};
		};
		2E84D2760BE68BBA00DA51A1 = {
			fileRef = 2E84D2610BE68B5700DA51A1;
			isa = PBXBuildFile;
			settings = {
			};
		};
		2E84D2770BE68BBA00DA51A1 = {
			fileRef = 2E84D2620BE68B5700DA51A1;
			isa = PBXBuildFile;
			settings = {
			};
		};
		2E84D2780BE68BBA00DA51A1 = {
			fileRef = 2E84D2630BE68B5700DA51A1;
			isa = PBXBuildFile;
			settings = {
			};
		};
		2E84D2790BE68BBA00DA51A1 = {
			fileRef = 2E84D2580BE68B0F00DA51A1;
			isa = PBXBuildFile;
			settings = {
			};
		};
		2E84D27A0BE68BBA00DA51A1 = {
			fileRef = 2E84D2640BE68B5700DA51A1;
			isa = PBXBuildFile;
			settings = {
			};
		};
		2E84D27B0BE68BBA00DA51A1 = {
			fileRef = 2E84D2590BE68B0F00DA51A1;
			isa = PBXBuildFile;
			settings = {
			};
		};
	};
	rootObject = 2E84D24B0BE68A3400DA51A1;
}
