<?xml version="1.0" encoding="utf-8"?>
<Project ToolsVersion="4.0" xmlns="http://schemas.microsoft.com/developer/msbuild/2003">
  <ItemGroup>
    <Filter Include="Math">
      <UniqueIdentifier>{698fd081-6525-4577-8cc3-e5c5250e383f}</UniqueIdentifier>
    </Filter>
    <Filter Include="Flex">
      <UniqueIdentifier>{26af1080-420c-4a91-a792-b192ce015611}</UniqueIdentifier>
      <Extensions>*.skl</Extensions>
    </Filter>
    <Filter Include="String">
      <UniqueIdentifier>{e153f4db-b4e1-452f-953e-cd85444da40f}</UniqueIdentifier>
    </Filter>
    <Filter Include="Utils">
      <UniqueIdentifier>{71728572-4d49-4b38-bbb4-525af0d14a1f}</UniqueIdentifier>
    </Filter>
    <Filter Include="Core">
      <UniqueIdentifier>{e2d0e21b-9162-4299-b842-9e62a8895267}</UniqueIdentifier>
    </Filter>
    <Filter Include="Files">
      <UniqueIdentifier>{bacfc3fc-45b5-4776-9e27-17eb05ad11f0}</UniqueIdentifier>
    </Filter>
    <Filter Include="Generated">
      <UniqueIdentifier>{f2b9dce0-d986-4b7d-91a0-9a23d610db5e}</UniqueIdentifier>
    </Filter>
    <Filter Include="Structures">
      <UniqueIdentifier>{a04da779-b4e8-44b2-bdc5-d66ba3d0563d}</UniqueIdentifier>
    </Filter>
  </ItemGroup>
  <ItemGroup>
    <ClCompile Include="..\src\expression.cpp">
      <Filter>Math</Filter>
    </ClCompile>
    <ClCompile Include="..\src\hoe_fixed.cpp">
      <Filter>Math</Filter>
    </ClCompile>
    <ClCompile Include="..\src\hoe_math.cpp">
      <Filter>Math</Filter>
    </ClCompile>
    <ClCompile Include="..\src\hoe_flex.cpp">
      <Filter>Flex</Filter>
    </ClCompile>
    <ClCompile Include="..\src\hoe_string.cpp">
      <Filter>String</Filter>
    </ClCompile>
    <ClCompile Include="..\src\hoe_unicode.cpp">
      <Filter>String</Filter>
    </ClCompile>
    <ClCompile Include="..\src\hoe_log.cpp">
      <Filter>Utils</Filter>
    </ClCompile>
    <ClCompile Include="..\src\hoe_mem.cpp">
      <Filter>Utils</Filter>
    </ClCompile>
    <ClCompile Include="..\src\hoe_time.cpp">
      <Filter>Utils</Filter>
    </ClCompile>
    <ClCompile Include="..\src\hoe_core.cpp">
      <Filter>Core</Filter>
    </ClCompile>
    <ClCompile Include="..\src\hoe_platform.cpp">
      <Filter>Core</Filter>
    </ClCompile>
    <ClCompile Include="..\src\hoe_universal.cpp">
      <Filter>Core</Filter>
    </ClCompile>
    <ClCompile Include="..\src\const_file.cpp">
      <Filter>Files</Filter>
    </ClCompile>
    <ClCompile Include="..\src\hoe_file.cpp">
      <Filter>Files</Filter>
    </ClCompile>
    <ClCompile Include="..\src\hoe_stream.cpp">
      <Filter>Files</Filter>
    </ClCompile>
    <ClCompile Include="..\src\struct_file.cpp">
      <Filter>Files</Filter>
    </ClCompile>
    <ClCompile Include="..\src\parser_const.yy.cpp">
      <Filter>Generated</Filter>
    </ClCompile>
    <ClCompile Include="..\src\parser_const.yyu.cpp">
      <Filter>Generated</Filter>
    </ClCompile>
    <ClCompile Include="..\src\parser_struct.yy.cpp">
      <Filter>Generated</Filter>
    </ClCompile>
    <ClCompile Include="..\src\parser_struct.yyu.cpp">
      <Filter>Generated</Filter>
    </ClCompile>
    <ClCompile Include="..\src\parser_xml.yy.cpp">
      <Filter>Generated</Filter>
    </ClCompile>
    <ClCompile Include="..\src\parser_xml.yyu.cpp">
      <Filter>Generated</Filter>
    </ClCompile>
  </ItemGroup>
  <ItemGroup>
    <ClInclude Include="..\include\HoeCore\expression.h">
      <Filter>Math</Filter>
    </ClInclude>
    <ClInclude Include="..\include\HoeCore\hoe_fixed.h">
      <Filter>Math</Filter>
    </ClInclude>
    <ClInclude Include="..\include\HoeCore\hoe_math.h">
      <Filter>Math</Filter>
    </ClInclude>
    <ClInclude Include="..\include\HoeCore\hoe_math_def.h">
      <Filter>Math</Filter>
    </ClInclude>
    <ClInclude Include="..\include\HoeCore\hoe_math_ext.h">
      <Filter>Math</Filter>
    </ClInclude>
    <ClInclude Include="..\include\HoeCore\hoe_flex.h">
      <Filter>Flex</Filter>
    </ClInclude>
    <ClInclude Include="..\include\HoeCore\hoe_string.h">
      <Filter>String</Filter>
    </ClInclude>
    <ClInclude Include="..\include\HoeCore\hoe_unicode.h">
      <Filter>String</Filter>
    </ClInclude>
    <ClInclude Include="..\include\HoeCore\hoe_log.h">
      <Filter>Utils</Filter>
    </ClInclude>
    <ClInclude Include="..\include\HoeCore\hoe_mem.h">
      <Filter>Utils</Filter>
    </ClInclude>
    <ClInclude Include="..\include\HoeCore\hoe_time.h">
      <Filter>Utils</Filter>
    </ClInclude>
    <ClInclude Include="..\include\HoeCore\hoe_core.h">
      <Filter>Core</Filter>
    </ClInclude>
    <ClInclude Include="..\include\HoeCore\hoe_format.h">
      <Filter>Core</Filter>
    </ClInclude>
    <ClInclude Include="..\include\HoeCore\hoe_platform.h">
      <Filter>Core</Filter>
    </ClInclude>
    <ClInclude Include="..\include\HoeCore\hoe_types.h">
      <Filter>Core</Filter>
    </ClInclude>
    <ClInclude Include="..\include\HoeCore\hoe_universal.h">
      <Filter>Core</Filter>
    </ClInclude>
    <ClInclude Include="..\include\HoeCore\const_file.h">
      <Filter>Files</Filter>
    </ClInclude>
    <ClInclude Include="..\include\HoeCore\hoe_file.h">
      <Filter>Files</Filter>
    </ClInclude>
    <ClInclude Include="..\include\HoeCore\hoe_stream.h">
      <Filter>Files</Filter>
    </ClInclude>
    <ClInclude Include="..\include\HoeCore\struct_file.h">
      <Filter>Files</Filter>
    </ClInclude>
    <ClInclude Include="..\include\HoeCore\hoe_structures.h">
      <Filter>Structures</Filter>
    </ClInclude>
    <ClInclude Include="..\include\HoeCore\map.h">
      <Filter>Structures</Filter>
    </ClInclude>
    <ClInclude Include="..\src\StdAfx.h" />
  </ItemGroup>
  <ItemGroup>
    <None Include="..\include\HoeCore\hoe_math.inl">
      <Filter>Math</Filter>
    </None>
    <None Include="..\template\hoe_flex.skl">
      <Filter>Flex</Filter>
    </None>
    <None Include="..\src\parser_const.l">
      <Filter>Files</Filter>
    </None>
    <None Include="..\src\parser_struct.l">
      <Filter>Files</Filter>
    </None>
    <None Include="..\src\parser_xml.l">
      <Filter>Files</Filter>
    </None>
  </ItemGroup>
</Project>