Microsoft Visual Studio Solution File, Format Version 9.00
# Visual C++ Express 2005
Project("{8BC9CEB8-8B4A-11D0-8D11-00A0C91BC942}") = "HoeEditor", "HoeEditor.vcproj", "{4053E9EC-D83D-4DFD-B382-2AB578FE1878}"
	ProjectSection(ProjectDependencies) = postProject
		{6E9AB2F5-272E-4EA7-891F-419B70AFB16C} = {6E9AB2F5-272E-4EA7-891F-419B70AFB16C}
	EndProjectSection
EndProject
Project("{8BC9CEB8-8B4A-11D0-8D11-00A0C91BC942}") = "ModelView", "..\..\Hoe3D\utils\ModelView\ModelView.vcproj", "{7D5073A8-230E-474B-9851-6777DFED92F9}"
	ProjectSection(ProjectDependencies) = postProject
		{6E9AB2F5-272E-4EA7-891F-419B70AFB16C} = {6E9AB2F5-272E-4EA7-891F-419B70AFB16C}
	EndProjectSection
EndProject
Project("{8BC9CEB8-8B4A-11D0-8D11-00A0C91BC942}") = "TextureView", "..\..\Hoe3D\utils\TextureView\TextureView.vcproj", "{A618401F-4030-4309-B015-819B82E79C5A}"
	ProjectSection(ProjectDependencies) = postProject
		{6E9AB2F5-272E-4EA7-891F-419B70AFB16C} = {6E9AB2F5-272E-4EA7-891F-419B70AFB16C}
	EndProjectSection
EndProject
Project("{8BC9CEB8-8B4A-11D0-8D11-00A0C91BC942}") = "hoeUtils", "..\..\Hoe3D\utils\sdk\utils\hoeUtils.vcproj", "{6E9AB2F5-272E-4EA7-891F-419B70AFB16C}"
EndProject
Project("{8BC9CEB8-8B4A-11D0-8D11-00A0C91BC942}") = "HoeGame", "..\..\HoeGame\Win32\HoeGame.vcproj", "{945B955E-81E8-4716-ABBA-52ADE9B28A3D}"
EndProject
Project("{8BC9CEB8-8B4A-11D0-8D11-00A0C91BC942}") = "Hoe3D", "..\..\Hoe3D\Win32\Hoe3D\Hoe3D.vcproj", "{EE836EF2-E930-44D9-97B0-71CBAF3EF521}"
EndProject
Global
	GlobalSection(SolutionConfigurationPlatforms) = preSolution
		Debug static|Win32 = Debug static|Win32
		Debug|Win32 = Debug|Win32
		DebugD3D8|Win32 = DebugD3D8|Win32
		DebugD3D9 (static)|Win32 = DebugD3D9 (static)|Win32
		DebugD3D9|Win32 = DebugD3D9|Win32
		DebugDLL|Win32 = DebugDLL|Win32
		DebugGL|Win32 = DebugGL|Win32
		Release|Win32 = Release|Win32
		ReleaseD3D8|Win32 = ReleaseD3D8|Win32
		ReleaseD3D9|Win32 = ReleaseD3D9|Win32
		ReleaseDLL|Win32 = ReleaseDLL|Win32
		ReleaseGL|Win32 = ReleaseGL|Win32
	EndGlobalSection
	GlobalSection(ProjectConfigurationPlatforms) = postSolution
		{4053E9EC-D83D-4DFD-B382-2AB578FE1878}.Debug static|Win32.ActiveCfg = Debug|Win32
		{4053E9EC-D83D-4DFD-B382-2AB578FE1878}.Debug|Win32.ActiveCfg = Debug|Win32
		{4053E9EC-D83D-4DFD-B382-2AB578FE1878}.Debug|Win32.Build.0 = Debug|Win32
		{4053E9EC-D83D-4DFD-B382-2AB578FE1878}.DebugD3D8|Win32.ActiveCfg = DebugDll|Win32
		{4053E9EC-D83D-4DFD-B382-2AB578FE1878}.DebugD3D8|Win32.Build.0 = DebugDll|Win32
		{4053E9EC-D83D-4DFD-B382-2AB578FE1878}.DebugD3D9 (static)|Win32.ActiveCfg = DebugDll|Win32
		{4053E9EC-D83D-4DFD-B382-2AB578FE1878}.DebugD3D9 (static)|Win32.Build.0 = DebugDll|Win32
		{4053E9EC-D83D-4DFD-B382-2AB578FE1878}.DebugD3D9|Win32.ActiveCfg = DebugDll|Win32
		{4053E9EC-D83D-4DFD-B382-2AB578FE1878}.DebugD3D9|Win32.Build.0 = DebugDll|Win32
		{4053E9EC-D83D-4DFD-B382-2AB578FE1878}.DebugDLL|Win32.ActiveCfg = DebugDll|Win32
		{4053E9EC-D83D-4DFD-B382-2AB578FE1878}.DebugDLL|Win32.Build.0 = DebugDll|Win32
		{4053E9EC-D83D-4DFD-B382-2AB578FE1878}.DebugGL|Win32.ActiveCfg = DebugDll|Win32
		{4053E9EC-D83D-4DFD-B382-2AB578FE1878}.DebugGL|Win32.Build.0 = DebugDll|Win32
		{4053E9EC-D83D-4DFD-B382-2AB578FE1878}.Release|Win32.ActiveCfg = Release|Win32
		{4053E9EC-D83D-4DFD-B382-2AB578FE1878}.ReleaseD3D8|Win32.ActiveCfg = ReleaseDLL|Win32
		{4053E9EC-D83D-4DFD-B382-2AB578FE1878}.ReleaseD3D8|Win32.Build.0 = ReleaseDLL|Win32
		{4053E9EC-D83D-4DFD-B382-2AB578FE1878}.ReleaseD3D9|Win32.ActiveCfg = ReleaseDLL|Win32
		{4053E9EC-D83D-4DFD-B382-2AB578FE1878}.ReleaseD3D9|Win32.Build.0 = ReleaseDLL|Win32
		{4053E9EC-D83D-4DFD-B382-2AB578FE1878}.ReleaseDLL|Win32.ActiveCfg = ReleaseDLL|Win32
		{4053E9EC-D83D-4DFD-B382-2AB578FE1878}.ReleaseGL|Win32.ActiveCfg = ReleaseDLL|Win32
		{4053E9EC-D83D-4DFD-B382-2AB578FE1878}.ReleaseGL|Win32.Build.0 = ReleaseDLL|Win32
		{7D5073A8-230E-474B-9851-6777DFED92F9}.Debug static|Win32.ActiveCfg = Debug|Win32
		{7D5073A8-230E-474B-9851-6777DFED92F9}.Debug static|Win32.Build.0 = Debug|Win32
		{7D5073A8-230E-474B-9851-6777DFED92F9}.Debug|Win32.ActiveCfg = Debug|Win32
		{7D5073A8-230E-474B-9851-6777DFED92F9}.Debug|Win32.Build.0 = Debug|Win32
		{7D5073A8-230E-474B-9851-6777DFED92F9}.DebugD3D8|Win32.ActiveCfg = Debug|Win32
		{7D5073A8-230E-474B-9851-6777DFED92F9}.DebugD3D8|Win32.Build.0 = Debug|Win32
		{7D5073A8-230E-474B-9851-6777DFED92F9}.DebugD3D9 (static)|Win32.ActiveCfg = Debug|Win32
		{7D5073A8-230E-474B-9851-6777DFED92F9}.DebugD3D9 (static)|Win32.Build.0 = Debug|Win32
		{7D5073A8-230E-474B-9851-6777DFED92F9}.DebugD3D9|Win32.ActiveCfg = Debug|Win32
		{7D5073A8-230E-474B-9851-6777DFED92F9}.DebugD3D9|Win32.Build.0 = Debug|Win32
		{7D5073A8-230E-474B-9851-6777DFED92F9}.DebugDLL|Win32.ActiveCfg = Debug|Win32
		{7D5073A8-230E-474B-9851-6777DFED92F9}.DebugDLL|Win32.Build.0 = Debug|Win32
		{7D5073A8-230E-474B-9851-6777DFED92F9}.DebugGL|Win32.ActiveCfg = Debug|Win32
		{7D5073A8-230E-474B-9851-6777DFED92F9}.DebugGL|Win32.Build.0 = Debug|Win32
		{7D5073A8-230E-474B-9851-6777DFED92F9}.Release|Win32.ActiveCfg = Release|Win32
		{7D5073A8-230E-474B-9851-6777DFED92F9}.Release|Win32.Build.0 = Release|Win32
		{7D5073A8-230E-474B-9851-6777DFED92F9}.ReleaseD3D8|Win32.ActiveCfg = Release|Win32
		{7D5073A8-230E-474B-9851-6777DFED92F9}.ReleaseD3D8|Win32.Build.0 = Release|Win32
		{7D5073A8-230E-474B-9851-6777DFED92F9}.ReleaseD3D9|Win32.ActiveCfg = Release|Win32
		{7D5073A8-230E-474B-9851-6777DFED92F9}.ReleaseD3D9|Win32.Build.0 = Release|Win32
		{7D5073A8-230E-474B-9851-6777DFED92F9}.ReleaseDLL|Win32.ActiveCfg = Release|Win32
		{7D5073A8-230E-474B-9851-6777DFED92F9}.ReleaseDLL|Win32.Build.0 = Release|Win32
		{7D5073A8-230E-474B-9851-6777DFED92F9}.ReleaseGL|Win32.ActiveCfg = Release|Win32
		{7D5073A8-230E-474B-9851-6777DFED92F9}.ReleaseGL|Win32.Build.0 = Release|Win32
		{A618401F-4030-4309-B015-819B82E79C5A}.Debug static|Win32.ActiveCfg = Debug|Win32
		{A618401F-4030-4309-B015-819B82E79C5A}.Debug static|Win32.Build.0 = Debug|Win32
		{A618401F-4030-4309-B015-819B82E79C5A}.Debug|Win32.ActiveCfg = Debug|Win32
		{A618401F-4030-4309-B015-819B82E79C5A}.Debug|Win32.Build.0 = Debug|Win32
		{A618401F-4030-4309-B015-819B82E79C5A}.DebugD3D8|Win32.ActiveCfg = Debug|Win32
		{A618401F-4030-4309-B015-819B82E79C5A}.DebugD3D8|Win32.Build.0 = Debug|Win32
		{A618401F-4030-4309-B015-819B82E79C5A}.DebugD3D9 (static)|Win32.ActiveCfg = Debug|Win32
		{A618401F-4030-4309-B015-819B82E79C5A}.DebugD3D9 (static)|Win32.Build.0 = Debug|Win32
		{A618401F-4030-4309-B015-819B82E79C5A}.DebugD3D9|Win32.ActiveCfg = Debug|Win32
		{A618401F-4030-4309-B015-819B82E79C5A}.DebugD3D9|Win32.Build.0 = Debug|Win32
		{A618401F-4030-4309-B015-819B82E79C5A}.DebugDLL|Win32.ActiveCfg = Debug|Win32
		{A618401F-4030-4309-B015-819B82E79C5A}.DebugDLL|Win32.Build.0 = Debug|Win32
		{A618401F-4030-4309-B015-819B82E79C5A}.DebugGL|Win32.ActiveCfg = Debug|Win32
		{A618401F-4030-4309-B015-819B82E79C5A}.DebugGL|Win32.Build.0 = Debug|Win32
		{A618401F-4030-4309-B015-819B82E79C5A}.Release|Win32.ActiveCfg = Release|Win32
		{A618401F-4030-4309-B015-819B82E79C5A}.Release|Win32.Build.0 = Release|Win32
		{A618401F-4030-4309-B015-819B82E79C5A}.ReleaseD3D8|Win32.ActiveCfg = Release|Win32
		{A618401F-4030-4309-B015-819B82E79C5A}.ReleaseD3D8|Win32.Build.0 = Release|Win32
		{A618401F-4030-4309-B015-819B82E79C5A}.ReleaseD3D9|Win32.ActiveCfg = Release|Win32
		{A618401F-4030-4309-B015-819B82E79C5A}.ReleaseD3D9|Win32.Build.0 = Release|Win32
		{A618401F-4030-4309-B015-819B82E79C5A}.ReleaseDLL|Win32.ActiveCfg = Release|Win32
		{A618401F-4030-4309-B015-819B82E79C5A}.ReleaseDLL|Win32.Build.0 = Release|Win32
		{A618401F-4030-4309-B015-819B82E79C5A}.ReleaseGL|Win32.ActiveCfg = Release|Win32
		{A618401F-4030-4309-B015-819B82E79C5A}.ReleaseGL|Win32.Build.0 = Release|Win32
		{6E9AB2F5-272E-4EA7-891F-419B70AFB16C}.Debug static|Win32.ActiveCfg = Debug|Win32
		{6E9AB2F5-272E-4EA7-891F-419B70AFB16C}.Debug static|Win32.Build.0 = Debug|Win32
		{6E9AB2F5-272E-4EA7-891F-419B70AFB16C}.Debug|Win32.ActiveCfg = Debug|Win32
		{6E9AB2F5-272E-4EA7-891F-419B70AFB16C}.Debug|Win32.Build.0 = Debug|Win32
		{6E9AB2F5-272E-4EA7-891F-419B70AFB16C}.DebugD3D8|Win32.ActiveCfg = Debug|Win32
		{6E9AB2F5-272E-4EA7-891F-419B70AFB16C}.DebugD3D8|Win32.Build.0 = Debug|Win32
		{6E9AB2F5-272E-4EA7-891F-419B70AFB16C}.DebugD3D9 (static)|Win32.ActiveCfg = Debug|Win32
		{6E9AB2F5-272E-4EA7-891F-419B70AFB16C}.DebugD3D9 (static)|Win32.Build.0 = Debug|Win32
		{6E9AB2F5-272E-4EA7-891F-419B70AFB16C}.DebugD3D9|Win32.ActiveCfg = Debug|Win32
		{6E9AB2F5-272E-4EA7-891F-419B70AFB16C}.DebugD3D9|Win32.Build.0 = Debug|Win32
		{6E9AB2F5-272E-4EA7-891F-419B70AFB16C}.DebugDLL|Win32.ActiveCfg = Debug|Win32
		{6E9AB2F5-272E-4EA7-891F-419B70AFB16C}.DebugDLL|Win32.Build.0 = Debug|Win32
		{6E9AB2F5-272E-4EA7-891F-419B70AFB16C}.DebugGL|Win32.ActiveCfg = Debug|Win32
		{6E9AB2F5-272E-4EA7-891F-419B70AFB16C}.DebugGL|Win32.Build.0 = Debug|Win32
		{6E9AB2F5-272E-4EA7-891F-419B70AFB16C}.Release|Win32.ActiveCfg = Release|Win32
		{6E9AB2F5-272E-4EA7-891F-419B70AFB16C}.Release|Win32.Build.0 = Release|Win32
		{6E9AB2F5-272E-4EA7-891F-419B70AFB16C}.ReleaseD3D8|Win32.ActiveCfg = Release|Win32
		{6E9AB2F5-272E-4EA7-891F-419B70AFB16C}.ReleaseD3D8|Win32.Build.0 = Release|Win32
		{6E9AB2F5-272E-4EA7-891F-419B70AFB16C}.ReleaseD3D9|Win32.ActiveCfg = Release|Win32
		{6E9AB2F5-272E-4EA7-891F-419B70AFB16C}.ReleaseD3D9|Win32.Build.0 = Release|Win32
		{6E9AB2F5-272E-4EA7-891F-419B70AFB16C}.ReleaseDLL|Win32.ActiveCfg = Release|Win32
		{6E9AB2F5-272E-4EA7-891F-419B70AFB16C}.ReleaseDLL|Win32.Build.0 = Release|Win32
		{6E9AB2F5-272E-4EA7-891F-419B70AFB16C}.ReleaseGL|Win32.ActiveCfg = Release|Win32
		{6E9AB2F5-272E-4EA7-891F-419B70AFB16C}.ReleaseGL|Win32.Build.0 = Release|Win32
		{945B955E-81E8-4716-ABBA-52ADE9B28A3D}.Debug static|Win32.ActiveCfg = Debug|Win32
		{945B955E-81E8-4716-ABBA-52ADE9B28A3D}.Debug static|Win32.Build.0 = Debug|Win32
		{945B955E-81E8-4716-ABBA-52ADE9B28A3D}.Debug|Win32.ActiveCfg = Debug|Win32
		{945B955E-81E8-4716-ABBA-52ADE9B28A3D}.Debug|Win32.Build.0 = Debug|Win32
		{945B955E-81E8-4716-ABBA-52ADE9B28A3D}.DebugD3D8|Win32.ActiveCfg = Debug|Win32
		{945B955E-81E8-4716-ABBA-52ADE9B28A3D}.DebugD3D8|Win32.Build.0 = Debug|Win32
		{945B955E-81E8-4716-ABBA-52ADE9B28A3D}.DebugD3D9 (static)|Win32.ActiveCfg = Debug|Win32
		{945B955E-81E8-4716-ABBA-52ADE9B28A3D}.DebugD3D9 (static)|Win32.Build.0 = Debug|Win32
		{945B955E-81E8-4716-ABBA-52ADE9B28A3D}.DebugD3D9|Win32.ActiveCfg = Debug|Win32
		{945B955E-81E8-4716-ABBA-52ADE9B28A3D}.DebugD3D9|Win32.Build.0 = Debug|Win32
		{945B955E-81E8-4716-ABBA-52ADE9B28A3D}.DebugDLL|Win32.ActiveCfg = Debug|Win32
		{945B955E-81E8-4716-ABBA-52ADE9B28A3D}.DebugDLL|Win32.Build.0 = Debug|Win32
		{945B955E-81E8-4716-ABBA-52ADE9B28A3D}.DebugGL|Win32.ActiveCfg = Debug|Win32
		{945B955E-81E8-4716-ABBA-52ADE9B28A3D}.DebugGL|Win32.Build.0 = Debug|Win32
		{945B955E-81E8-4716-ABBA-52ADE9B28A3D}.Release|Win32.ActiveCfg = Release|Win32
		{945B955E-81E8-4716-ABBA-52ADE9B28A3D}.Release|Win32.Build.0 = Release|Win32
		{945B955E-81E8-4716-ABBA-52ADE9B28A3D}.ReleaseD3D8|Win32.ActiveCfg = Release|Win32
		{945B955E-81E8-4716-ABBA-52ADE9B28A3D}.ReleaseD3D8|Win32.Build.0 = Release|Win32
		{945B955E-81E8-4716-ABBA-52ADE9B28A3D}.ReleaseD3D9|Win32.ActiveCfg = Release|Win32
		{945B955E-81E8-4716-ABBA-52ADE9B28A3D}.ReleaseD3D9|Win32.Build.0 = Release|Win32
		{945B955E-81E8-4716-ABBA-52ADE9B28A3D}.ReleaseDLL|Win32.ActiveCfg = Release|Win32
		{945B955E-81E8-4716-ABBA-52ADE9B28A3D}.ReleaseDLL|Win32.Build.0 = Release|Win32
		{945B955E-81E8-4716-ABBA-52ADE9B28A3D}.ReleaseGL|Win32.ActiveCfg = Release|Win32
		{945B955E-81E8-4716-ABBA-52ADE9B28A3D}.ReleaseGL|Win32.Build.0 = Release|Win32
		{EE836EF2-E930-44D9-97B0-71CBAF3EF521}.Debug static|Win32.ActiveCfg = DebugD3D9 (static)|Win32
		{EE836EF2-E930-44D9-97B0-71CBAF3EF521}.Debug static|Win32.Build.0 = DebugD3D9 (static)|Win32
		{EE836EF2-E930-44D9-97B0-71CBAF3EF521}.Debug|Win32.ActiveCfg = DebugD3D9 (static)|Win32
		{EE836EF2-E930-44D9-97B0-71CBAF3EF521}.Debug|Win32.Build.0 = DebugD3D9 (static)|Win32
		{EE836EF2-E930-44D9-97B0-71CBAF3EF521}.DebugD3D8|Win32.ActiveCfg = DebugD3D8|Win32
		{EE836EF2-E930-44D9-97B0-71CBAF3EF521}.DebugD3D8|Win32.Build.0 = DebugD3D8|Win32
		{EE836EF2-E930-44D9-97B0-71CBAF3EF521}.DebugD3D9 (static)|Win32.ActiveCfg = DebugD3D9 (static)|Win32
		{EE836EF2-E930-44D9-97B0-71CBAF3EF521}.DebugD3D9 (static)|Win32.Build.0 = DebugD3D9 (static)|Win32
		{EE836EF2-E930-44D9-97B0-71CBAF3EF521}.DebugD3D9|Win32.ActiveCfg = DebugD3D9|Win32
		{EE836EF2-E930-44D9-97B0-71CBAF3EF521}.DebugD3D9|Win32.Build.0 = DebugD3D9|Win32
		{EE836EF2-E930-44D9-97B0-71CBAF3EF521}.DebugDLL|Win32.ActiveCfg = DebugGL|Win32
		{EE836EF2-E930-44D9-97B0-71CBAF3EF521}.DebugDLL|Win32.Build.0 = DebugGL|Win32
		{EE836EF2-E930-44D9-97B0-71CBAF3EF521}.DebugGL|Win32.ActiveCfg = DebugGL|Win32
		{EE836EF2-E930-44D9-97B0-71CBAF3EF521}.DebugGL|Win32.Build.0 = DebugGL|Win32
		{EE836EF2-E930-44D9-97B0-71CBAF3EF521}.Release|Win32.ActiveCfg = ReleaseD3D8|Win32
		{EE836EF2-E930-44D9-97B0-71CBAF3EF521}.Release|Win32.Build.0 = ReleaseD3D8|Win32
		{EE836EF2-E930-44D9-97B0-71CBAF3EF521}.ReleaseD3D8|Win32.ActiveCfg = ReleaseD3D8|Win32
		{EE836EF2-E930-44D9-97B0-71CBAF3EF521}.ReleaseD3D8|Win32.Build.0 = ReleaseD3D8|Win32
		{EE836EF2-E930-44D9-97B0-71CBAF3EF521}.ReleaseD3D9|Win32.ActiveCfg = ReleaseD3D9|Win32
		{EE836EF2-E930-44D9-97B0-71CBAF3EF521}.ReleaseD3D9|Win32.Build.0 = ReleaseD3D9|Win32
		{EE836EF2-E930-44D9-97B0-71CBAF3EF521}.ReleaseDLL|Win32.ActiveCfg = ReleaseD3D8|Win32
		{EE836EF2-E930-44D9-97B0-71CBAF3EF521}.ReleaseDLL|Win32.Build.0 = ReleaseD3D8|Win32
		{EE836EF2-E930-44D9-97B0-71CBAF3EF521}.ReleaseGL|Win32.ActiveCfg = ReleaseGL|Win32
		{EE836EF2-E930-44D9-97B0-71CBAF3EF521}.ReleaseGL|Win32.Build.0 = ReleaseGL|Win32
	EndGlobalSection
	GlobalSection(SolutionProperties) = preSolution
		HideSolutionNode = FALSE
	EndGlobalSection
EndGlobal
