<?xml version="1.0" encoding="utf-8"?>
<Project ToolsVersion="4.0" xmlns="http://schemas.microsoft.com/developer/msbuild/2003">
  <ItemGroup>
    <Filter Include="Ref">
      <UniqueIdentifier>{fd84e892-c4d1-4cd5-9a84-ec5c391baac2}</UniqueIdentifier>
    </Filter>
    <Filter Include="Ref\OpenGL">
      <UniqueIdentifier>{dbee2084-2db6-4272-8dbe-de7480388cda}</UniqueIdentifier>
    </Filter>
    <Filter Include="Ref\D3D9">
      <UniqueIdentifier>{b3010f1d-8cc4-41e2-9927-1e21bcd181ba}</UniqueIdentifier>
    </Filter>
    <Filter Include="Ref\D3D8">
      <UniqueIdentifier>{14c2bf92-6d7e-48c0-923e-fa77febe35cf}</UniqueIdentifier>
    </Filter>
    <Filter Include="Ref\D3DMobile">
      <UniqueIdentifier>{896804c5-755e-41ec-875d-4ed5f47dc3d5}</UniqueIdentifier>
    </Filter>
    <Filter Include="Textures">
      <UniqueIdentifier>{ae57bb1c-65ed-40a4-b3fb-1c82e17c5ba3}</UniqueIdentifier>
    </Filter>
    <Filter Include="Utils">
      <UniqueIdentifier>{e24aa29f-e882-4817-b242-2c1931eab3fd}</UniqueIdentifier>
    </Filter>
    <Filter Include="Model">
      <UniqueIdentifier>{a7352fcc-8ba5-4388-8a70-63405067f624}</UniqueIdentifier>
    </Filter>
    <Filter Include="Files">
      <UniqueIdentifier>{b9736186-112b-4fd4-bac6-e726fcba5598}</UniqueIdentifier>
    </Filter>
    <Filter Include="Main">
      <UniqueIdentifier>{db0a8d40-53dd-4bfb-a646-22c916cff3e5}</UniqueIdentifier>
    </Filter>
    <Filter Include="Hoe2D">
      <UniqueIdentifier>{441eebdf-7ead-4c41-87db-b8ebb4705748}</UniqueIdentifier>
    </Filter>
    <Filter Include="Scene">
      <UniqueIdentifier>{7d1b244b-c0f5-4548-8ef0-566f50446b05}</UniqueIdentifier>
    </Filter>
    <Filter Include="Scene\Elements">
      <UniqueIdentifier>{3d7d64c8-5163-4e5f-9ee1-62f352fa1b81}</UniqueIdentifier>
    </Filter>
    <Filter Include="Input">
      <UniqueIdentifier>{6725bb59-fb2d-433e-b3c7-a69a3cade1df}</UniqueIdentifier>
    </Filter>
    <Filter Include="Physics">
      <UniqueIdentifier>{e698bbce-f15c-4cc9-97a5-93e00f7592f4}</UniqueIdentifier>
    </Filter>
    <Filter Include="Sound">
      <UniqueIdentifier>{b147291f-36c4-428b-afbb-99b0d481c8bf}</UniqueIdentifier>
    </Filter>
    <Filter Include="Object">
      <UniqueIdentifier>{2d87ba8d-4f5e-4b59-b50d-6975d1ccba56}</UniqueIdentifier>
    </Filter>
    <Filter Include="Light">
      <UniqueIdentifier>{1a385180-5363-444f-af48-dead74c7e66a}</UniqueIdentifier>
    </Filter>
    <Filter Include="Config">
      <UniqueIdentifier>{dea26af3-c529-4c2a-b473-672151764777}</UniqueIdentifier>
    </Filter>
    <Filter Include="Interface">
      <UniqueIdentifier>{065f384c-4774-4455-be96-864ccde4e9ad}</UniqueIdentifier>
    </Filter>
    <Filter Include="Generated">
      <UniqueIdentifier>{d23f800a-7907-4cfa-b06e-ea2bd871da05}</UniqueIdentifier>
    </Filter>
    <Filter Include="Shaders">
      <UniqueIdentifier>{c311e36c-5d5f-4a58-b74d-c246a96758dd}</UniqueIdentifier>
    </Filter>
    <Filter Include="Effects">
      <UniqueIdentifier>{12fbe2a2-443a-4b84-bfc8-4ab6d58823b2}</UniqueIdentifier>
    </Filter>
  </ItemGroup>
  <ItemGroup>
    <ClCompile Include="..\src\hoe_index.cpp">
      <Filter>Ref</Filter>
    </ClCompile>
    <ClCompile Include="..\src\hoe_material.cpp">
      <Filter>Ref</Filter>
    </ClCompile>
    <ClCompile Include="..\src\hoe_stream.cpp">
      <Filter>Ref</Filter>
    </ClCompile>
    <ClCompile Include="..\src\ref.cpp">
      <Filter>Ref</Filter>
    </ClCompile>
    <ClCompile Include="..\src\ref_base.cpp">
      <Filter>Ref</Filter>
    </ClCompile>
    <ClCompile Include="..\src\ref_utils.cpp">
      <Filter>Ref</Filter>
    </ClCompile>
    <ClCompile Include="..\src\ref_opengl.cpp">
      <Filter>Ref\OpenGL</Filter>
    </ClCompile>
    <ClCompile Include="..\src\ref_opengl_ext.cpp">
      <Filter>Ref\OpenGL</Filter>
    </ClCompile>
    <ClCompile Include="..\src\ref_d3d9.cpp">
      <Filter>Ref\D3D9</Filter>
    </ClCompile>
    <ClCompile Include="..\src\ref_d3d9_debug.cpp">
      <Filter>Ref\D3D9</Filter>
    </ClCompile>
    <ClCompile Include="..\src\ref_d3d8.cpp">
      <Filter>Ref\D3D8</Filter>
    </ClCompile>
    <ClCompile Include="..\src\ref_d3dmobile.cpp">
      <Filter>Ref\D3DMobile</Filter>
    </ClCompile>
    <ClCompile Include="..\src\hoe_texture.cpp">
      <Filter>Textures</Filter>
    </ClCompile>
    <ClCompile Include="..\src\texture_converter.cpp">
      <Filter>Textures</Filter>
    </ClCompile>
    <ClCompile Include="..\src\texture_loader.cpp">
      <Filter>Textures</Filter>
    </ClCompile>
    <ClCompile Include="..\src\texture_system.cpp">
      <Filter>Textures</Filter>
    </ClCompile>
    <ClCompile Include="..\src\cmdexec.cpp">
      <Filter>Utils</Filter>
    </ClCompile>
    <ClCompile Include="..\src\hoe_format.cpp">
      <Filter>Utils</Filter>
    </ClCompile>
    <ClCompile Include="..\src\hoe_info.cpp">
      <Filter>Utils</Filter>
    </ClCompile>
    <ClCompile Include="..\src\hoe_time.cpp">
      <Filter>Utils</Filter>
    </ClCompile>
    <ClCompile Include="..\src\shared.cpp">
      <Filter>Utils</Filter>
    </ClCompile>
    <ClCompile Include="..\src\unicode.cpp">
      <Filter>Utils</Filter>
    </ClCompile>
    <ClCompile Include="..\src\utils.cpp">
      <Filter>Utils</Filter>
    </ClCompile>
    <ClCompile Include="..\src\hoe_model.cpp">
      <Filter>Model</Filter>
    </ClCompile>
    <ClCompile Include="..\src\material_system.cpp">
      <Filter>Model</Filter>
    </ClCompile>
    <ClCompile Include="..\src\model_generator.cpp">
      <Filter>Model</Filter>
    </ClCompile>
    <ClCompile Include="..\src\model_loader.cpp">
      <Filter>Model</Filter>
    </ClCompile>
    <ClCompile Include="..\src\filesystem.cpp">
      <Filter>Files</Filter>
    </ClCompile>
    <ClCompile Include="..\src\hoefile.cpp">
      <Filter>Files</Filter>
    </ClCompile>
    <ClCompile Include="..\src\hoe.cpp">
      <Filter>Main</Filter>
    </ClCompile>
    <ClCompile Include="..\src\hoe3d.cpp">
      <Filter>Main</Filter>
    </ClCompile>
    <ClCompile Include="..\src\hoe_main.cpp">
      <Filter>Main</Filter>
    </ClCompile>
    <ClCompile Include="..\src\icreate.cpp">
      <Filter>Main</Filter>
    </ClCompile>
    <ClCompile Include="..\src\iget.cpp">
      <Filter>Main</Filter>
    </ClCompile>
    <ClCompile Include="..\src\2d.cpp">
      <Filter>Hoe2D</Filter>
    </ClCompile>
    <ClCompile Include="..\src\cursor.cpp">
      <Filter>Hoe2D</Filter>
    </ClCompile>
    <ClCompile Include="..\src\freetype.cpp">
      <Filter>Hoe2D</Filter>
    </ClCompile>
    <ClCompile Include="..\src\hoe_font.cpp">
      <Filter>Hoe2D</Filter>
    </ClCompile>
    <ClCompile Include="..\src\hoe_picture.cpp">
      <Filter>Hoe2D</Filter>
    </ClCompile>
    <ClCompile Include="..\src\hoe_map.cpp">
      <Filter>Scene</Filter>
    </ClCompile>
    <ClCompile Include="..\src\hoe_map_part.cpp">
      <Filter>Scene</Filter>
    </ClCompile>
    <ClCompile Include="..\src\map_utils.cpp">
      <Filter>Scene</Filter>
    </ClCompile>
    <ClCompile Include="..\src\scene.cpp">
      <Filter>Scene</Filter>
    </ClCompile>
    <ClCompile Include="..\src\scene_base.cpp">
      <Filter>Scene</Filter>
    </ClCompile>
    <ClCompile Include="..\src\scene_env.cpp">
      <Filter>Scene</Filter>
    </ClCompile>
    <ClCompile Include="..\src\scene_graph.cpp">
      <Filter>Scene</Filter>
    </ClCompile>
    <ClCompile Include="..\src\scene_part.cpp">
      <Filter>Scene</Filter>
    </ClCompile>
    <ClCompile Include="..\src\skybox.cpp">
      <Filter>Scene</Filter>
    </ClCompile>
    <ClCompile Include="..\src\gridsurface.cpp">
      <Filter>Scene\Elements</Filter>
    </ClCompile>
    <ClCompile Include="..\src\heightmap.cpp">
      <Filter>Scene\Elements</Filter>
    </ClCompile>
    <ClCompile Include="..\src\hoe_input.cpp">
      <Filter>Input</Filter>
    </ClCompile>
    <ClCompile Include="..\src\hoe_input_di.cpp">
      <Filter>Input</Filter>
    </ClCompile>
    <ClCompile Include="..\src\hoe_input_winapi.cpp">
      <Filter>Input</Filter>
    </ClCompile>
    <ClCompile Include="..\src\hoe_input_xwin.cpp">
      <Filter>Input</Filter>
    </ClCompile>
    <ClCompile Include="..\src\physics.cpp">
      <Filter>Physics</Filter>
    </ClCompile>
    <ClCompile Include="..\src\sound.cpp">
      <Filter>Sound</Filter>
    </ClCompile>
    <ClCompile Include="..\src\sound_al.cpp">
      <Filter>Sound</Filter>
    </ClCompile>
    <ClCompile Include="..\src\sound_ds.cpp">
      <Filter>Sound</Filter>
    </ClCompile>
    <ClCompile Include="..\src\sound_mobile.cpp">
      <Filter>Sound</Filter>
    </ClCompile>
    <ClCompile Include="..\src\sound_ogg.cpp">
      <Filter>Sound</Filter>
    </ClCompile>
    <ClCompile Include="..\src\camera.cpp">
      <Filter>Object</Filter>
    </ClCompile>
    <ClCompile Include="..\src\object_controller.cpp">
      <Filter>Object</Filter>
    </ClCompile>
    <ClCompile Include="..\src\object_inspector.cpp">
      <Filter>Object</Filter>
    </ClCompile>
    <ClCompile Include="..\src\render_target.cpp">
      <Filter>Object</Filter>
    </ClCompile>
    <ClCompile Include="..\src\light.cpp">
      <Filter>Light</Filter>
    </ClCompile>
    <ClCompile Include="..\src\light_system.cpp">
      <Filter>Light</Filter>
    </ClCompile>
    <ClCompile Include="..\src\config.cpp">
      <Filter>Config</Filter>
    </ClCompile>
    <ClCompile Include="..\src\states.cpp">
      <Filter>Config</Filter>
    </ClCompile>
    <ClCompile Include="..\src\shader_vertex.cpp">
      <Filter>Shaders</Filter>
    </ClCompile>
    <ClCompile Include="..\src\particle_emitor.cpp">
      <Filter>Effects</Filter>
    </ClCompile>
    <ClCompile Include="..\src\video.cpp" />
  </ItemGroup>
  <ItemGroup>
    <ClInclude Include="..\src\hoe_index.h">
      <Filter>Ref</Filter>
    </ClInclude>
    <ClInclude Include="..\src\hoe_material.h">
      <Filter>Ref</Filter>
    </ClInclude>
    <ClInclude Include="..\src\hoe_stream.h">
      <Filter>Ref</Filter>
    </ClInclude>
    <ClInclude Include="..\src\ref.h">
      <Filter>Ref</Filter>
    </ClInclude>
    <ClInclude Include="..\src\ref_base.h">
      <Filter>Ref</Filter>
    </ClInclude>
    <ClInclude Include="..\src\ref_utils.h">
      <Filter>Ref</Filter>
    </ClInclude>
    <ClInclude Include="..\src\glext.h">
      <Filter>Ref\OpenGL</Filter>
    </ClInclude>
    <ClInclude Include="..\src\ref_opengl.h">
      <Filter>Ref\OpenGL</Filter>
    </ClInclude>
    <ClInclude Include="..\src\ref_opengl_ext.h">
      <Filter>Ref\OpenGL</Filter>
    </ClInclude>
    <ClInclude Include="..\src\ref_d3d9.h">
      <Filter>Ref\D3D9</Filter>
    </ClInclude>
    <ClInclude Include="..\src\ref_d3d8.h">
      <Filter>Ref\D3D8</Filter>
    </ClInclude>
    <ClInclude Include="..\src\ref_d3dmobile.h">
      <Filter>Ref\D3DMobile</Filter>
    </ClInclude>
    <ClInclude Include="..\src\hoe_texture.h">
      <Filter>Textures</Filter>
    </ClInclude>
    <ClInclude Include="..\src\texture_converter.h">
      <Filter>Textures</Filter>
    </ClInclude>
    <ClInclude Include="..\src\texture_hx.h">
      <Filter>Textures</Filter>
    </ClInclude>
    <ClInclude Include="..\src\texture_loader.h">
      <Filter>Textures</Filter>
    </ClInclude>
    <ClInclude Include="..\src\texture_system.h">
      <Filter>Textures</Filter>
    </ClInclude>
    <ClInclude Include="..\src\cmdexec.h">
      <Filter>Utils</Filter>
    </ClInclude>
    <ClInclude Include="..\src\hoe_format.h">
      <Filter>Utils</Filter>
    </ClInclude>
    <ClInclude Include="..\src\hoe_info.h">
      <Filter>Utils</Filter>
    </ClInclude>
    <ClInclude Include="..\src\hoe_time.h">
      <Filter>Utils</Filter>
    </ClInclude>
    <ClInclude Include="..\src\hoe_tokens.h">
      <Filter>Utils</Filter>
    </ClInclude>
    <ClInclude Include="..\src\shared.h">
      <Filter>Utils</Filter>
    </ClInclude>
    <ClInclude Include="..\src\unicode.h">
      <Filter>Utils</Filter>
    </ClInclude>
    <ClInclude Include="..\src\utils.h">
      <Filter>Utils</Filter>
    </ClInclude>
    <ClInclude Include="..\src\hoe_model.h">
      <Filter>Model</Filter>
    </ClInclude>
    <ClInclude Include="..\src\material_parser.h">
      <Filter>Model</Filter>
    </ClInclude>
    <ClInclude Include="..\src\material_system.h">
      <Filter>Model</Filter>
    </ClInclude>
    <ClInclude Include="..\src\model_generator.h">
      <Filter>Model</Filter>
    </ClInclude>
    <ClInclude Include="..\src\model_loader.h">
      <Filter>Model</Filter>
    </ClInclude>
    <ClInclude Include="..\src\model_shader.h">
      <Filter>Model</Filter>
    </ClInclude>
    <ClInclude Include="..\src\filesystem.h">
      <Filter>Files</Filter>
    </ClInclude>
    <ClInclude Include="..\src\hoefile.h">
      <Filter>Files</Filter>
    </ClInclude>
    <ClInclude Include="..\src\hoe.h">
      <Filter>Main</Filter>
    </ClInclude>
    <ClInclude Include="..\src\hoe3d.h">
      <Filter>Main</Filter>
    </ClInclude>
    <ClInclude Include="..\src\StdAfx.h">
      <Filter>Main</Filter>
    </ClInclude>
    <ClInclude Include="..\src\2d.h">
      <Filter>Hoe2D</Filter>
    </ClInclude>
    <ClInclude Include="..\src\cursor.h">
      <Filter>Hoe2D</Filter>
    </ClInclude>
    <ClInclude Include="..\src\freetype.h">
      <Filter>Hoe2D</Filter>
    </ClInclude>
    <ClInclude Include="..\src\hoe_font.h">
      <Filter>Hoe2D</Filter>
    </ClInclude>
    <ClInclude Include="..\src\hoe_picture.h">
      <Filter>Hoe2D</Filter>
    </ClInclude>
    <ClInclude Include="..\src\hoe_map.h">
      <Filter>Scene</Filter>
    </ClInclude>
    <ClInclude Include="..\src\hoe_map_part.h">
      <Filter>Scene</Filter>
    </ClInclude>
    <ClInclude Include="..\src\scene.h">
      <Filter>Scene</Filter>
    </ClInclude>
    <ClInclude Include="..\src\scene_base.h">
      <Filter>Scene</Filter>
    </ClInclude>
    <ClInclude Include="..\src\scene_env.h">
      <Filter>Scene</Filter>
    </ClInclude>
    <ClInclude Include="..\src\scene_graph.h">
      <Filter>Scene</Filter>
    </ClInclude>
    <ClInclude Include="..\src\scene_part.h">
      <Filter>Scene</Filter>
    </ClInclude>
    <ClInclude Include="..\src\skybox.h">
      <Filter>Scene</Filter>
    </ClInclude>
    <ClInclude Include="..\src\gridsurface.h">
      <Filter>Scene\Elements</Filter>
    </ClInclude>
    <ClInclude Include="..\src\heightmap.h">
      <Filter>Scene\Elements</Filter>
    </ClInclude>
    <ClInclude Include="..\src\hoe_input.h">
      <Filter>Input</Filter>
    </ClInclude>
    <ClInclude Include="..\src\hoe_input_di.h">
      <Filter>Input</Filter>
    </ClInclude>
    <ClInclude Include="..\src\hoe_input_keymap.h">
      <Filter>Input</Filter>
    </ClInclude>
    <ClInclude Include="..\src\hoe_input_winapi.h">
      <Filter>Input</Filter>
    </ClInclude>
    <ClInclude Include="..\src\hoe_input_xwin.h">
      <Filter>Input</Filter>
    </ClInclude>
    <ClInclude Include="..\src\map_utils.h">
      <Filter>Physics</Filter>
    </ClInclude>
    <ClInclude Include="..\src\physics.h">
      <Filter>Physics</Filter>
    </ClInclude>
    <ClInclude Include="..\src\sound.h">
      <Filter>Sound</Filter>
    </ClInclude>
    <ClInclude Include="..\src\sound_al.h">
      <Filter>Sound</Filter>
    </ClInclude>
    <ClInclude Include="..\src\sound_ds.h">
      <Filter>Sound</Filter>
    </ClInclude>
    <ClInclude Include="..\src\sound_mobile.h">
      <Filter>Sound</Filter>
    </ClInclude>
    <ClInclude Include="..\src\sound_ogg.h">
      <Filter>Sound</Filter>
    </ClInclude>
    <ClInclude Include="..\src\camera.h">
      <Filter>Object</Filter>
    </ClInclude>
    <ClInclude Include="..\src\object_controller.h">
      <Filter>Object</Filter>
    </ClInclude>
    <ClInclude Include="..\src\object_inspector.h">
      <Filter>Object</Filter>
    </ClInclude>
    <ClInclude Include="..\src\render_target.h">
      <Filter>Object</Filter>
    </ClInclude>
    <ClInclude Include="..\src\light.h">
      <Filter>Light</Filter>
    </ClInclude>
    <ClInclude Include="..\src\light_system.h">
      <Filter>Light</Filter>
    </ClInclude>
    <ClInclude Include="..\src\config.h">
      <Filter>Config</Filter>
    </ClInclude>
    <ClInclude Include="..\src\states.h">
      <Filter>Config</Filter>
    </ClInclude>
    <ClInclude Include="..\include\hoe3d.h">
      <Filter>Interface</Filter>
    </ClInclude>
    <ClInclude Include="..\include\hoeelements.h">
      <Filter>Interface</Filter>
    </ClInclude>
    <ClInclude Include="..\include\hoefs.h">
      <Filter>Interface</Filter>
    </ClInclude>
    <ClInclude Include="..\include\hoeinput.h">
      <Filter>Interface</Filter>
    </ClInclude>
    <ClInclude Include="..\include\hoeinputkeys.h">
      <Filter>Interface</Filter>
    </ClInclude>
    <ClInclude Include="..\include\hoeinterfaces.h">
      <Filter>Interface</Filter>
    </ClInclude>
    <ClInclude Include="..\include\hoeobject.h">
      <Filter>Interface</Filter>
    </ClInclude>
    <ClInclude Include="..\include\hoeresources.h">
      <Filter>Interface</Filter>
    </ClInclude>
    <ClInclude Include="..\include\hoescene.h">
      <Filter>Interface</Filter>
    </ClInclude>
    <ClInclude Include="..\include\hoesystems.h">
      <Filter>Interface</Filter>
    </ClInclude>
    <ClInclude Include="..\src\shader_vertex.h">
      <Filter>Shaders</Filter>
    </ClInclude>
    <ClInclude Include="..\src\particle_emitor.h">
      <Filter>Effects</Filter>
    </ClInclude>
    <ClInclude Include="..\src\video.h" />
  </ItemGroup>
  <ItemGroup>
    <None Include="..\src\ref_opengl.inl">
      <Filter>Ref\OpenGL</Filter>
    </None>
    <None Include="..\src\ref_d3d9.inl">
      <Filter>Ref\D3D9</Filter>
    </None>
    <None Include="..\src\ref_d3d8.inl">
      <Filter>Ref\D3D8</Filter>
    </None>
    <None Include="..\src\ref_d3dmobile.inl">
      <Filter>Ref\D3DMobile</Filter>
    </None>
    <None Include="..\src\config_asm.asm">
      <Filter>Config</Filter>
    </None>
  </ItemGroup>
  <ItemGroup>
    <CustomBuild Include="..\src\material_parser.l">
      <Filter>Model</Filter>
    </CustomBuild>
    <CustomBuild Include="..\src\icreate_parser.l">
      <Filter>Main</Filter>
    </CustomBuild>
  </ItemGroup>
</Project>