Microsoft Visual Studio Solution File, Format Version 9.00
# Visual C++ Express 2005
Project("{8BC9CEB8-8B4A-11D0-8D11-00A0C91BC942}") = "Hoe3D", "Hoe3D\Hoe3D.vcproj", "{EE836EF2-E930-44D9-97B0-71CBAF3EF521}"
EndProject
Project("{8BC9CEB8-8B4A-11D0-8D11-00A0C91BC942}") = "hmc", "hmc\hmc.vcproj", "{09081108-EFF3-421C-9029-072E568851CC}"
EndProject
Project("{8BC9CEB8-8B4A-11D0-8D11-00A0C91BC942}") = "htex", "htex\htex.vcproj", "{2DDAC4B3-015A-4A0F-87D8-4C59315703D8}"
EndProject
Project("{8BC9CEB8-8B4A-11D0-8D11-00A0C91BC942}") = "hdc", "hdc\hdc.vcproj", "{3345B970-39B6-4162-AE96-E1F58CCA9E17}"
EndProject
Global
	GlobalSection(SolutionConfigurationPlatforms) = preSolution
		Debug|Win32 = Debug|Win32
		DebugD3D8|Win32 = DebugD3D8|Win32
		DebugD3D9 (static)|Win32 = DebugD3D9 (static)|Win32
		DebugD3D9|Win32 = DebugD3D9|Win32
		DebugGL|Win32 = DebugGL|Win32
		DebugTools|Win32 = DebugTools|Win32
		Release|Win32 = Release|Win32
		ReleaseD3D8|Win32 = ReleaseD3D8|Win32
		ReleaseD3D9|Win32 = ReleaseD3D9|Win32
		ReleaseGL|Win32 = ReleaseGL|Win32
		ReleaseTools|Win32 = ReleaseTools|Win32
	EndGlobalSection
	GlobalSection(ProjectConfigurationPlatforms) = postSolution
		{EE836EF2-E930-44D9-97B0-71CBAF3EF521}.Debug|Win32.ActiveCfg = DebugD3D9|Win32
		{EE836EF2-E930-44D9-97B0-71CBAF3EF521}.Debug|Win32.Build.0 = DebugD3D9|Win32
		{EE836EF2-E930-44D9-97B0-71CBAF3EF521}.DebugD3D8|Win32.ActiveCfg = DebugD3D8|Win32
		{EE836EF2-E930-44D9-97B0-71CBAF3EF521}.DebugD3D8|Win32.Build.0 = DebugD3D8|Win32
		{EE836EF2-E930-44D9-97B0-71CBAF3EF521}.DebugD3D9 (static)|Win32.ActiveCfg = DebugD3D9 (static)|Win32
		{EE836EF2-E930-44D9-97B0-71CBAF3EF521}.DebugD3D9 (static)|Win32.Build.0 = DebugD3D9 (static)|Win32
		{EE836EF2-E930-44D9-97B0-71CBAF3EF521}.DebugD3D9|Win32.ActiveCfg = DebugD3D9|Win32
		{EE836EF2-E930-44D9-97B0-71CBAF3EF521}.DebugD3D9|Win32.Build.0 = DebugD3D9|Win32
		{EE836EF2-E930-44D9-97B0-71CBAF3EF521}.DebugGL|Win32.ActiveCfg = DebugGL|Win32
		{EE836EF2-E930-44D9-97B0-71CBAF3EF521}.DebugGL|Win32.Build.0 = DebugGL|Win32
		{EE836EF2-E930-44D9-97B0-71CBAF3EF521}.DebugTools|Win32.ActiveCfg = DebugD3D9|Win32
		{EE836EF2-E930-44D9-97B0-71CBAF3EF521}.Release|Win32.ActiveCfg = ReleaseGL|Win32
		{EE836EF2-E930-44D9-97B0-71CBAF3EF521}.Release|Win32.Build.0 = ReleaseGL|Win32
		{EE836EF2-E930-44D9-97B0-71CBAF3EF521}.ReleaseD3D8|Win32.ActiveCfg = ReleaseD3D8|Win32
		{EE836EF2-E930-44D9-97B0-71CBAF3EF521}.ReleaseD3D8|Win32.Build.0 = ReleaseD3D8|Win32
		{EE836EF2-E930-44D9-97B0-71CBAF3EF521}.ReleaseD3D9|Win32.ActiveCfg = ReleaseD3D9|Win32
		{EE836EF2-E930-44D9-97B0-71CBAF3EF521}.ReleaseD3D9|Win32.Build.0 = ReleaseD3D9|Win32
		{EE836EF2-E930-44D9-97B0-71CBAF3EF521}.ReleaseGL|Win32.ActiveCfg = ReleaseGL|Win32
		{EE836EF2-E930-44D9-97B0-71CBAF3EF521}.ReleaseGL|Win32.Build.0 = ReleaseGL|Win32
		{EE836EF2-E930-44D9-97B0-71CBAF3EF521}.ReleaseTools|Win32.ActiveCfg = ReleaseD3D9|Win32
		{09081108-EFF3-421C-9029-072E568851CC}.Debug|Win32.ActiveCfg = Debug|Win32
		{09081108-EFF3-421C-9029-072E568851CC}.Debug|Win32.Build.0 = Debug|Win32
		{09081108-EFF3-421C-9029-072E568851CC}.DebugD3D8|Win32.ActiveCfg = Debug|Win32
		{09081108-EFF3-421C-9029-072E568851CC}.DebugD3D9 (static)|Win32.ActiveCfg = Debug|Win32
		{09081108-EFF3-421C-9029-072E568851CC}.DebugD3D9|Win32.ActiveCfg = Debug|Win32
		{09081108-EFF3-421C-9029-072E568851CC}.DebugGL|Win32.ActiveCfg = Debug|Win32
		{09081108-EFF3-421C-9029-072E568851CC}.DebugTools|Win32.ActiveCfg = Debug|Win32
		{09081108-EFF3-421C-9029-072E568851CC}.DebugTools|Win32.Build.0 = Debug|Win32
		{09081108-EFF3-421C-9029-072E568851CC}.Release|Win32.ActiveCfg = Release|Win32
		{09081108-EFF3-421C-9029-072E568851CC}.Release|Win32.Build.0 = Release|Win32
		{09081108-EFF3-421C-9029-072E568851CC}.ReleaseD3D8|Win32.ActiveCfg = Release|Win32
		{09081108-EFF3-421C-9029-072E568851CC}.ReleaseD3D8|Win32.Build.0 = Release|Win32
		{09081108-EFF3-421C-9029-072E568851CC}.ReleaseD3D9|Win32.ActiveCfg = Release|Win32
		{09081108-EFF3-421C-9029-072E568851CC}.ReleaseGL|Win32.ActiveCfg = Release|Win32
		{09081108-EFF3-421C-9029-072E568851CC}.ReleaseTools|Win32.ActiveCfg = Release|Win32
		{09081108-EFF3-421C-9029-072E568851CC}.ReleaseTools|Win32.Build.0 = Release|Win32
		{2DDAC4B3-015A-4A0F-87D8-4C59315703D8}.Debug|Win32.ActiveCfg = Debug|Win32
		{2DDAC4B3-015A-4A0F-87D8-4C59315703D8}.Debug|Win32.Build.0 = Debug|Win32
		{2DDAC4B3-015A-4A0F-87D8-4C59315703D8}.DebugD3D8|Win32.ActiveCfg = Debug|Win32
		{2DDAC4B3-015A-4A0F-87D8-4C59315703D8}.DebugD3D9 (static)|Win32.ActiveCfg = Debug|Win32
		{2DDAC4B3-015A-4A0F-87D8-4C59315703D8}.DebugD3D9|Win32.ActiveCfg = Debug|Win32
		{2DDAC4B3-015A-4A0F-87D8-4C59315703D8}.DebugGL|Win32.ActiveCfg = Debug|Win32
		{2DDAC4B3-015A-4A0F-87D8-4C59315703D8}.DebugTools|Win32.ActiveCfg = Debug|Win32
		{2DDAC4B3-015A-4A0F-87D8-4C59315703D8}.DebugTools|Win32.Build.0 = Debug|Win32
		{2DDAC4B3-015A-4A0F-87D8-4C59315703D8}.Release|Win32.ActiveCfg = Release|Win32
		{2DDAC4B3-015A-4A0F-87D8-4C59315703D8}.Release|Win32.Build.0 = Release|Win32
		{2DDAC4B3-015A-4A0F-87D8-4C59315703D8}.ReleaseD3D8|Win32.ActiveCfg = Release|Win32
		{2DDAC4B3-015A-4A0F-87D8-4C59315703D8}.ReleaseD3D8|Win32.Build.0 = Release|Win32
		{2DDAC4B3-015A-4A0F-87D8-4C59315703D8}.ReleaseD3D9|Win32.ActiveCfg = Release|Win32
		{2DDAC4B3-015A-4A0F-87D8-4C59315703D8}.ReleaseGL|Win32.ActiveCfg = Release|Win32
		{2DDAC4B3-015A-4A0F-87D8-4C59315703D8}.ReleaseTools|Win32.ActiveCfg = Release|Win32
		{2DDAC4B3-015A-4A0F-87D8-4C59315703D8}.ReleaseTools|Win32.Build.0 = Release|Win32
		{3345B970-39B6-4162-AE96-E1F58CCA9E17}.Debug|Win32.ActiveCfg = Debug|Win32
		{3345B970-39B6-4162-AE96-E1F58CCA9E17}.Debug|Win32.Build.0 = Debug|Win32
		{3345B970-39B6-4162-AE96-E1F58CCA9E17}.DebugD3D8|Win32.ActiveCfg = Debug|Win32
		{3345B970-39B6-4162-AE96-E1F58CCA9E17}.DebugD3D8|Win32.Build.0 = Debug|Win32
		{3345B970-39B6-4162-AE96-E1F58CCA9E17}.DebugD3D9 (static)|Win32.ActiveCfg = Debug|Win32
		{3345B970-39B6-4162-AE96-E1F58CCA9E17}.DebugD3D9 (static)|Win32.Build.0 = Debug|Win32
		{3345B970-39B6-4162-AE96-E1F58CCA9E17}.DebugD3D9|Win32.ActiveCfg = Debug|Win32
		{3345B970-39B6-4162-AE96-E1F58CCA9E17}.DebugD3D9|Win32.Build.0 = Debug|Win32
		{3345B970-39B6-4162-AE96-E1F58CCA9E17}.DebugGL|Win32.ActiveCfg = Debug|Win32
		{3345B970-39B6-4162-AE96-E1F58CCA9E17}.DebugGL|Win32.Build.0 = Debug|Win32
		{3345B970-39B6-4162-AE96-E1F58CCA9E17}.DebugTools|Win32.ActiveCfg = Debug|Win32
		{3345B970-39B6-4162-AE96-E1F58CCA9E17}.DebugTools|Win32.Build.0 = Debug|Win32
		{3345B970-39B6-4162-AE96-E1F58CCA9E17}.Release|Win32.ActiveCfg = Release|Win32
		{3345B970-39B6-4162-AE96-E1F58CCA9E17}.Release|Win32.Build.0 = Release|Win32
		{3345B970-39B6-4162-AE96-E1F58CCA9E17}.ReleaseD3D8|Win32.ActiveCfg = Release|Win32
		{3345B970-39B6-4162-AE96-E1F58CCA9E17}.ReleaseD3D8|Win32.Build.0 = Release|Win32
		{3345B970-39B6-4162-AE96-E1F58CCA9E17}.ReleaseD3D9|Win32.ActiveCfg = Release|Win32
		{3345B970-39B6-4162-AE96-E1F58CCA9E17}.ReleaseD3D9|Win32.Build.0 = Release|Win32
		{3345B970-39B6-4162-AE96-E1F58CCA9E17}.ReleaseGL|Win32.ActiveCfg = Release|Win32
		{3345B970-39B6-4162-AE96-E1F58CCA9E17}.ReleaseGL|Win32.Build.0 = Release|Win32
		{3345B970-39B6-4162-AE96-E1F58CCA9E17}.ReleaseTools|Win32.ActiveCfg = Release|Win32
		{3345B970-39B6-4162-AE96-E1F58CCA9E17}.ReleaseTools|Win32.Build.0 = Release|Win32
	EndGlobalSection
	GlobalSection(SolutionProperties) = preSolution
		HideSolutionNode = FALSE
	EndGlobalSection
EndGlobal
