Microsoft Visual Studio Solution File, Format Version 9.00
# Visual Studio 2005
Project("{8BC9CEB8-8B4A-11D0-8D11-00A0C91BC942}") = "HoeGame", "..\HoeGame\Win32\HoeGame.vcproj", "{D6461860-CAF3-4977-B501-C2C0F56F2D9E}"
EndProject
Project("{8BC9CEB8-8B4A-11D0-8D11-00A0C91BC942}") = "FirstApp", "FirstApp\FirstApp.vcproj", "{C723CFBE-C8B1-4083-9215-38B2C500EFEF}"
	ProjectSection(ProjectDependencies) = postProject
		{D6461860-CAF3-4977-B501-C2C0F56F2D9E} = {D6461860-CAF3-4977-B501-C2C0F56F2D9E}
	EndProjectSection
EndProject
Project("{8BC9CEB8-8B4A-11D0-8D11-00A0C91BC942}") = "Models", "Models\Models.vcproj", "{D08CDAE8-6FFC-479E-B5A3-43A0C3BF37CB}"
	ProjectSection(ProjectDependencies) = postProject
		{D6461860-CAF3-4977-B501-C2C0F56F2D9E} = {D6461860-CAF3-4977-B501-C2C0F56F2D9E}
	EndProjectSection
EndProject
Project("{8BC9CEB8-8B4A-11D0-8D11-00A0C91BC942}") = "Terrain", "Terrain\Terrain.vcproj", "{FE5D3A1F-3478-473F-8528-DC29D7420350}"
	ProjectSection(ProjectDependencies) = postProject
		{D6461860-CAF3-4977-B501-C2C0F56F2D9E} = {D6461860-CAF3-4977-B501-C2C0F56F2D9E}
	EndProjectSection
EndProject
Project("{8BC9CEB8-8B4A-11D0-8D11-00A0C91BC942}") = "Hoe3D", "..\Hoe3D\Win32\Hoe3D\Hoe3D.vcproj", "{EE836EF2-E930-44D9-97B0-71CBAF3EF521}"
EndProject
Project("{8BC9CEB8-8B4A-11D0-8D11-00A0C91BC942}") = "Paint2D", "Paint2D\Paint2D.vcproj", "{2AE881DF-3BD8-47E8-B0F4-DB811F9E30DB}"
EndProject
Project("{8BC9CEB8-8B4A-11D0-8D11-00A0C91BC942}") = "Input", "Input\Input.vcproj", "{E19B30A5-8760-4496-8692-1E6A924E9E93}"
EndProject
Global
	GlobalSection(SolutionConfigurationPlatforms) = preSolution
		Debug static|Win32 = Debug static|Win32
		Debug|Win32 = Debug|Win32
		DebugD3D8|Win32 = DebugD3D8|Win32
		DebugD3D9 (static)|Win32 = DebugD3D9 (static)|Win32
		DebugD3D9|Win32 = DebugD3D9|Win32
		DebugGL|Win32 = DebugGL|Win32
		Release|Win32 = Release|Win32
		ReleaseD3D8|Win32 = ReleaseD3D8|Win32
		ReleaseD3D9|Win32 = ReleaseD3D9|Win32
		ReleaseGL|Win32 = ReleaseGL|Win32
	EndGlobalSection
	GlobalSection(ProjectConfigurationPlatforms) = postSolution
		{D6461860-CAF3-4977-B501-C2C0F56F2D9E}.Debug static|Win32.ActiveCfg = Debug static|Win32
		{D6461860-CAF3-4977-B501-C2C0F56F2D9E}.Debug static|Win32.Build.0 = Debug static|Win32
		{D6461860-CAF3-4977-B501-C2C0F56F2D9E}.Debug|Win32.ActiveCfg = Debug|Win32
		{D6461860-CAF3-4977-B501-C2C0F56F2D9E}.Debug|Win32.Build.0 = Debug|Win32
		{D6461860-CAF3-4977-B501-C2C0F56F2D9E}.DebugD3D8|Win32.ActiveCfg = Debug static|Win32
		{D6461860-CAF3-4977-B501-C2C0F56F2D9E}.DebugD3D8|Win32.Build.0 = Debug static|Win32
		{D6461860-CAF3-4977-B501-C2C0F56F2D9E}.DebugD3D9 (static)|Win32.ActiveCfg = Debug static|Win32
		{D6461860-CAF3-4977-B501-C2C0F56F2D9E}.DebugD3D9 (static)|Win32.Build.0 = Debug static|Win32
		{D6461860-CAF3-4977-B501-C2C0F56F2D9E}.DebugD3D9|Win32.ActiveCfg = Debug static|Win32
		{D6461860-CAF3-4977-B501-C2C0F56F2D9E}.DebugD3D9|Win32.Build.0 = Debug static|Win32
		{D6461860-CAF3-4977-B501-C2C0F56F2D9E}.DebugGL|Win32.ActiveCfg = Debug|Win32
		{D6461860-CAF3-4977-B501-C2C0F56F2D9E}.DebugGL|Win32.Build.0 = Debug|Win32
		{D6461860-CAF3-4977-B501-C2C0F56F2D9E}.Release|Win32.ActiveCfg = Release|Win32
		{D6461860-CAF3-4977-B501-C2C0F56F2D9E}.Release|Win32.Build.0 = Release|Win32
		{D6461860-CAF3-4977-B501-C2C0F56F2D9E}.ReleaseD3D8|Win32.ActiveCfg = Release|Win32
		{D6461860-CAF3-4977-B501-C2C0F56F2D9E}.ReleaseD3D8|Win32.Build.0 = Release|Win32
		{D6461860-CAF3-4977-B501-C2C0F56F2D9E}.ReleaseD3D9|Win32.ActiveCfg = Release|Win32
		{D6461860-CAF3-4977-B501-C2C0F56F2D9E}.ReleaseD3D9|Win32.Build.0 = Release|Win32
		{D6461860-CAF3-4977-B501-C2C0F56F2D9E}.ReleaseGL|Win32.ActiveCfg = Release|Win32
		{D6461860-CAF3-4977-B501-C2C0F56F2D9E}.ReleaseGL|Win32.Build.0 = Release|Win32
		{C723CFBE-C8B1-4083-9215-38B2C500EFEF}.Debug static|Win32.ActiveCfg = Debug|Win32
		{C723CFBE-C8B1-4083-9215-38B2C500EFEF}.Debug static|Win32.Build.0 = Debug|Win32
		{C723CFBE-C8B1-4083-9215-38B2C500EFEF}.Debug|Win32.ActiveCfg = Debug|Win32
		{C723CFBE-C8B1-4083-9215-38B2C500EFEF}.Debug|Win32.Build.0 = Debug|Win32
		{C723CFBE-C8B1-4083-9215-38B2C500EFEF}.DebugD3D8|Win32.ActiveCfg = Debug|Win32
		{C723CFBE-C8B1-4083-9215-38B2C500EFEF}.DebugD3D8|Win32.Build.0 = Debug|Win32
		{C723CFBE-C8B1-4083-9215-38B2C500EFEF}.DebugD3D9 (static)|Win32.ActiveCfg = Debug|Win32
		{C723CFBE-C8B1-4083-9215-38B2C500EFEF}.DebugD3D9 (static)|Win32.Build.0 = Debug|Win32
		{C723CFBE-C8B1-4083-9215-38B2C500EFEF}.DebugD3D9|Win32.ActiveCfg = Debug|Win32
		{C723CFBE-C8B1-4083-9215-38B2C500EFEF}.DebugD3D9|Win32.Build.0 = Debug|Win32
		{C723CFBE-C8B1-4083-9215-38B2C500EFEF}.DebugGL|Win32.ActiveCfg = Debug|Win32
		{C723CFBE-C8B1-4083-9215-38B2C500EFEF}.DebugGL|Win32.Build.0 = Debug|Win32
		{C723CFBE-C8B1-4083-9215-38B2C500EFEF}.Release|Win32.ActiveCfg = Release|Win32
		{C723CFBE-C8B1-4083-9215-38B2C500EFEF}.Release|Win32.Build.0 = Release|Win32
		{C723CFBE-C8B1-4083-9215-38B2C500EFEF}.ReleaseD3D8|Win32.ActiveCfg = Release|Win32
		{C723CFBE-C8B1-4083-9215-38B2C500EFEF}.ReleaseD3D8|Win32.Build.0 = Release|Win32
		{C723CFBE-C8B1-4083-9215-38B2C500EFEF}.ReleaseD3D9|Win32.ActiveCfg = Release|Win32
		{C723CFBE-C8B1-4083-9215-38B2C500EFEF}.ReleaseD3D9|Win32.Build.0 = Release|Win32
		{C723CFBE-C8B1-4083-9215-38B2C500EFEF}.ReleaseGL|Win32.ActiveCfg = Release|Win32
		{C723CFBE-C8B1-4083-9215-38B2C500EFEF}.ReleaseGL|Win32.Build.0 = Release|Win32
		{D08CDAE8-6FFC-479E-B5A3-43A0C3BF37CB}.Debug static|Win32.ActiveCfg = Debug|Win32
		{D08CDAE8-6FFC-479E-B5A3-43A0C3BF37CB}.Debug static|Win32.Build.0 = Debug|Win32
		{D08CDAE8-6FFC-479E-B5A3-43A0C3BF37CB}.Debug|Win32.ActiveCfg = Debug|Win32
		{D08CDAE8-6FFC-479E-B5A3-43A0C3BF37CB}.Debug|Win32.Build.0 = Debug|Win32
		{D08CDAE8-6FFC-479E-B5A3-43A0C3BF37CB}.DebugD3D8|Win32.ActiveCfg = Debug|Win32
		{D08CDAE8-6FFC-479E-B5A3-43A0C3BF37CB}.DebugD3D8|Win32.Build.0 = Debug|Win32
		{D08CDAE8-6FFC-479E-B5A3-43A0C3BF37CB}.DebugD3D9 (static)|Win32.ActiveCfg = Debug|Win32
		{D08CDAE8-6FFC-479E-B5A3-43A0C3BF37CB}.DebugD3D9 (static)|Win32.Build.0 = Debug|Win32
		{D08CDAE8-6FFC-479E-B5A3-43A0C3BF37CB}.DebugD3D9|Win32.ActiveCfg = Debug|Win32
		{D08CDAE8-6FFC-479E-B5A3-43A0C3BF37CB}.DebugD3D9|Win32.Build.0 = Debug|Win32
		{D08CDAE8-6FFC-479E-B5A3-43A0C3BF37CB}.DebugGL|Win32.ActiveCfg = Debug|Win32
		{D08CDAE8-6FFC-479E-B5A3-43A0C3BF37CB}.DebugGL|Win32.Build.0 = Debug|Win32
		{D08CDAE8-6FFC-479E-B5A3-43A0C3BF37CB}.Release|Win32.ActiveCfg = Release|Win32
		{D08CDAE8-6FFC-479E-B5A3-43A0C3BF37CB}.Release|Win32.Build.0 = Release|Win32
		{D08CDAE8-6FFC-479E-B5A3-43A0C3BF37CB}.ReleaseD3D8|Win32.ActiveCfg = Release|Win32
		{D08CDAE8-6FFC-479E-B5A3-43A0C3BF37CB}.ReleaseD3D8|Win32.Build.0 = Release|Win32
		{D08CDAE8-6FFC-479E-B5A3-43A0C3BF37CB}.ReleaseD3D9|Win32.ActiveCfg = Release|Win32
		{D08CDAE8-6FFC-479E-B5A3-43A0C3BF37CB}.ReleaseD3D9|Win32.Build.0 = Release|Win32
		{D08CDAE8-6FFC-479E-B5A3-43A0C3BF37CB}.ReleaseGL|Win32.ActiveCfg = Release|Win32
		{D08CDAE8-6FFC-479E-B5A3-43A0C3BF37CB}.ReleaseGL|Win32.Build.0 = Release|Win32
		{FE5D3A1F-3478-473F-8528-DC29D7420350}.Debug static|Win32.ActiveCfg = Debug|Win32
		{FE5D3A1F-3478-473F-8528-DC29D7420350}.Debug static|Win32.Build.0 = Debug|Win32
		{FE5D3A1F-3478-473F-8528-DC29D7420350}.Debug|Win32.ActiveCfg = Debug|Win32
		{FE5D3A1F-3478-473F-8528-DC29D7420350}.Debug|Win32.Build.0 = Debug|Win32
		{FE5D3A1F-3478-473F-8528-DC29D7420350}.DebugD3D8|Win32.ActiveCfg = Debug|Win32
		{FE5D3A1F-3478-473F-8528-DC29D7420350}.DebugD3D8|Win32.Build.0 = Debug|Win32
		{FE5D3A1F-3478-473F-8528-DC29D7420350}.DebugD3D9 (static)|Win32.ActiveCfg = Debug|Win32
		{FE5D3A1F-3478-473F-8528-DC29D7420350}.DebugD3D9 (static)|Win32.Build.0 = Debug|Win32
		{FE5D3A1F-3478-473F-8528-DC29D7420350}.DebugD3D9|Win32.ActiveCfg = Debug|Win32
		{FE5D3A1F-3478-473F-8528-DC29D7420350}.DebugD3D9|Win32.Build.0 = Debug|Win32
		{FE5D3A1F-3478-473F-8528-DC29D7420350}.DebugGL|Win32.ActiveCfg = Debug|Win32
		{FE5D3A1F-3478-473F-8528-DC29D7420350}.DebugGL|Win32.Build.0 = Debug|Win32
		{FE5D3A1F-3478-473F-8528-DC29D7420350}.Release|Win32.ActiveCfg = Release|Win32
		{FE5D3A1F-3478-473F-8528-DC29D7420350}.Release|Win32.Build.0 = Release|Win32
		{FE5D3A1F-3478-473F-8528-DC29D7420350}.ReleaseD3D8|Win32.ActiveCfg = Release|Win32
		{FE5D3A1F-3478-473F-8528-DC29D7420350}.ReleaseD3D8|Win32.Build.0 = Release|Win32
		{FE5D3A1F-3478-473F-8528-DC29D7420350}.ReleaseD3D9|Win32.ActiveCfg = Release|Win32
		{FE5D3A1F-3478-473F-8528-DC29D7420350}.ReleaseD3D9|Win32.Build.0 = Release|Win32
		{FE5D3A1F-3478-473F-8528-DC29D7420350}.ReleaseGL|Win32.ActiveCfg = Release|Win32
		{FE5D3A1F-3478-473F-8528-DC29D7420350}.ReleaseGL|Win32.Build.0 = Release|Win32
		{EE836EF2-E930-44D9-97B0-71CBAF3EF521}.Debug static|Win32.ActiveCfg = DebugD3D9 (static)|Win32
		{EE836EF2-E930-44D9-97B0-71CBAF3EF521}.Debug static|Win32.Build.0 = DebugD3D9 (static)|Win32
		{EE836EF2-E930-44D9-97B0-71CBAF3EF521}.Debug|Win32.ActiveCfg = DebugD3D9 (static)|Win32
		{EE836EF2-E930-44D9-97B0-71CBAF3EF521}.Debug|Win32.Build.0 = DebugD3D9 (static)|Win32
		{EE836EF2-E930-44D9-97B0-71CBAF3EF521}.DebugD3D8|Win32.ActiveCfg = DebugD3D8|Win32
		{EE836EF2-E930-44D9-97B0-71CBAF3EF521}.DebugD3D8|Win32.Build.0 = DebugD3D8|Win32
		{EE836EF2-E930-44D9-97B0-71CBAF3EF521}.DebugD3D9 (static)|Win32.ActiveCfg = DebugD3D9 (static)|Win32
		{EE836EF2-E930-44D9-97B0-71CBAF3EF521}.DebugD3D9 (static)|Win32.Build.0 = DebugD3D9 (static)|Win32
		{EE836EF2-E930-44D9-97B0-71CBAF3EF521}.DebugD3D9|Win32.ActiveCfg = DebugD3D9|Win32
		{EE836EF2-E930-44D9-97B0-71CBAF3EF521}.DebugD3D9|Win32.Build.0 = DebugD3D9|Win32
		{EE836EF2-E930-44D9-97B0-71CBAF3EF521}.DebugGL|Win32.ActiveCfg = DebugGL|Win32
		{EE836EF2-E930-44D9-97B0-71CBAF3EF521}.DebugGL|Win32.Build.0 = DebugGL|Win32
		{EE836EF2-E930-44D9-97B0-71CBAF3EF521}.Release|Win32.ActiveCfg = ReleaseGL|Win32
		{EE836EF2-E930-44D9-97B0-71CBAF3EF521}.Release|Win32.Build.0 = ReleaseGL|Win32
		{EE836EF2-E930-44D9-97B0-71CBAF3EF521}.ReleaseD3D8|Win32.ActiveCfg = ReleaseD3D8|Win32
		{EE836EF2-E930-44D9-97B0-71CBAF3EF521}.ReleaseD3D8|Win32.Build.0 = ReleaseD3D8|Win32
		{EE836EF2-E930-44D9-97B0-71CBAF3EF521}.ReleaseD3D9|Win32.ActiveCfg = ReleaseD3D9|Win32
		{EE836EF2-E930-44D9-97B0-71CBAF3EF521}.ReleaseD3D9|Win32.Build.0 = ReleaseD3D9|Win32
		{EE836EF2-E930-44D9-97B0-71CBAF3EF521}.ReleaseGL|Win32.ActiveCfg = ReleaseGL|Win32
		{EE836EF2-E930-44D9-97B0-71CBAF3EF521}.ReleaseGL|Win32.Build.0 = ReleaseGL|Win32
		{2AE881DF-3BD8-47E8-B0F4-DB811F9E30DB}.Debug static|Win32.ActiveCfg = Debug|Win32
		{2AE881DF-3BD8-47E8-B0F4-DB811F9E30DB}.Debug static|Win32.Build.0 = Debug|Win32
		{2AE881DF-3BD8-47E8-B0F4-DB811F9E30DB}.Debug|Win32.ActiveCfg = Debug|Win32
		{2AE881DF-3BD8-47E8-B0F4-DB811F9E30DB}.Debug|Win32.Build.0 = Debug|Win32
		{2AE881DF-3BD8-47E8-B0F4-DB811F9E30DB}.DebugD3D8|Win32.ActiveCfg = Debug|Win32
		{2AE881DF-3BD8-47E8-B0F4-DB811F9E30DB}.DebugD3D8|Win32.Build.0 = Debug|Win32
		{2AE881DF-3BD8-47E8-B0F4-DB811F9E30DB}.DebugD3D9 (static)|Win32.ActiveCfg = Debug|Win32
		{2AE881DF-3BD8-47E8-B0F4-DB811F9E30DB}.DebugD3D9 (static)|Win32.Build.0 = Debug|Win32
		{2AE881DF-3BD8-47E8-B0F4-DB811F9E30DB}.DebugD3D9|Win32.ActiveCfg = Debug|Win32
		{2AE881DF-3BD8-47E8-B0F4-DB811F9E30DB}.DebugD3D9|Win32.Build.0 = Debug|Win32
		{2AE881DF-3BD8-47E8-B0F4-DB811F9E30DB}.DebugGL|Win32.ActiveCfg = Debug|Win32
		{2AE881DF-3BD8-47E8-B0F4-DB811F9E30DB}.DebugGL|Win32.Build.0 = Debug|Win32
		{2AE881DF-3BD8-47E8-B0F4-DB811F9E30DB}.Release|Win32.ActiveCfg = Release|Win32
		{2AE881DF-3BD8-47E8-B0F4-DB811F9E30DB}.Release|Win32.Build.0 = Release|Win32
		{2AE881DF-3BD8-47E8-B0F4-DB811F9E30DB}.ReleaseD3D8|Win32.ActiveCfg = Release|Win32
		{2AE881DF-3BD8-47E8-B0F4-DB811F9E30DB}.ReleaseD3D8|Win32.Build.0 = Release|Win32
		{2AE881DF-3BD8-47E8-B0F4-DB811F9E30DB}.ReleaseD3D9|Win32.ActiveCfg = Release|Win32
		{2AE881DF-3BD8-47E8-B0F4-DB811F9E30DB}.ReleaseD3D9|Win32.Build.0 = Release|Win32
		{2AE881DF-3BD8-47E8-B0F4-DB811F9E30DB}.ReleaseGL|Win32.ActiveCfg = Release|Win32
		{2AE881DF-3BD8-47E8-B0F4-DB811F9E30DB}.ReleaseGL|Win32.Build.0 = Release|Win32
		{E19B30A5-8760-4496-8692-1E6A924E9E93}.Debug static|Win32.ActiveCfg = Debug|Win32
		{E19B30A5-8760-4496-8692-1E6A924E9E93}.Debug static|Win32.Build.0 = Debug|Win32
		{E19B30A5-8760-4496-8692-1E6A924E9E93}.Debug|Win32.ActiveCfg = Debug|Win32
		{E19B30A5-8760-4496-8692-1E6A924E9E93}.Debug|Win32.Build.0 = Debug|Win32
		{E19B30A5-8760-4496-8692-1E6A924E9E93}.DebugD3D8|Win32.ActiveCfg = Debug|Win32
		{E19B30A5-8760-4496-8692-1E6A924E9E93}.DebugD3D8|Win32.Build.0 = Debug|Win32
		{E19B30A5-8760-4496-8692-1E6A924E9E93}.DebugD3D9 (static)|Win32.ActiveCfg = Debug|Win32
		{E19B30A5-8760-4496-8692-1E6A924E9E93}.DebugD3D9 (static)|Win32.Build.0 = Debug|Win32
		{E19B30A5-8760-4496-8692-1E6A924E9E93}.DebugD3D9|Win32.ActiveCfg = Debug|Win32
		{E19B30A5-8760-4496-8692-1E6A924E9E93}.DebugD3D9|Win32.Build.0 = Debug|Win32
		{E19B30A5-8760-4496-8692-1E6A924E9E93}.DebugGL|Win32.ActiveCfg = Debug|Win32
		{E19B30A5-8760-4496-8692-1E6A924E9E93}.DebugGL|Win32.Build.0 = Debug|Win32
		{E19B30A5-8760-4496-8692-1E6A924E9E93}.Release|Win32.ActiveCfg = Release|Win32
		{E19B30A5-8760-4496-8692-1E6A924E9E93}.Release|Win32.Build.0 = Release|Win32
		{E19B30A5-8760-4496-8692-1E6A924E9E93}.ReleaseD3D8|Win32.ActiveCfg = Release|Win32
		{E19B30A5-8760-4496-8692-1E6A924E9E93}.ReleaseD3D8|Win32.Build.0 = Release|Win32
		{E19B30A5-8760-4496-8692-1E6A924E9E93}.ReleaseD3D9|Win32.ActiveCfg = Release|Win32
		{E19B30A5-8760-4496-8692-1E6A924E9E93}.ReleaseD3D9|Win32.Build.0 = Release|Win32
		{E19B30A5-8760-4496-8692-1E6A924E9E93}.ReleaseGL|Win32.ActiveCfg = Release|Win32
		{E19B30A5-8760-4496-8692-1E6A924E9E93}.ReleaseGL|Win32.Build.0 = Release|Win32
	EndGlobalSection
	GlobalSection(SolutionProperties) = preSolution
		HideSolutionNode = FALSE
	EndGlobalSection
EndGlobal
