
Microsoft Visual Studio Solution File, Format Version 9.00
# Visual Studio 2005
Project("{8BC9CEB8-8B4A-11D0-8D11-00A0C91BC942}") = "test", "test.vcproj", "{CCABCE25-A2FD-4657-AB0B-0A0B451D5394}"
EndProject
Global
	GlobalSection(SolutionConfigurationPlatforms) = preSolution
		Debug|Win32 = Debug|Win32
		Release|Win32 = Release|Win32
	EndGlobalSection
	GlobalSection(ProjectConfigurationPlatforms) = postSolution
		{CCABCE25-A2FD-4657-AB0B-0A0B451D5394}.Debug|Win32.ActiveCfg = Debug|Win32
		{CCABCE25-A2FD-4657-AB0B-0A0B451D5394}.Debug|Win32.Build.0 = Debug|Win32
		{CCABCE25-A2FD-4657-AB0B-0A0B451D5394}.Release|Win32.ActiveCfg = Release|Win32
		{CCABCE25-A2FD-4657-AB0B-0A0B451D5394}.Release|Win32.Build.0 = Release|Win32
	EndGlobalSection
	GlobalSection(SolutionProperties) = preSolution
		HideSolutionNode = FALSE
	EndGlobalSection
EndGlobal
